
Microsoft Visual Studio Solution File, Format Version 12.00
# Visual Studio 15
VisualStudioVersion = 15.0.28016.0
MinimumVisualStudioVersion = 10.0.40219.1
Project("{9A19103F-16F7-4668-BE54-9A1E7A4F7556}") = "Xamarin.Auth", "source\Xamarin.Auth\Xamarin.Auth.csproj", "{8665ED52-4B78-4CC2-9F7B-AA7804746DA8}"
EndProject
Project("{9A19103F-16F7-4668-BE54-9A1E7A4F7556}") = "Xamarin.Auth.Extensions", "source\Xamarin.Auth.Extensions\Xamarin.Auth.Extensions.csproj", "{CAA2C0A9-718A-4496-8DC1-2452529B5EAD}"
EndProject
Project("{9A19103F-16F7-4668-BE54-9A1E7A4F7556}") = "Xamarin.Auth.Forms", "source\Xamarin.Auth.Forms\Xamarin.Auth.Forms.csproj", "{3148F7F7-C37C-4448-9EF7-EE70C3D7466F}"
EndProject
Project("{2150E333-8FDC-42A3-9474-1A3956D46DE8}") = "tests", "tests", "{897D39FB-ADCC-428A-A749-9058F7F22D37}"
EndProject
Project("{FAE04EC0-301F-11D3-BF4B-00C04F79EFBC}") = "Xamarin.Auth.DeviceTests.Android", "tests\Xamarin.Auth.DeviceTests.Android\Xamarin.Auth.DeviceTests.Android.csproj", "{CB2072E0-A437-4811-AE17-16CAE0DDA1B1}"
EndProject
Project("{9A19103F-16F7-4668-BE54-9A1E7A4F7556}") = "Xamarin.Auth.DeviceTests.Shared", "tests\Xamarin.Auth.DeviceTests.Shared\Xamarin.Auth.DeviceTests.Shared.csproj", "{2B1DE545-25EB-426F-803C-6FA213D2EC3C}"
EndProject
Project("{FAE04EC0-301F-11D3-BF4B-00C04F79EFBC}") = "Xamarin.Auth.DeviceTests.iOS", "tests\Xamarin.Auth.DeviceTests.iOS\Xamarin.Auth.DeviceTests.iOS.csproj", "{EE8FC716-27FC-405B-BD27-AF17E01A6671}"
EndProject
Project("{FAE04EC0-301F-11D3-BF4B-00C04F79EFBC}") = "Xamarin.Auth.DeviceTests.UWP", "tests\Xamarin.Auth.DeviceTests.UWP\Xamarin.Auth.DeviceTests.UWP.csproj", "{4BD0D88F-7E7A-4C3B-9E34-BF3717A8FF4B}"
EndProject
Project("{9A19103F-16F7-4668-BE54-9A1E7A4F7556}") = "Xamarin.Auth.DeviceTests.Platforms", "tests\Xamarin.Auth.DeviceTests.Platforms\Xamarin.Auth.DeviceTests.Platforms.csproj", "{E22B6573-CC90-416A-BC25-F84EBEC3D88F}"
EndProject
Global
	GlobalSection(SolutionConfigurationPlatforms) = preSolution
		Debug|Any CPU = Debug|Any CPU
		Debug|ARM = Debug|ARM
		Debug|iPhone = Debug|iPhone
		Debug|iPhoneSimulator = Debug|iPhoneSimulator
		Debug|x64 = Debug|x64
		Debug|x86 = Debug|x86
		Release|Any CPU = Release|Any CPU
		Release|ARM = Release|ARM
		Release|iPhone = Release|iPhone
		Release|iPhoneSimulator = Release|iPhoneSimulator
		Release|x64 = Release|x64
		Release|x86 = Release|x86
		Samples|Any CPU = Samples|Any CPU
		Samples|ARM = Samples|ARM
		Samples|iPhone = Samples|iPhone
		Samples|iPhoneSimulator = Samples|iPhoneSimulator
		Samples|x64 = Samples|x64
		Samples|x86 = Samples|x86
	EndGlobalSection
	GlobalSection(ProjectConfigurationPlatforms) = postSolution
		{8665ED52-4B78-4CC2-9F7B-AA7804746DA8}.Debug|Any CPU.ActiveCfg = Debug|Any CPU
		{8665ED52-4B78-4CC2-9F7B-AA7804746DA8}.Debug|Any CPU.Build.0 = Debug|Any CPU
		{8665ED52-4B78-4CC2-9F7B-AA7804746DA8}.Debug|ARM.ActiveCfg = Debug|Any CPU
		{8665ED52-4B78-4CC2-9F7B-AA7804746DA8}.Debug|ARM.Build.0 = Debug|Any CPU
		{8665ED52-4B78-4CC2-9F7B-AA7804746DA8}.Debug|iPhone.ActiveCfg = Debug|Any CPU
		{8665ED52-4B78-4CC2-9F7B-AA7804746DA8}.Debug|iPhone.Build.0 = Debug|Any CPU
		{8665ED52-4B78-4CC2-9F7B-AA7804746DA8}.Debug|iPhoneSimulator.ActiveCfg = Debug|Any CPU
		{8665ED52-4B78-4CC2-9F7B-AA7804746DA8}.Debug|iPhoneSimulator.Build.0 = Debug|Any CPU
		{8665ED52-4B78-4CC2-9F7B-AA7804746DA8}.Debug|x64.ActiveCfg = Debug|Any CPU
		{8665ED52-4B78-4CC2-9F7B-AA7804746DA8}.Debug|x64.Build.0 = Debug|Any CPU
		{8665ED52-4B78-4CC2-9F7B-AA7804746DA8}.Debug|x86.ActiveCfg = Debug|Any CPU
		{8665ED52-4B78-4CC2-9F7B-AA7804746DA8}.Debug|x86.Build.0 = Debug|Any CPU
		{8665ED52-4B78-4CC2-9F7B-AA7804746DA8}.Release|Any CPU.ActiveCfg = Release|Any CPU
		{8665ED52-4B78-4CC2-9F7B-AA7804746DA8}.Release|Any CPU.Build.0 = Release|Any CPU
		{8665ED52-4B78-4CC2-9F7B-AA7804746DA8}.Release|ARM.ActiveCfg = Release|Any CPU
		{8665ED52-4B78-4CC2-9F7B-AA7804746DA8}.Release|ARM.Build.0 = Release|Any CPU
		{8665ED52-4B78-4CC2-9F7B-AA7804746DA8}.Release|iPhone.ActiveCfg = Release|Any CPU
		{8665ED52-4B78-4CC2-9F7B-AA7804746DA8}.Release|iPhone.Build.0 = Release|Any CPU
		{8665ED52-4B78-4CC2-9F7B-AA7804746DA8}.Release|iPhoneSimulator.ActiveCfg = Release|Any CPU
		{8665ED52-4B78-4CC2-9F7B-AA7804746DA8}.Release|iPhoneSimulator.Build.0 = Release|Any CPU
		{8665ED52-4B78-4CC2-9F7B-AA7804746DA8}.Release|x64.ActiveCfg = Release|Any CPU
		{8665ED52-4B78-4CC2-9F7B-AA7804746DA8}.Release|x64.Build.0 = Release|Any CPU
		{8665ED52-4B78-4CC2-9F7B-AA7804746DA8}.Release|x86.ActiveCfg = Release|Any CPU
		{8665ED52-4B78-4CC2-9F7B-AA7804746DA8}.Release|x86.Build.0 = Release|Any CPU
		{8665ED52-4B78-4CC2-9F7B-AA7804746DA8}.Samples|Any CPU.ActiveCfg = Release|Any CPU
		{8665ED52-4B78-4CC2-9F7B-AA7804746DA8}.Samples|Any CPU.Build.0 = Release|Any CPU
		{8665ED52-4B78-4CC2-9F7B-AA7804746DA8}.Samples|ARM.ActiveCfg = Release|Any CPU
		{8665ED52-4B78-4CC2-9F7B-AA7804746DA8}.Samples|ARM.Build.0 = Release|Any CPU
		{8665ED52-4B78-4CC2-9F7B-AA7804746DA8}.Samples|iPhone.ActiveCfg = Release|Any CPU
		{8665ED52-4B78-4CC2-9F7B-AA7804746DA8}.Samples|iPhone.Build.0 = Release|Any CPU
		{8665ED52-4B78-4CC2-9F7B-AA7804746DA8}.Samples|iPhoneSimulator.ActiveCfg = Release|Any CPU
		{8665ED52-4B78-4CC2-9F7B-AA7804746DA8}.Samples|iPhoneSimulator.Build.0 = Release|Any CPU
		{8665ED52-4B78-4CC2-9F7B-AA7804746DA8}.Samples|x64.ActiveCfg = Release|Any CPU
		{8665ED52-4B78-4CC2-9F7B-AA7804746DA8}.Samples|x64.Build.0 = Release|Any CPU
		{8665ED52-4B78-4CC2-9F7B-AA7804746DA8}.Samples|x86.ActiveCfg = Release|Any CPU
		{8665ED52-4B78-4CC2-9F7B-AA7804746DA8}.Samples|x86.Build.0 = Release|Any CPU
		{CAA2C0A9-718A-4496-8DC1-2452529B5EAD}.Debug|Any CPU.ActiveCfg = Debug|Any CPU
		{CAA2C0A9-718A-4496-8DC1-2452529B5EAD}.Debug|Any CPU.Build.0 = Debug|Any CPU
		{CAA2C0A9-718A-4496-8DC1-2452529B5EAD}.Debug|ARM.ActiveCfg = Debug|Any CPU
		{CAA2C0A9-718A-4496-8DC1-2452529B5EAD}.Debug|ARM.Build.0 = Debug|Any CPU
		{CAA2C0A9-718A-4496-8DC1-2452529B5EAD}.Debug|iPhone.ActiveCfg = Debug|Any CPU
		{CAA2C0A9-718A-4496-8DC1-2452529B5EAD}.Debug|iPhone.Build.0 = Debug|Any CPU
		{CAA2C0A9-718A-4496-8DC1-2452529B5EAD}.Debug|iPhoneSimulator.ActiveCfg = Debug|Any CPU
		{CAA2C0A9-718A-4496-8DC1-2452529B5EAD}.Debug|iPhoneSimulator.Build.0 = Debug|Any CPU
		{CAA2C0A9-718A-4496-8DC1-2452529B5EAD}.Debug|x64.ActiveCfg = Debug|Any CPU
		{CAA2C0A9-718A-4496-8DC1-2452529B5EAD}.Debug|x64.Build.0 = Debug|Any CPU
		{CAA2C0A9-718A-4496-8DC1-2452529B5EAD}.Debug|x86.ActiveCfg = Debug|Any CPU
		{CAA2C0A9-718A-4496-8DC1-2452529B5EAD}.Debug|x86.Build.0 = Debug|Any CPU
		{CAA2C0A9-718A-4496-8DC1-2452529B5EAD}.Release|Any CPU.ActiveCfg = Release|Any CPU
		{CAA2C0A9-718A-4496-8DC1-2452529B5EAD}.Release|Any CPU.Build.0 = Release|Any CPU
		{CAA2C0A9-718A-4496-8DC1-2452529B5EAD}.Release|ARM.ActiveCfg = Release|Any CPU
		{CAA2C0A9-718A-4496-8DC1-2452529B5EAD}.Release|ARM.Build.0 = Release|Any CPU
		{CAA2C0A9-718A-4496-8DC1-2452529B5EAD}.Release|iPhone.ActiveCfg = Release|Any CPU
		{CAA2C0A9-718A-4496-8DC1-2452529B5EAD}.Release|iPhone.Build.0 = Release|Any CPU
		{CAA2C0A9-718A-4496-8DC1-2452529B5EAD}.Release|iPhoneSimulator.ActiveCfg = Release|Any CPU
		{CAA2C0A9-718A-4496-8DC1-2452529B5EAD}.Release|iPhoneSimulator.Build.0 = Release|Any CPU
		{CAA2C0A9-718A-4496-8DC1-2452529B5EAD}.Release|x64.ActiveCfg = Release|Any CPU
		{CAA2C0A9-718A-4496-8DC1-2452529B5EAD}.Release|x64.Build.0 = Release|Any CPU
		{CAA2C0A9-718A-4496-8DC1-2452529B5EAD}.Release|x86.ActiveCfg = Release|Any CPU
		{CAA2C0A9-718A-4496-8DC1-2452529B5EAD}.Release|x86.Build.0 = Release|Any CPU
		{CAA2C0A9-718A-4496-8DC1-2452529B5EAD}.Samples|Any CPU.ActiveCfg = Release|Any CPU
		{CAA2C0A9-718A-4496-8DC1-2452529B5EAD}.Samples|Any CPU.Build.0 = Release|Any CPU
		{CAA2C0A9-718A-4496-8DC1-2452529B5EAD}.Samples|ARM.ActiveCfg = Release|Any CPU
		{CAA2C0A9-718A-4496-8DC1-2452529B5EAD}.Samples|ARM.Build.0 = Release|Any CPU
		{CAA2C0A9-718A-4496-8DC1-2452529B5EAD}.Samples|iPhone.ActiveCfg = Release|Any CPU
		{CAA2C0A9-718A-4496-8DC1-2452529B5EAD}.Samples|iPhone.Build.0 = Release|Any CPU
		{CAA2C0A9-718A-4496-8DC1-2452529B5EAD}.Samples|iPhoneSimulator.ActiveCfg = Release|Any CPU
		{CAA2C0A9-718A-4496-8DC1-2452529B5EAD}.Samples|iPhoneSimulator.Build.0 = Release|Any CPU
		{CAA2C0A9-718A-4496-8DC1-2452529B5EAD}.Samples|x64.ActiveCfg = Release|Any CPU
		{CAA2C0A9-718A-4496-8DC1-2452529B5EAD}.Samples|x64.Build.0 = Release|Any CPU
		{CAA2C0A9-718A-4496-8DC1-2452529B5EAD}.Samples|x86.ActiveCfg = Release|Any CPU
		{CAA2C0A9-718A-4496-8DC1-2452529B5EAD}.Samples|x86.Build.0 = Release|Any CPU
		{3148F7F7-C37C-4448-9EF7-EE70C3D7466F}.Debug|Any CPU.ActiveCfg = Debug|Any CPU
		{3148F7F7-C37C-4448-9EF7-EE70C3D7466F}.Debug|Any CPU.Build.0 = Debug|Any CPU
		{3148F7F7-C37C-4448-9EF7-EE70C3D7466F}.Debug|ARM.ActiveCfg = Debug|Any CPU
		{3148F7F7-C37C-4448-9EF7-EE70C3D7466F}.Debug|ARM.Build.0 = Debug|Any CPU
		{3148F7F7-C37C-4448-9EF7-EE70C3D7466F}.Debug|iPhone.ActiveCfg = Debug|Any CPU
		{3148F7F7-C37C-4448-9EF7-EE70C3D7466F}.Debug|iPhone.Build.0 = Debug|Any CPU
		{3148F7F7-C37C-4448-9EF7-EE70C3D7466F}.Debug|iPhoneSimulator.ActiveCfg = Debug|Any CPU
		{3148F7F7-C37C-4448-9EF7-EE70C3D7466F}.Debug|iPhoneSimulator.Build.0 = Debug|Any CPU
		{3148F7F7-C37C-4448-9EF7-EE70C3D7466F}.Debug|x64.ActiveCfg = Debug|Any CPU
		{3148F7F7-C37C-4448-9EF7-EE70C3D7466F}.Debug|x64.Build.0 = Debug|Any CPU
		{3148F7F7-C37C-4448-9EF7-EE70C3D7466F}.Debug|x86.ActiveCfg = Debug|Any CPU
		{3148F7F7-C37C-4448-9EF7-EE70C3D7466F}.Debug|x86.Build.0 = Debug|Any CPU
		{3148F7F7-C37C-4448-9EF7-EE70C3D7466F}.Release|Any CPU.ActiveCfg = Release|Any CPU
		{3148F7F7-C37C-4448-9EF7-EE70C3D7466F}.Release|Any CPU.Build.0 = Release|Any CPU
		{3148F7F7-C37C-4448-9EF7-EE70C3D7466F}.Release|ARM.ActiveCfg = Release|Any CPU
		{3148F7F7-C37C-4448-9EF7-EE70C3D7466F}.Release|ARM.Build.0 = Release|Any CPU
		{3148F7F7-C37C-4448-9EF7-EE70C3D7466F}.Release|iPhone.ActiveCfg = Release|Any CPU
		{3148F7F7-C37C-4448-9EF7-EE70C3D7466F}.Release|iPhone.Build.0 = Release|Any CPU
		{3148F7F7-C37C-4448-9EF7-EE70C3D7466F}.Release|iPhoneSimulator.ActiveCfg = Release|Any CPU
		{3148F7F7-C37C-4448-9EF7-EE70C3D7466F}.Release|iPhoneSimulator.Build.0 = Release|Any CPU
		{3148F7F7-C37C-4448-9EF7-EE70C3D7466F}.Release|x64.ActiveCfg = Release|Any CPU
		{3148F7F7-C37C-4448-9EF7-EE70C3D7466F}.Release|x64.Build.0 = Release|Any CPU
		{3148F7F7-C37C-4448-9EF7-EE70C3D7466F}.Release|x86.ActiveCfg = Release|Any CPU
		{3148F7F7-C37C-4448-9EF7-EE70C3D7466F}.Release|x86.Build.0 = Release|Any CPU
		{3148F7F7-C37C-4448-9EF7-EE70C3D7466F}.Samples|Any CPU.ActiveCfg = Release|Any CPU
		{3148F7F7-C37C-4448-9EF7-EE70C3D7466F}.Samples|Any CPU.Build.0 = Release|Any CPU
		{3148F7F7-C37C-4448-9EF7-EE70C3D7466F}.Samples|ARM.ActiveCfg = Release|Any CPU
		{3148F7F7-C37C-4448-9EF7-EE70C3D7466F}.Samples|ARM.Build.0 = Release|Any CPU
		{3148F7F7-C37C-4448-9EF7-EE70C3D7466F}.Samples|iPhone.ActiveCfg = Release|Any CPU
		{3148F7F7-C37C-4448-9EF7-EE70C3D7466F}.Samples|iPhone.Build.0 = Release|Any CPU
		{3148F7F7-C37C-4448-9EF7-EE70C3D7466F}.Samples|iPhoneSimulator.ActiveCfg = Release|Any CPU
		{3148F7F7-C37C-4448-9EF7-EE70C3D7466F}.Samples|iPhoneSimulator.Build.0 = Release|Any CPU
		{3148F7F7-C37C-4448-9EF7-EE70C3D7466F}.Samples|x64.ActiveCfg = Release|Any CPU
		{3148F7F7-C37C-4448-9EF7-EE70C3D7466F}.Samples|x64.Build.0 = Release|Any CPU
		{3148F7F7-C37C-4448-9EF7-EE70C3D7466F}.Samples|x86.ActiveCfg = Release|Any CPU
		{3148F7F7-C37C-4448-9EF7-EE70C3D7466F}.Samples|x86.Build.0 = Release|Any CPU
		{CB2072E0-A437-4811-AE17-16CAE0DDA1B1}.Debug|Any CPU.ActiveCfg = Debug|Any CPU
		{CB2072E0-A437-4811-AE17-16CAE0DDA1B1}.Debug|Any CPU.Build.0 = Debug|Any CPU
		{CB2072E0-A437-4811-AE17-16CAE0DDA1B1}.Debug|Any CPU.Deploy.0 = Debug|Any CPU
		{CB2072E0-A437-4811-AE17-16CAE0DDA1B1}.Debug|ARM.ActiveCfg = Debug|Any CPU
		{CB2072E0-A437-4811-AE17-16CAE0DDA1B1}.Debug|ARM.Build.0 = Debug|Any CPU
		{CB2072E0-A437-4811-AE17-16CAE0DDA1B1}.Debug|ARM.Deploy.0 = Debug|Any CPU
		{CB2072E0-A437-4811-AE17-16CAE0DDA1B1}.Debug|iPhone.ActiveCfg = Debug|Any CPU
		{CB2072E0-A437-4811-AE17-16CAE0DDA1B1}.Debug|iPhone.Build.0 = Debug|Any CPU
		{CB2072E0-A437-4811-AE17-16CAE0DDA1B1}.Debug|iPhone.Deploy.0 = Debug|Any CPU
		{CB2072E0-A437-4811-AE17-16CAE0DDA1B1}.Debug|iPhoneSimulator.ActiveCfg = Debug|Any CPU
		{CB2072E0-A437-4811-AE17-16CAE0DDA1B1}.Debug|iPhoneSimulator.Build.0 = Debug|Any CPU
		{CB2072E0-A437-4811-AE17-16CAE0DDA1B1}.Debug|iPhoneSimulator.Deploy.0 = Debug|Any CPU
		{CB2072E0-A437-4811-AE17-16CAE0DDA1B1}.Debug|x64.ActiveCfg = Debug|Any CPU
		{CB2072E0-A437-4811-AE17-16CAE0DDA1B1}.Debug|x64.Build.0 = Debug|Any CPU
		{CB2072E0-A437-4811-AE17-16CAE0DDA1B1}.Debug|x64.Deploy.0 = Debug|Any CPU
		{CB2072E0-A437-4811-AE17-16CAE0DDA1B1}.Debug|x86.ActiveCfg = Debug|Any CPU
		{CB2072E0-A437-4811-AE17-16CAE0DDA1B1}.Debug|x86.Build.0 = Debug|Any CPU
		{CB2072E0-A437-4811-AE17-16CAE0DDA1B1}.Debug|x86.Deploy.0 = Debug|Any CPU
		{CB2072E0-A437-4811-AE17-16CAE0DDA1B1}.Release|Any CPU.ActiveCfg = Release|Any CPU
		{CB2072E0-A437-4811-AE17-16CAE0DDA1B1}.Release|Any CPU.Build.0 = Release|Any CPU
		{CB2072E0-A437-4811-AE17-16CAE0DDA1B1}.Release|Any CPU.Deploy.0 = Release|Any CPU
		{CB2072E0-A437-4811-AE17-16CAE0DDA1B1}.Release|ARM.ActiveCfg = Release|Any CPU
		{CB2072E0-A437-4811-AE17-16CAE0DDA1B1}.Release|ARM.Build.0 = Release|Any CPU
		{CB2072E0-A437-4811-AE17-16CAE0DDA1B1}.Release|ARM.Deploy.0 = Release|Any CPU
		{CB2072E0-A437-4811-AE17-16CAE0DDA1B1}.Release|iPhone.ActiveCfg = Release|Any CPU
		{CB2072E0-A437-4811-AE17-16CAE0DDA1B1}.Release|iPhone.Build.0 = Release|Any CPU
		{CB2072E0-A437-4811-AE17-16CAE0DDA1B1}.Release|iPhone.Deploy.0 = Release|Any CPU
		{CB2072E0-A437-4811-AE17-16CAE0DDA1B1}.Release|iPhoneSimulator.ActiveCfg = Release|Any CPU
		{CB2072E0-A437-4811-AE17-16CAE0DDA1B1}.Release|iPhoneSimulator.Build.0 = Release|Any CPU
		{CB2072E0-A437-4811-AE17-16CAE0DDA1B1}.Release|iPhoneSimulator.Deploy.0 = Release|Any CPU
		{CB2072E0-A437-4811-AE17-16CAE0DDA1B1}.Release|x64.ActiveCfg = Release|Any CPU
		{CB2072E0-A437-4811-AE17-16CAE0DDA1B1}.Release|x64.Build.0 = Release|Any CPU
		{CB2072E0-A437-4811-AE17-16CAE0DDA1B1}.Release|x64.Deploy.0 = Release|Any CPU
		{CB2072E0-A437-4811-AE17-16CAE0DDA1B1}.Release|x86.ActiveCfg = Release|Any CPU
		{CB2072E0-A437-4811-AE17-16CAE0DDA1B1}.Release|x86.Build.0 = Release|Any CPU
		{CB2072E0-A437-4811-AE17-16CAE0DDA1B1}.Release|x86.Deploy.0 = Release|Any CPU
		{CB2072E0-A437-4811-AE17-16CAE0DDA1B1}.Samples|Any CPU.ActiveCfg = Samples|Any CPU
		{CB2072E0-A437-4811-AE17-16CAE0DDA1B1}.Samples|Any CPU.Build.0 = Samples|Any CPU
		{CB2072E0-A437-4811-AE17-16CAE0DDA1B1}.Samples|Any CPU.Deploy.0 = Samples|Any CPU
		{CB2072E0-A437-4811-AE17-16CAE0DDA1B1}.Samples|ARM.ActiveCfg = Samples|Any CPU
		{CB2072E0-A437-4811-AE17-16CAE0DDA1B1}.Samples|ARM.Build.0 = Samples|Any CPU
		{CB2072E0-A437-4811-AE17-16CAE0DDA1B1}.Samples|ARM.Deploy.0 = Samples|Any CPU
		{CB2072E0-A437-4811-AE17-16CAE0DDA1B1}.Samples|iPhone.ActiveCfg = Samples|Any CPU
		{CB2072E0-A437-4811-AE17-16CAE0DDA1B1}.Samples|iPhone.Build.0 = Samples|Any CPU
		{CB2072E0-A437-4811-AE17-16CAE0DDA1B1}.Samples|iPhone.Deploy.0 = Samples|Any CPU
		{CB2072E0-A437-4811-AE17-16CAE0DDA1B1}.Samples|iPhoneSimulator.ActiveCfg = Samples|Any CPU
		{CB2072E0-A437-4811-AE17-16CAE0DDA1B1}.Samples|iPhoneSimulator.Build.0 = Samples|Any CPU
		{CB2072E0-A437-4811-AE17-16CAE0DDA1B1}.Samples|iPhoneSimulator.Deploy.0 = Samples|Any CPU
		{CB2072E0-A437-4811-AE17-16CAE0DDA1B1}.Samples|x64.ActiveCfg = Samples|Any CPU
		{CB2072E0-A437-4811-AE17-16CAE0DDA1B1}.Samples|x64.Build.0 = Samples|Any CPU
		{CB2072E0-A437-4811-AE17-16CAE0DDA1B1}.Samples|x64.Deploy.0 = Samples|Any CPU
		{CB2072E0-A437-4811-AE17-16CAE0DDA1B1}.Samples|x86.ActiveCfg = Samples|Any CPU
		{CB2072E0-A437-4811-AE17-16CAE0DDA1B1}.Samples|x86.Build.0 = Samples|Any CPU
		{CB2072E0-A437-4811-AE17-16CAE0DDA1B1}.Samples|x86.Deploy.0 = Samples|Any CPU
		{2B1DE545-25EB-426F-803C-6FA213D2EC3C}.Debug|Any CPU.ActiveCfg = Debug|Any CPU
		{2B1DE545-25EB-426F-803C-6FA213D2EC3C}.Debug|Any CPU.Build.0 = Debug|Any CPU
		{2B1DE545-25EB-426F-803C-6FA213D2EC3C}.Debug|ARM.ActiveCfg = Debug|Any CPU
		{2B1DE545-25EB-426F-803C-6FA213D2EC3C}.Debug|ARM.Build.0 = Debug|Any CPU
		{2B1DE545-25EB-426F-803C-6FA213D2EC3C}.Debug|iPhone.ActiveCfg = Debug|Any CPU
		{2B1DE545-25EB-426F-803C-6FA213D2EC3C}.Debug|iPhone.Build.0 = Debug|Any CPU
		{2B1DE545-25EB-426F-803C-6FA213D2EC3C}.Debug|iPhoneSimulator.ActiveCfg = Debug|Any CPU
		{2B1DE545-25EB-426F-803C-6FA213D2EC3C}.Debug|iPhoneSimulator.Build.0 = Debug|Any CPU
		{2B1DE545-25EB-426F-803C-6FA213D2EC3C}.Debug|x64.ActiveCfg = Debug|Any CPU
		{2B1DE545-25EB-426F-803C-6FA213D2EC3C}.Debug|x64.Build.0 = Debug|Any CPU
		{2B1DE545-25EB-426F-803C-6FA213D2EC3C}.Debug|x86.ActiveCfg = Debug|Any CPU
		{2B1DE545-25EB-426F-803C-6FA213D2EC3C}.Debug|x86.Build.0 = Debug|Any CPU
		{2B1DE545-25EB-426F-803C-6FA213D2EC3C}.Release|Any CPU.ActiveCfg = Release|Any CPU
		{2B1DE545-25EB-426F-803C-6FA213D2EC3C}.Release|Any CPU.Build.0 = Release|Any CPU
		{2B1DE545-25EB-426F-803C-6FA213D2EC3C}.Release|ARM.ActiveCfg = Release|Any CPU
		{2B1DE545-25EB-426F-803C-6FA213D2EC3C}.Release|ARM.Build.0 = Release|Any CPU
		{2B1DE545-25EB-426F-803C-6FA213D2EC3C}.Release|iPhone.ActiveCfg = Release|Any CPU
		{2B1DE545-25EB-426F-803C-6FA213D2EC3C}.Release|iPhone.Build.0 = Release|Any CPU
		{2B1DE545-25EB-426F-803C-6FA213D2EC3C}.Release|iPhoneSimulator.ActiveCfg = Release|Any CPU
		{2B1DE545-25EB-426F-803C-6FA213D2EC3C}.Release|iPhoneSimulator.Build.0 = Release|Any CPU
		{2B1DE545-25EB-426F-803C-6FA213D2EC3C}.Release|x64.ActiveCfg = Release|Any CPU
		{2B1DE545-25EB-426F-803C-6FA213D2EC3C}.Release|x64.Build.0 = Release|Any CPU
		{2B1DE545-25EB-426F-803C-6FA213D2EC3C}.Release|x86.ActiveCfg = Release|Any CPU
		{2B1DE545-25EB-426F-803C-6FA213D2EC3C}.Release|x86.Build.0 = Release|Any CPU
		{2B1DE545-25EB-426F-803C-6FA213D2EC3C}.Samples|Any CPU.ActiveCfg = Release|Any CPU
		{2B1DE545-25EB-426F-803C-6FA213D2EC3C}.Samples|Any CPU.Build.0 = Release|Any CPU
		{2B1DE545-25EB-426F-803C-6FA213D2EC3C}.Samples|ARM.ActiveCfg = Release|Any CPU
		{2B1DE545-25EB-426F-803C-6FA213D2EC3C}.Samples|ARM.Build.0 = Release|Any CPU
		{2B1DE545-25EB-426F-803C-6FA213D2EC3C}.Samples|iPhone.ActiveCfg = Release|Any CPU
		{2B1DE545-25EB-426F-803C-6FA213D2EC3C}.Samples|iPhone.Build.0 = Release|Any CPU
		{2B1DE545-25EB-426F-803C-6FA213D2EC3C}.Samples|iPhoneSimulator.ActiveCfg = Release|Any CPU
		{2B1DE545-25EB-426F-803C-6FA213D2EC3C}.Samples|iPhoneSimulator.Build.0 = Release|Any CPU
		{2B1DE545-25EB-426F-803C-6FA213D2EC3C}.Samples|x64.ActiveCfg = Release|Any CPU
		{2B1DE545-25EB-426F-803C-6FA213D2EC3C}.Samples|x64.Build.0 = Release|Any CPU
		{2B1DE545-25EB-426F-803C-6FA213D2EC3C}.Samples|x86.ActiveCfg = Release|Any CPU
		{2B1DE545-25EB-426F-803C-6FA213D2EC3C}.Samples|x86.Build.0 = Release|Any CPU
		{EE8FC716-27FC-405B-BD27-AF17E01A6671}.Debug|Any CPU.ActiveCfg = Debug|iPhone
		{EE8FC716-27FC-405B-BD27-AF17E01A6671}.Debug|ARM.ActiveCfg = Debug|iPhone
		{EE8FC716-27FC-405B-BD27-AF17E01A6671}.Debug|iPhone.ActiveCfg = Debug|iPhone
		{EE8FC716-27FC-405B-BD27-AF17E01A6671}.Debug|iPhone.Build.0 = Debug|iPhone
		{EE8FC716-27FC-405B-BD27-AF17E01A6671}.Debug|iPhoneSimulator.ActiveCfg = Debug|iPhoneSimulator
		{EE8FC716-27FC-405B-BD27-AF17E01A6671}.Debug|iPhoneSimulator.Build.0 = Debug|iPhoneSimulator
		{EE8FC716-27FC-405B-BD27-AF17E01A6671}.Debug|x64.ActiveCfg = Debug|iPhone
		{EE8FC716-27FC-405B-BD27-AF17E01A6671}.Debug|x86.ActiveCfg = Debug|iPhone
		{EE8FC716-27FC-405B-BD27-AF17E01A6671}.Release|Any CPU.ActiveCfg = Release|iPhone
		{EE8FC716-27FC-405B-BD27-AF17E01A6671}.Release|ARM.ActiveCfg = Release|iPhone
		{EE8FC716-27FC-405B-BD27-AF17E01A6671}.Release|iPhone.ActiveCfg = Release|iPhone
		{EE8FC716-27FC-405B-BD27-AF17E01A6671}.Release|iPhone.Build.0 = Release|iPhone
		{EE8FC716-27FC-405B-BD27-AF17E01A6671}.Release|iPhoneSimulator.ActiveCfg = Release|iPhoneSimulator
		{EE8FC716-27FC-405B-BD27-AF17E01A6671}.Release|iPhoneSimulator.Build.0 = Release|iPhoneSimulator
		{EE8FC716-27FC-405B-BD27-AF17E01A6671}.Release|x64.ActiveCfg = Release|iPhone
		{EE8FC716-27FC-405B-BD27-AF17E01A6671}.Release|x86.ActiveCfg = Release|iPhone
		{EE8FC716-27FC-405B-BD27-AF17E01A6671}.Samples|Any CPU.ActiveCfg = Samples|iPhone
		{EE8FC716-27FC-405B-BD27-AF17E01A6671}.Samples|ARM.ActiveCfg = Samples|iPhone
		{EE8FC716-27FC-405B-BD27-AF17E01A6671}.Samples|iPhone.ActiveCfg = Samples|iPhone
		{EE8FC716-27FC-405B-BD27-AF17E01A6671}.Samples|iPhone.Build.0 = Samples|iPhone
		{EE8FC716-27FC-405B-BD27-AF17E01A6671}.Samples|iPhoneSimulator.ActiveCfg = Samples|iPhoneSimulator
		{EE8FC716-27FC-405B-BD27-AF17E01A6671}.Samples|iPhoneSimulator.Build.0 = Samples|iPhoneSimulator
		{EE8FC716-27FC-405B-BD27-AF17E01A6671}.Samples|x64.ActiveCfg = Samples|iPhone
		{EE8FC716-27FC-405B-BD27-AF17E01A6671}.Samples|x86.ActiveCfg = Samples|iPhone
		{4BD0D88F-7E7A-4C3B-9E34-BF3717A8FF4B}.Debug|Any CPU.ActiveCfg = Debug|x86
		{4BD0D88F-7E7A-4C3B-9E34-BF3717A8FF4B}.Debug|ARM.ActiveCfg = Debug|ARM
		{4BD0D88F-7E7A-4C3B-9E34-BF3717A8FF4B}.Debug|ARM.Build.0 = Debug|ARM
		{4BD0D88F-7E7A-4C3B-9E34-BF3717A8FF4B}.Debug|ARM.Deploy.0 = Debug|ARM
		{4BD0D88F-7E7A-4C3B-9E34-BF3717A8FF4B}.Debug|iPhone.ActiveCfg = Debug|x86
		{4BD0D88F-7E7A-4C3B-9E34-BF3717A8FF4B}.Debug|iPhoneSimulator.ActiveCfg = Debug|x86
		{4BD0D88F-7E7A-4C3B-9E34-BF3717A8FF4B}.Debug|x64.ActiveCfg = Debug|x64
		{4BD0D88F-7E7A-4C3B-9E34-BF3717A8FF4B}.Debug|x64.Build.0 = Debug|x64
		{4BD0D88F-7E7A-4C3B-9E34-BF3717A8FF4B}.Debug|x64.Deploy.0 = Debug|x64
		{4BD0D88F-7E7A-4C3B-9E34-BF3717A8FF4B}.Debug|x86.ActiveCfg = Debug|x86
		{4BD0D88F-7E7A-4C3B-9E34-BF3717A8FF4B}.Debug|x86.Build.0 = Debug|x86
		{4BD0D88F-7E7A-4C3B-9E34-BF3717A8FF4B}.Debug|x86.Deploy.0 = Debug|x86
		{4BD0D88F-7E7A-4C3B-9E34-BF3717A8FF4B}.Release|Any CPU.ActiveCfg = Release|x86
		{4BD0D88F-7E7A-4C3B-9E34-BF3717A8FF4B}.Release|ARM.ActiveCfg = Release|ARM
		{4BD0D88F-7E7A-4C3B-9E34-BF3717A8FF4B}.Release|ARM.Build.0 = Release|ARM
		{4BD0D88F-7E7A-4C3B-9E34-BF3717A8FF4B}.Release|ARM.Deploy.0 = Release|ARM
		{4BD0D88F-7E7A-4C3B-9E34-BF3717A8FF4B}.Release|iPhone.ActiveCfg = Release|x86
		{4BD0D88F-7E7A-4C3B-9E34-BF3717A8FF4B}.Release|iPhoneSimulator.ActiveCfg = Release|x86
		{4BD0D88F-7E7A-4C3B-9E34-BF3717A8FF4B}.Release|x64.ActiveCfg = Release|x64
		{4BD0D88F-7E7A-4C3B-9E34-BF3717A8FF4B}.Release|x64.Build.0 = Release|x64
		{4BD0D88F-7E7A-4C3B-9E34-BF3717A8FF4B}.Release|x64.Deploy.0 = Release|x64
		{4BD0D88F-7E7A-4C3B-9E34-BF3717A8FF4B}.Release|x86.ActiveCfg = Release|x86
		{4BD0D88F-7E7A-4C3B-9E34-BF3717A8FF4B}.Release|x86.Build.0 = Release|x86
		{4BD0D88F-7E7A-4C3B-9E34-BF3717A8FF4B}.Release|x86.Deploy.0 = Release|x86
		{4BD0D88F-7E7A-4C3B-9E34-BF3717A8FF4B}.Samples|Any CPU.ActiveCfg = Samples|x86
		{4BD0D88F-7E7A-4C3B-9E34-BF3717A8FF4B}.Samples|ARM.ActiveCfg = Samples|ARM
		{4BD0D88F-7E7A-4C3B-9E34-BF3717A8FF4B}.Samples|ARM.Build.0 = Samples|ARM
		{4BD0D88F-7E7A-4C3B-9E34-BF3717A8FF4B}.Samples|ARM.Deploy.0 = Samples|ARM
		{4BD0D88F-7E7A-4C3B-9E34-BF3717A8FF4B}.Samples|iPhone.ActiveCfg = Samples|x86
		{4BD0D88F-7E7A-4C3B-9E34-BF3717A8FF4B}.Samples|iPhoneSimulator.ActiveCfg = Samples|x86
		{4BD0D88F-7E7A-4C3B-9E34-BF3717A8FF4B}.Samples|x64.ActiveCfg = Samples|x64
		{4BD0D88F-7E7A-4C3B-9E34-BF3717A8FF4B}.Samples|x64.Build.0 = Samples|x64
		{4BD0D88F-7E7A-4C3B-9E34-BF3717A8FF4B}.Samples|x64.Deploy.0 = Samples|x64
		{4BD0D88F-7E7A-4C3B-9E34-BF3717A8FF4B}.Samples|x86.ActiveCfg = Samples|x86
		{4BD0D88F-7E7A-4C3B-9E34-BF3717A8FF4B}.Samples|x86.Build.0 = Samples|x86
		{4BD0D88F-7E7A-4C3B-9E34-BF3717A8FF4B}.Samples|x86.Deploy.0 = Samples|x86
		{E22B6573-CC90-416A-BC25-F84EBEC3D88F}.Debug|Any CPU.ActiveCfg = Debug|Any CPU
		{E22B6573-CC90-416A-BC25-F84EBEC3D88F}.Debug|Any CPU.Build.0 = Debug|Any CPU
		{E22B6573-CC90-416A-BC25-F84EBEC3D88F}.Debug|ARM.ActiveCfg = Debug|Any CPU
		{E22B6573-CC90-416A-BC25-F84EBEC3D88F}.Debug|ARM.Build.0 = Debug|Any CPU
		{E22B6573-CC90-416A-BC25-F84EBEC3D88F}.Debug|iPhone.ActiveCfg = Debug|Any CPU
		{E22B6573-CC90-416A-BC25-F84EBEC3D88F}.Debug|iPhone.Build.0 = Debug|Any CPU
		{E22B6573-CC90-416A-BC25-F84EBEC3D88F}.Debug|iPhoneSimulator.ActiveCfg = Debug|Any CPU
		{E22B6573-CC90-416A-BC25-F84EBEC3D88F}.Debug|iPhoneSimulator.Build.0 = Debug|Any CPU
		{E22B6573-CC90-416A-BC25-F84EBEC3D88F}.Debug|x64.ActiveCfg = Debug|Any CPU
		{E22B6573-CC90-416A-BC25-F84EBEC3D88F}.Debug|x64.Build.0 = Debug|Any CPU
		{E22B6573-CC90-416A-BC25-F84EBEC3D88F}.Debug|x86.ActiveCfg = Debug|Any CPU
		{E22B6573-CC90-416A-BC25-F84EBEC3D88F}.Debug|x86.Build.0 = Debug|Any CPU
		{E22B6573-CC90-416A-BC25-F84EBEC3D88F}.Release|Any CPU.ActiveCfg = Release|Any CPU
		{E22B6573-CC90-416A-BC25-F84EBEC3D88F}.Release|Any CPU.Build.0 = Release|Any CPU
		{E22B6573-CC90-416A-BC25-F84EBEC3D88F}.Release|ARM.ActiveCfg = Release|Any CPU
		{E22B6573-CC90-416A-BC25-F84EBEC3D88F}.Release|ARM.Build.0 = Release|Any CPU
		{E22B6573-CC90-416A-BC25-F84EBEC3D88F}.Release|iPhone.ActiveCfg = Release|Any CPU
		{E22B6573-CC90-416A-BC25-F84EBEC3D88F}.Release|iPhone.Build.0 = Release|Any CPU
		{E22B6573-CC90-416A-BC25-F84EBEC3D88F}.Release|iPhoneSimulator.ActiveCfg = Release|Any CPU
		{E22B6573-CC90-416A-BC25-F84EBEC3D88F}.Release|iPhoneSimulator.Build.0 = Release|Any CPU
		{E22B6573-CC90-416A-BC25-F84EBEC3D88F}.Release|x64.ActiveCfg = Release|Any CPU
		{E22B6573-CC90-416A-BC25-F84EBEC3D88F}.Release|x64.Build.0 = Release|Any CPU
		{E22B6573-CC90-416A-BC25-F84EBEC3D88F}.Release|x86.ActiveCfg = Release|Any CPU
		{E22B6573-CC90-416A-BC25-F84EBEC3D88F}.Release|x86.Build.0 = Release|Any CPU
		{E22B6573-CC90-416A-BC25-F84EBEC3D88F}.Samples|Any CPU.ActiveCfg = Debug|Any CPU
		{E22B6573-CC90-416A-BC25-F84EBEC3D88F}.Samples|Any CPU.Build.0 = Debug|Any CPU
		{E22B6573-CC90-416A-BC25-F84EBEC3D88F}.Samples|ARM.ActiveCfg = Debug|Any CPU
		{E22B6573-CC90-416A-BC25-F84EBEC3D88F}.Samples|ARM.Build.0 = Debug|Any CPU
		{E22B6573-CC90-416A-BC25-F84EBEC3D88F}.Samples|iPhone.ActiveCfg = Debug|Any CPU
		{E22B6573-CC90-416A-BC25-F84EBEC3D88F}.Samples|iPhone.Build.0 = Debug|Any CPU
		{E22B6573-CC90-416A-BC25-F84EBEC3D88F}.Samples|iPhoneSimulator.ActiveCfg = Debug|Any CPU
		{E22B6573-CC90-416A-BC25-F84EBEC3D88F}.Samples|iPhoneSimulator.Build.0 = Debug|Any CPU
		{E22B6573-CC90-416A-BC25-F84EBEC3D88F}.Samples|x64.ActiveCfg = Debug|Any CPU
		{E22B6573-CC90-416A-BC25-F84EBEC3D88F}.Samples|x64.Build.0 = Debug|Any CPU
		{E22B6573-CC90-416A-BC25-F84EBEC3D88F}.Samples|x86.ActiveCfg = Debug|Any CPU
		{E22B6573-CC90-416A-BC25-F84EBEC3D88F}.Samples|x86.Build.0 = Debug|Any CPU
	EndGlobalSection
	GlobalSection(SolutionProperties) = preSolution
		HideSolutionNode = FALSE
	EndGlobalSection
	GlobalSection(NestedProjects) = preSolution
		{CB2072E0-A437-4811-AE17-16CAE0DDA1B1} = {897D39FB-ADCC-428A-A749-9058F7F22D37}
		{2B1DE545-25EB-426F-803C-6FA213D2EC3C} = {897D39FB-ADCC-428A-A749-9058F7F22D37}
		{EE8FC716-27FC-405B-BD27-AF17E01A6671} = {897D39FB-ADCC-428A-A749-9058F7F22D37}
		{4BD0D88F-7E7A-4C3B-9E34-BF3717A8FF4B} = {897D39FB-ADCC-428A-A749-9058F7F22D37}
		{E22B6573-CC90-416A-BC25-F84EBEC3D88F} = {897D39FB-ADCC-428A-A749-9058F7F22D37}
	EndGlobalSection
	GlobalSection(ExtensibilityGlobals) = postSolution
		SolutionGuid = {8F671BC3-80C2-487F-90ED-153AFA0A04F8}
	EndGlobalSection
EndGlobal
