
Microsoft Visual Studio Solution File, Format Version 12.00
# Visual Studio 2012
Project("{FAE04EC0-301F-11D3-BF4B-00C04F79EFBC}") = "Xamarin.Auth Sample (iOS)", "Xamarin.Auth Sample (iOS).csproj", "{B02DD86B-09BC-4991-A92C-B62E8079B2DF}"
EndProject
Project("{FAE04EC0-301F-11D3-BF4B-00C04F79EFBC}") = "Xamarin.Auth.iOS", "..\..\src\Xamarin.Auth.iOS\Xamarin.Auth.iOS.csproj", "{19A091BD-B0E7-49FC-BF83-4118D91A7DC3}"
EndProject
Global
	GlobalSection(SolutionConfigurationPlatforms) = preSolution
		Debug|iPhoneSimulator = Debug|iPhoneSimulator
		Release|iPhoneSimulator = Release|iPhoneSimulator
		Debug|iPhone = Debug|iPhone
		Release|iPhone = Release|iPhone
		Ad-Hoc|iPhone = Ad-Hoc|iPhone
		AppStore|iPhone = AppStore|iPhone
	EndGlobalSection
	GlobalSection(ProjectConfigurationPlatforms) = postSolution
		{19A091BD-B0E7-49FC-BF83-4118D91A7DC3}.Ad-Hoc|iPhone.ActiveCfg = Release|Any CPU
		{19A091BD-B0E7-49FC-BF83-4118D91A7DC3}.Ad-Hoc|iPhone.Build.0 = Release|Any CPU
		{19A091BD-B0E7-49FC-BF83-4118D91A7DC3}.AppStore|iPhone.ActiveCfg = Release|Any CPU
		{19A091BD-B0E7-49FC-BF83-4118D91A7DC3}.AppStore|iPhone.Build.0 = Release|Any CPU
		{19A091BD-B0E7-49FC-BF83-4118D91A7DC3}.Debug|iPhone.ActiveCfg = Debug|Any CPU
		{19A091BD-B0E7-49FC-BF83-4118D91A7DC3}.Debug|iPhone.Build.0 = Debug|Any CPU
		{19A091BD-B0E7-49FC-BF83-4118D91A7DC3}.Debug|iPhoneSimulator.ActiveCfg = Debug|Any CPU
		{19A091BD-B0E7-49FC-BF83-4118D91A7DC3}.Debug|iPhoneSimulator.Build.0 = Debug|Any CPU
		{19A091BD-B0E7-49FC-BF83-4118D91A7DC3}.Release|iPhone.ActiveCfg = Release|Any CPU
		{19A091BD-B0E7-49FC-BF83-4118D91A7DC3}.Release|iPhone.Build.0 = Release|Any CPU
		{19A091BD-B0E7-49FC-BF83-4118D91A7DC3}.Release|iPhoneSimulator.ActiveCfg = Release|Any CPU
		{19A091BD-B0E7-49FC-BF83-4118D91A7DC3}.Release|iPhoneSimulator.Build.0 = Release|Any CPU
		{B02DD86B-09BC-4991-A92C-B62E8079B2DF}.Ad-Hoc|iPhone.ActiveCfg = Ad-Hoc|iPhone
		{B02DD86B-09BC-4991-A92C-B62E8079B2DF}.Ad-Hoc|iPhone.Build.0 = Ad-Hoc|iPhone
		{B02DD86B-09BC-4991-A92C-B62E8079B2DF}.AppStore|iPhone.ActiveCfg = AppStore|iPhone
		{B02DD86B-09BC-4991-A92C-B62E8079B2DF}.AppStore|iPhone.Build.0 = AppStore|iPhone
		{B02DD86B-09BC-4991-A92C-B62E8079B2DF}.Debug|iPhone.ActiveCfg = Debug|iPhone
		{B02DD86B-09BC-4991-A92C-B62E8079B2DF}.Debug|iPhone.Build.0 = Debug|iPhone
		{B02DD86B-09BC-4991-A92C-B62E8079B2DF}.Debug|iPhoneSimulator.ActiveCfg = Debug|iPhoneSimulator
		{B02DD86B-09BC-4991-A92C-B62E8079B2DF}.Debug|iPhoneSimulator.Build.0 = Debug|iPhoneSimulator
		{B02DD86B-09BC-4991-A92C-B62E8079B2DF}.Release|iPhone.ActiveCfg = Release|iPhone
		{B02DD86B-09BC-4991-A92C-B62E8079B2DF}.Release|iPhone.Build.0 = Release|iPhone
		{B02DD86B-09BC-4991-A92C-B62E8079B2DF}.Release|iPhoneSimulator.ActiveCfg = Release|iPhoneSimulator
		{B02DD86B-09BC-4991-A92C-B62E8079B2DF}.Release|iPhoneSimulator.Build.0 = Release|iPhoneSimulator
	EndGlobalSection
	GlobalSection(MonoDevelopProperties) = preSolution
		StartupItem = Xamarin.Auth Sample (iOS).csproj
	EndGlobalSection
EndGlobal
