
Microsoft Visual Studio Solution File, Format Version 12.00
# Visual Studio 14
VisualStudioVersion = 14.0.25420.1
MinimumVisualStudioVersion = 10.0.40219.1
Project("{FAE04EC0-301F-11D3-BF4B-00C04F79EFBC}") = "Xamarin.Auth.Android", "Xamarin.Auth.Android\Xamarin.Auth.Android.csproj", "{FCF02C8C-6DD3-4C59-A8A2-58BC01A4BB21}"
EndProject
Project("{2150E333-8FDC-42A3-9474-1A3956D46DE8}") = "Solution Items", "Solution Items", "{C8D45038-9B94-4408-B4D9-3BDF2F0C0623}"
	ProjectSection(SolutionItems) = preProject
		..\component.yaml = ..\component.yaml
		..\Details.md = ..\Details.md
		..\GettingStarted.md = ..\GettingStarted.md
		..\License.md = ..\License.md
		..\README.md = ..\README.md
	EndProjectSection
EndProject
Project("{FAE04EC0-301F-11D3-BF4B-00C04F79EFBC}") = "Xamarin.Auth.Core", "Xamarin.Auth.Core\Xamarin.Auth.Core.csproj", "{A2955BB4-7789-472E-84D8-A82FAD1FBCA5}"
EndProject
Project("{FAE04EC0-301F-11D3-BF4B-00C04F79EFBC}") = "Xamarin.Auth.iOS", "Xamarin.Auth.iOS\Xamarin.Auth.iOS.csproj", "{19A091BD-B0E7-49FC-BF83-4118D91A7DC3}"
EndProject
Global
	GlobalSection(SolutionConfigurationPlatforms) = preSolution
		Ad-Hoc|Any CPU = Ad-Hoc|Any CPU
		Ad-Hoc|iPhone = Ad-Hoc|iPhone
		Ad-Hoc|iPhoneSimulator = Ad-Hoc|iPhoneSimulator
		AppStore|Any CPU = AppStore|Any CPU
		AppStore|iPhone = AppStore|iPhone
		AppStore|iPhoneSimulator = AppStore|iPhoneSimulator
		Debug|Any CPU = Debug|Any CPU
		Debug|iPhone = Debug|iPhone
		Debug|iPhoneSimulator = Debug|iPhoneSimulator
		Release|Any CPU = Release|Any CPU
		Release|iPhone = Release|iPhone
		Release|iPhoneSimulator = Release|iPhoneSimulator
	EndGlobalSection
	GlobalSection(ProjectConfigurationPlatforms) = postSolution
		{FCF02C8C-6DD3-4C59-A8A2-58BC01A4BB21}.Ad-Hoc|Any CPU.ActiveCfg = Release|Any CPU
		{FCF02C8C-6DD3-4C59-A8A2-58BC01A4BB21}.Ad-Hoc|iPhone.ActiveCfg = Debug|Any CPU
		{FCF02C8C-6DD3-4C59-A8A2-58BC01A4BB21}.Ad-Hoc|iPhone.Build.0 = Debug|Any CPU
		{FCF02C8C-6DD3-4C59-A8A2-58BC01A4BB21}.Ad-Hoc|iPhoneSimulator.ActiveCfg = Release|Any CPU
		{FCF02C8C-6DD3-4C59-A8A2-58BC01A4BB21}.AppStore|Any CPU.ActiveCfg = Release|Any CPU
		{FCF02C8C-6DD3-4C59-A8A2-58BC01A4BB21}.AppStore|iPhone.ActiveCfg = Debug|Any CPU
		{FCF02C8C-6DD3-4C59-A8A2-58BC01A4BB21}.AppStore|iPhone.Build.0 = Debug|Any CPU
		{FCF02C8C-6DD3-4C59-A8A2-58BC01A4BB21}.AppStore|iPhoneSimulator.ActiveCfg = Release|Any CPU
		{FCF02C8C-6DD3-4C59-A8A2-58BC01A4BB21}.Debug|Any CPU.ActiveCfg = Debug|Any CPU
		{FCF02C8C-6DD3-4C59-A8A2-58BC01A4BB21}.Debug|Any CPU.Build.0 = Debug|Any CPU
		{FCF02C8C-6DD3-4C59-A8A2-58BC01A4BB21}.Debug|iPhone.ActiveCfg = Debug|Any CPU
		{FCF02C8C-6DD3-4C59-A8A2-58BC01A4BB21}.Debug|iPhoneSimulator.ActiveCfg = Debug|Any CPU
		{FCF02C8C-6DD3-4C59-A8A2-58BC01A4BB21}.Debug|iPhoneSimulator.Build.0 = Debug|Any CPU
		{FCF02C8C-6DD3-4C59-A8A2-58BC01A4BB21}.Release|Any CPU.ActiveCfg = Release|Any CPU
		{FCF02C8C-6DD3-4C59-A8A2-58BC01A4BB21}.Release|Any CPU.Build.0 = Release|Any CPU
		{FCF02C8C-6DD3-4C59-A8A2-58BC01A4BB21}.Release|iPhone.ActiveCfg = Release|Any CPU
		{FCF02C8C-6DD3-4C59-A8A2-58BC01A4BB21}.Release|iPhoneSimulator.ActiveCfg = Release|Any CPU
		{FCF02C8C-6DD3-4C59-A8A2-58BC01A4BB21}.Release|iPhoneSimulator.Build.0 = Release|Any CPU
		{A2955BB4-7789-472E-84D8-A82FAD1FBCA5}.Ad-Hoc|Any CPU.ActiveCfg = Release|Any CPU
		{A2955BB4-7789-472E-84D8-A82FAD1FBCA5}.Ad-Hoc|Any CPU.Build.0 = Release|Any CPU
		{A2955BB4-7789-472E-84D8-A82FAD1FBCA5}.Ad-Hoc|iPhone.ActiveCfg = Release|Any CPU
		{A2955BB4-7789-472E-84D8-A82FAD1FBCA5}.Ad-Hoc|iPhone.Build.0 = Release|Any CPU
		{A2955BB4-7789-472E-84D8-A82FAD1FBCA5}.Ad-Hoc|iPhoneSimulator.ActiveCfg = Release|Any CPU
		{A2955BB4-7789-472E-84D8-A82FAD1FBCA5}.Ad-Hoc|iPhoneSimulator.Build.0 = Release|Any CPU
		{A2955BB4-7789-472E-84D8-A82FAD1FBCA5}.AppStore|Any CPU.ActiveCfg = Release|Any CPU
		{A2955BB4-7789-472E-84D8-A82FAD1FBCA5}.AppStore|Any CPU.Build.0 = Release|Any CPU
		{A2955BB4-7789-472E-84D8-A82FAD1FBCA5}.AppStore|iPhone.ActiveCfg = Release|Any CPU
		{A2955BB4-7789-472E-84D8-A82FAD1FBCA5}.AppStore|iPhone.Build.0 = Release|Any CPU
		{A2955BB4-7789-472E-84D8-A82FAD1FBCA5}.AppStore|iPhoneSimulator.ActiveCfg = Release|Any CPU
		{A2955BB4-7789-472E-84D8-A82FAD1FBCA5}.AppStore|iPhoneSimulator.Build.0 = Release|Any CPU
		{A2955BB4-7789-472E-84D8-A82FAD1FBCA5}.Debug|Any CPU.ActiveCfg = Debug|Any CPU
		{A2955BB4-7789-472E-84D8-A82FAD1FBCA5}.Debug|Any CPU.Build.0 = Debug|Any CPU
		{A2955BB4-7789-472E-84D8-A82FAD1FBCA5}.Debug|iPhone.ActiveCfg = Debug|Any CPU
		{A2955BB4-7789-472E-84D8-A82FAD1FBCA5}.Debug|iPhone.Build.0 = Debug|Any CPU
		{A2955BB4-7789-472E-84D8-A82FAD1FBCA5}.Debug|iPhoneSimulator.ActiveCfg = Debug|Any CPU
		{A2955BB4-7789-472E-84D8-A82FAD1FBCA5}.Debug|iPhoneSimulator.Build.0 = Debug|Any CPU
		{A2955BB4-7789-472E-84D8-A82FAD1FBCA5}.Release|Any CPU.ActiveCfg = Release|Any CPU
		{A2955BB4-7789-472E-84D8-A82FAD1FBCA5}.Release|Any CPU.Build.0 = Release|Any CPU
		{A2955BB4-7789-472E-84D8-A82FAD1FBCA5}.Release|iPhone.ActiveCfg = Release|Any CPU
		{A2955BB4-7789-472E-84D8-A82FAD1FBCA5}.Release|iPhone.Build.0 = Release|Any CPU
		{A2955BB4-7789-472E-84D8-A82FAD1FBCA5}.Release|iPhoneSimulator.ActiveCfg = Release|Any CPU
		{A2955BB4-7789-472E-84D8-A82FAD1FBCA5}.Release|iPhoneSimulator.Build.0 = Release|Any CPU
		{19A091BD-B0E7-49FC-BF83-4118D91A7DC3}.Ad-Hoc|Any CPU.ActiveCfg = Release|Any CPU
		{19A091BD-B0E7-49FC-BF83-4118D91A7DC3}.Ad-Hoc|Any CPU.Build.0 = Release|Any CPU
		{19A091BD-B0E7-49FC-BF83-4118D91A7DC3}.Ad-Hoc|iPhone.ActiveCfg = Release|Any CPU
		{19A091BD-B0E7-49FC-BF83-4118D91A7DC3}.Ad-Hoc|iPhone.Build.0 = Release|Any CPU
		{19A091BD-B0E7-49FC-BF83-4118D91A7DC3}.Ad-Hoc|iPhoneSimulator.ActiveCfg = Release|Any CPU
		{19A091BD-B0E7-49FC-BF83-4118D91A7DC3}.Ad-Hoc|iPhoneSimulator.Build.0 = Release|Any CPU
		{19A091BD-B0E7-49FC-BF83-4118D91A7DC3}.AppStore|Any CPU.ActiveCfg = Release|Any CPU
		{19A091BD-B0E7-49FC-BF83-4118D91A7DC3}.AppStore|Any CPU.Build.0 = Release|Any CPU
		{19A091BD-B0E7-49FC-BF83-4118D91A7DC3}.AppStore|iPhone.ActiveCfg = Release|Any CPU
		{19A091BD-B0E7-49FC-BF83-4118D91A7DC3}.AppStore|iPhone.Build.0 = Release|Any CPU
		{19A091BD-B0E7-49FC-BF83-4118D91A7DC3}.AppStore|iPhoneSimulator.ActiveCfg = Release|Any CPU
		{19A091BD-B0E7-49FC-BF83-4118D91A7DC3}.AppStore|iPhoneSimulator.Build.0 = Release|Any CPU
		{19A091BD-B0E7-49FC-BF83-4118D91A7DC3}.Debug|Any CPU.ActiveCfg = Debug|Any CPU
		{19A091BD-B0E7-49FC-BF83-4118D91A7DC3}.Debug|Any CPU.Build.0 = Debug|Any CPU
		{19A091BD-B0E7-49FC-BF83-4118D91A7DC3}.Debug|iPhone.ActiveCfg = Debug|Any CPU
		{19A091BD-B0E7-49FC-BF83-4118D91A7DC3}.Debug|iPhone.Build.0 = Debug|Any CPU
		{19A091BD-B0E7-49FC-BF83-4118D91A7DC3}.Debug|iPhoneSimulator.ActiveCfg = Debug|Any CPU
		{19A091BD-B0E7-49FC-BF83-4118D91A7DC3}.Debug|iPhoneSimulator.Build.0 = Debug|Any CPU
		{19A091BD-B0E7-49FC-BF83-4118D91A7DC3}.Release|Any CPU.ActiveCfg = Release|Any CPU
		{19A091BD-B0E7-49FC-BF83-4118D91A7DC3}.Release|Any CPU.Build.0 = Release|Any CPU
		{19A091BD-B0E7-49FC-BF83-4118D91A7DC3}.Release|iPhone.ActiveCfg = Release|Any CPU
		{19A091BD-B0E7-49FC-BF83-4118D91A7DC3}.Release|iPhone.Build.0 = Release|Any CPU
		{19A091BD-B0E7-49FC-BF83-4118D91A7DC3}.Release|iPhoneSimulator.ActiveCfg = Release|Any CPU
		{19A091BD-B0E7-49FC-BF83-4118D91A7DC3}.Release|iPhoneSimulator.Build.0 = Release|Any CPU
	EndGlobalSection
	GlobalSection(SolutionProperties) = preSolution
		HideSolutionNode = FALSE
	EndGlobalSection
	GlobalSection(MonoDevelopProperties) = preSolution
		StartupItem = Xamarin.Auth\Xamarin.Auth.csproj
	EndGlobalSection
EndGlobal
