
Microsoft Visual Studio Solution File, Format Version 12.00
# Visual Studio 14
VisualStudioVersion = 14.0.25420.1
MinimumVisualStudioVersion = 10.0.40219.1
Project("{FAE04EC0-301F-11D3-BF4B-00C04F79EFBC}") = "Xamarin.Auth.Android", "Xamarin.Auth.Android\Xamarin.Auth.Android.csproj", "{FCF02C8C-6DD3-4C59-A8A2-58BC01A4BB21}"
EndProject
Project("{2150E333-8FDC-42A3-9474-1A3956D46DE8}") = "Solution Items", "Solution Items", "{C8D45038-9B94-4408-B4D9-3BDF2F0C0623}"
	ProjectSection(SolutionItems) = preProject
		..\component.yaml = ..\component.yaml
		..\Details.md = ..\Details.md
		..\GettingStarted.md = ..\GettingStarted.md
		..\License.md = ..\License.md
		..\README.md = ..\README.md
	EndProjectSection
EndProject
Project("{FAE04EC0-301F-11D3-BF4B-00C04F79EFBC}") = "Xamarin.Auth.Core", "Xamarin.Auth.Core\Xamarin.Auth.Core.csproj", "{A2955BB4-7789-472E-84D8-A82FAD1FBCA5}"
EndProject
Project("{FAE04EC0-301F-11D3-BF4B-00C04F79EFBC}") = "Xamarin.Auth.iOS", "Xamarin.Auth.iOS\Xamarin.Auth.iOS.csproj", "{19A091BD-B0E7-49FC-BF83-4118D91A7DC3}"
EndProject
Project("{D954291E-2A0B-460D-934E-DC6B0785DB48}") = "Xamarin.Auth.Shared", "Xamarin.Auth.Shared\Xamarin.Auth.Shared.shproj", "{84282A57-AD4B-40C2-8DE2-624E126874E1}"
EndProject
Project("{FAE04EC0-301F-11D3-BF4B-00C04F79EFBC}") = "Xamarin.Auth.UWP", "Xamarin.Auth.UWP\Xamarin.Auth.UWP.csproj", "{BF64CD62-A381-48BF-9AA8-804CEECF0FFB}"
EndProject
Global
	GlobalSection(SharedMSBuildProjectFiles) = preSolution
		Xamarin.Auth.Shared\Xamarin.Auth.Shared.projitems*{19a091bd-b0e7-49fc-bf83-4118d91a7dc3}*SharedItemsImports = 4
		Xamarin.Auth.Shared\Xamarin.Auth.Shared.projitems*{84282a57-ad4b-40c2-8de2-624e126874e1}*SharedItemsImports = 13
		Xamarin.Auth.Shared\Xamarin.Auth.Shared.projitems*{bf64cd62-a381-48bf-9aa8-804ceecf0ffb}*SharedItemsImports = 4
		Xamarin.Auth.Shared\Xamarin.Auth.Shared.projitems*{fcf02c8c-6dd3-4c59-a8a2-58bc01a4bb21}*SharedItemsImports = 4
	EndGlobalSection
	GlobalSection(SolutionConfigurationPlatforms) = preSolution
		Ad-Hoc|Any CPU = Ad-Hoc|Any CPU
		Ad-Hoc|ARM = Ad-Hoc|ARM
		Ad-Hoc|iPhone = Ad-Hoc|iPhone
		Ad-Hoc|iPhoneSimulator = Ad-Hoc|iPhoneSimulator
		Ad-Hoc|x64 = Ad-Hoc|x64
		Ad-Hoc|x86 = Ad-Hoc|x86
		AppStore|Any CPU = AppStore|Any CPU
		AppStore|ARM = AppStore|ARM
		AppStore|iPhone = AppStore|iPhone
		AppStore|iPhoneSimulator = AppStore|iPhoneSimulator
		AppStore|x64 = AppStore|x64
		AppStore|x86 = AppStore|x86
		Debug|Any CPU = Debug|Any CPU
		Debug|ARM = Debug|ARM
		Debug|iPhone = Debug|iPhone
		Debug|iPhoneSimulator = Debug|iPhoneSimulator
		Debug|x64 = Debug|x64
		Debug|x86 = Debug|x86
		Release|Any CPU = Release|Any CPU
		Release|ARM = Release|ARM
		Release|iPhone = Release|iPhone
		Release|iPhoneSimulator = Release|iPhoneSimulator
		Release|x64 = Release|x64
		Release|x86 = Release|x86
	EndGlobalSection
	GlobalSection(ProjectConfigurationPlatforms) = postSolution
		{FCF02C8C-6DD3-4C59-A8A2-58BC01A4BB21}.Ad-Hoc|Any CPU.ActiveCfg = Release|Any CPU
		{FCF02C8C-6DD3-4C59-A8A2-58BC01A4BB21}.Ad-Hoc|ARM.ActiveCfg = Debug|Any CPU
		{FCF02C8C-6DD3-4C59-A8A2-58BC01A4BB21}.Ad-Hoc|ARM.Build.0 = Debug|Any CPU
		{FCF02C8C-6DD3-4C59-A8A2-58BC01A4BB21}.Ad-Hoc|iPhone.ActiveCfg = Debug|Any CPU
		{FCF02C8C-6DD3-4C59-A8A2-58BC01A4BB21}.Ad-Hoc|iPhone.Build.0 = Debug|Any CPU
		{FCF02C8C-6DD3-4C59-A8A2-58BC01A4BB21}.Ad-Hoc|iPhoneSimulator.ActiveCfg = Release|Any CPU
		{FCF02C8C-6DD3-4C59-A8A2-58BC01A4BB21}.Ad-Hoc|x64.ActiveCfg = Debug|Any CPU
		{FCF02C8C-6DD3-4C59-A8A2-58BC01A4BB21}.Ad-Hoc|x64.Build.0 = Debug|Any CPU
		{FCF02C8C-6DD3-4C59-A8A2-58BC01A4BB21}.Ad-Hoc|x86.ActiveCfg = Debug|Any CPU
		{FCF02C8C-6DD3-4C59-A8A2-58BC01A4BB21}.Ad-Hoc|x86.Build.0 = Debug|Any CPU
		{FCF02C8C-6DD3-4C59-A8A2-58BC01A4BB21}.AppStore|Any CPU.ActiveCfg = Release|Any CPU
		{FCF02C8C-6DD3-4C59-A8A2-58BC01A4BB21}.AppStore|ARM.ActiveCfg = Debug|Any CPU
		{FCF02C8C-6DD3-4C59-A8A2-58BC01A4BB21}.AppStore|ARM.Build.0 = Debug|Any CPU
		{FCF02C8C-6DD3-4C59-A8A2-58BC01A4BB21}.AppStore|iPhone.ActiveCfg = Debug|Any CPU
		{FCF02C8C-6DD3-4C59-A8A2-58BC01A4BB21}.AppStore|iPhone.Build.0 = Debug|Any CPU
		{FCF02C8C-6DD3-4C59-A8A2-58BC01A4BB21}.AppStore|iPhoneSimulator.ActiveCfg = Release|Any CPU
		{FCF02C8C-6DD3-4C59-A8A2-58BC01A4BB21}.AppStore|x64.ActiveCfg = Debug|Any CPU
		{FCF02C8C-6DD3-4C59-A8A2-58BC01A4BB21}.AppStore|x64.Build.0 = Debug|Any CPU
		{FCF02C8C-6DD3-4C59-A8A2-58BC01A4BB21}.AppStore|x86.ActiveCfg = Debug|Any CPU
		{FCF02C8C-6DD3-4C59-A8A2-58BC01A4BB21}.AppStore|x86.Build.0 = Debug|Any CPU
		{FCF02C8C-6DD3-4C59-A8A2-58BC01A4BB21}.Debug|Any CPU.ActiveCfg = Debug|Any CPU
		{FCF02C8C-6DD3-4C59-A8A2-58BC01A4BB21}.Debug|Any CPU.Build.0 = Debug|Any CPU
		{FCF02C8C-6DD3-4C59-A8A2-58BC01A4BB21}.Debug|ARM.ActiveCfg = Debug|Any CPU
		{FCF02C8C-6DD3-4C59-A8A2-58BC01A4BB21}.Debug|ARM.Build.0 = Debug|Any CPU
		{FCF02C8C-6DD3-4C59-A8A2-58BC01A4BB21}.Debug|iPhone.ActiveCfg = Debug|Any CPU
		{FCF02C8C-6DD3-4C59-A8A2-58BC01A4BB21}.Debug|iPhoneSimulator.ActiveCfg = Debug|Any CPU
		{FCF02C8C-6DD3-4C59-A8A2-58BC01A4BB21}.Debug|iPhoneSimulator.Build.0 = Debug|Any CPU
		{FCF02C8C-6DD3-4C59-A8A2-58BC01A4BB21}.Debug|x64.ActiveCfg = Debug|Any CPU
		{FCF02C8C-6DD3-4C59-A8A2-58BC01A4BB21}.Debug|x64.Build.0 = Debug|Any CPU
		{FCF02C8C-6DD3-4C59-A8A2-58BC01A4BB21}.Debug|x86.ActiveCfg = Debug|Any CPU
		{FCF02C8C-6DD3-4C59-A8A2-58BC01A4BB21}.Debug|x86.Build.0 = Debug|Any CPU
		{FCF02C8C-6DD3-4C59-A8A2-58BC01A4BB21}.Release|Any CPU.ActiveCfg = Release|Any CPU
		{FCF02C8C-6DD3-4C59-A8A2-58BC01A4BB21}.Release|Any CPU.Build.0 = Release|Any CPU
		{FCF02C8C-6DD3-4C59-A8A2-58BC01A4BB21}.Release|ARM.ActiveCfg = Release|Any CPU
		{FCF02C8C-6DD3-4C59-A8A2-58BC01A4BB21}.Release|ARM.Build.0 = Release|Any CPU
		{FCF02C8C-6DD3-4C59-A8A2-58BC01A4BB21}.Release|iPhone.ActiveCfg = Release|Any CPU
		{FCF02C8C-6DD3-4C59-A8A2-58BC01A4BB21}.Release|iPhoneSimulator.ActiveCfg = Release|Any CPU
		{FCF02C8C-6DD3-4C59-A8A2-58BC01A4BB21}.Release|iPhoneSimulator.Build.0 = Release|Any CPU
		{FCF02C8C-6DD3-4C59-A8A2-58BC01A4BB21}.Release|x64.ActiveCfg = Release|Any CPU
		{FCF02C8C-6DD3-4C59-A8A2-58BC01A4BB21}.Release|x64.Build.0 = Release|Any CPU
		{FCF02C8C-6DD3-4C59-A8A2-58BC01A4BB21}.Release|x86.ActiveCfg = Release|Any CPU
		{FCF02C8C-6DD3-4C59-A8A2-58BC01A4BB21}.Release|x86.Build.0 = Release|Any CPU
		{A2955BB4-7789-472E-84D8-A82FAD1FBCA5}.Ad-Hoc|Any CPU.ActiveCfg = Release|Any CPU
		{A2955BB4-7789-472E-84D8-A82FAD1FBCA5}.Ad-Hoc|Any CPU.Build.0 = Release|Any CPU
		{A2955BB4-7789-472E-84D8-A82FAD1FBCA5}.Ad-Hoc|ARM.ActiveCfg = Debug|Any CPU
		{A2955BB4-7789-472E-84D8-A82FAD1FBCA5}.Ad-Hoc|ARM.Build.0 = Debug|Any CPU
		{A2955BB4-7789-472E-84D8-A82FAD1FBCA5}.Ad-Hoc|iPhone.ActiveCfg = Release|Any CPU
		{A2955BB4-7789-472E-84D8-A82FAD1FBCA5}.Ad-Hoc|iPhone.Build.0 = Release|Any CPU
		{A2955BB4-7789-472E-84D8-A82FAD1FBCA5}.Ad-Hoc|iPhoneSimulator.ActiveCfg = Release|Any CPU
		{A2955BB4-7789-472E-84D8-A82FAD1FBCA5}.Ad-Hoc|iPhoneSimulator.Build.0 = Release|Any CPU
		{A2955BB4-7789-472E-84D8-A82FAD1FBCA5}.Ad-Hoc|x64.ActiveCfg = Debug|Any CPU
		{A2955BB4-7789-472E-84D8-A82FAD1FBCA5}.Ad-Hoc|x64.Build.0 = Debug|Any CPU
		{A2955BB4-7789-472E-84D8-A82FAD1FBCA5}.Ad-Hoc|x86.ActiveCfg = Debug|Any CPU
		{A2955BB4-7789-472E-84D8-A82FAD1FBCA5}.Ad-Hoc|x86.Build.0 = Debug|Any CPU
		{A2955BB4-7789-472E-84D8-A82FAD1FBCA5}.AppStore|Any CPU.ActiveCfg = Release|Any CPU
		{A2955BB4-7789-472E-84D8-A82FAD1FBCA5}.AppStore|Any CPU.Build.0 = Release|Any CPU
		{A2955BB4-7789-472E-84D8-A82FAD1FBCA5}.AppStore|ARM.ActiveCfg = Debug|Any CPU
		{A2955BB4-7789-472E-84D8-A82FAD1FBCA5}.AppStore|ARM.Build.0 = Debug|Any CPU
		{A2955BB4-7789-472E-84D8-A82FAD1FBCA5}.AppStore|iPhone.ActiveCfg = Release|Any CPU
		{A2955BB4-7789-472E-84D8-A82FAD1FBCA5}.AppStore|iPhone.Build.0 = Release|Any CPU
		{A2955BB4-7789-472E-84D8-A82FAD1FBCA5}.AppStore|iPhoneSimulator.ActiveCfg = Release|Any CPU
		{A2955BB4-7789-472E-84D8-A82FAD1FBCA5}.AppStore|iPhoneSimulator.Build.0 = Release|Any CPU
		{A2955BB4-7789-472E-84D8-A82FAD1FBCA5}.AppStore|x64.ActiveCfg = Debug|Any CPU
		{A2955BB4-7789-472E-84D8-A82FAD1FBCA5}.AppStore|x64.Build.0 = Debug|Any CPU
		{A2955BB4-7789-472E-84D8-A82FAD1FBCA5}.AppStore|x86.ActiveCfg = Debug|Any CPU
		{A2955BB4-7789-472E-84D8-A82FAD1FBCA5}.AppStore|x86.Build.0 = Debug|Any CPU
		{A2955BB4-7789-472E-84D8-A82FAD1FBCA5}.Debug|Any CPU.ActiveCfg = Debug|Any CPU
		{A2955BB4-7789-472E-84D8-A82FAD1FBCA5}.Debug|Any CPU.Build.0 = Debug|Any CPU
		{A2955BB4-7789-472E-84D8-A82FAD1FBCA5}.Debug|ARM.ActiveCfg = Debug|Any CPU
		{A2955BB4-7789-472E-84D8-A82FAD1FBCA5}.Debug|ARM.Build.0 = Debug|Any CPU
		{A2955BB4-7789-472E-84D8-A82FAD1FBCA5}.Debug|iPhone.ActiveCfg = Debug|Any CPU
		{A2955BB4-7789-472E-84D8-A82FAD1FBCA5}.Debug|iPhone.Build.0 = Debug|Any CPU
		{A2955BB4-7789-472E-84D8-A82FAD1FBCA5}.Debug|iPhoneSimulator.ActiveCfg = Debug|Any CPU
		{A2955BB4-7789-472E-84D8-A82FAD1FBCA5}.Debug|iPhoneSimulator.Build.0 = Debug|Any CPU
		{A2955BB4-7789-472E-84D8-A82FAD1FBCA5}.Debug|x64.ActiveCfg = Debug|Any CPU
		{A2955BB4-7789-472E-84D8-A82FAD1FBCA5}.Debug|x64.Build.0 = Debug|Any CPU
		{A2955BB4-7789-472E-84D8-A82FAD1FBCA5}.Debug|x86.ActiveCfg = Debug|Any CPU
		{A2955BB4-7789-472E-84D8-A82FAD1FBCA5}.Debug|x86.Build.0 = Debug|Any CPU
		{A2955BB4-7789-472E-84D8-A82FAD1FBCA5}.Release|Any CPU.ActiveCfg = Release|Any CPU
		{A2955BB4-7789-472E-84D8-A82FAD1FBCA5}.Release|Any CPU.Build.0 = Release|Any CPU
		{A2955BB4-7789-472E-84D8-A82FAD1FBCA5}.Release|ARM.ActiveCfg = Release|Any CPU
		{A2955BB4-7789-472E-84D8-A82FAD1FBCA5}.Release|ARM.Build.0 = Release|Any CPU
		{A2955BB4-7789-472E-84D8-A82FAD1FBCA5}.Release|iPhone.ActiveCfg = Release|Any CPU
		{A2955BB4-7789-472E-84D8-A82FAD1FBCA5}.Release|iPhone.Build.0 = Release|Any CPU
		{A2955BB4-7789-472E-84D8-A82FAD1FBCA5}.Release|iPhoneSimulator.ActiveCfg = Release|Any CPU
		{A2955BB4-7789-472E-84D8-A82FAD1FBCA5}.Release|iPhoneSimulator.Build.0 = Release|Any CPU
		{A2955BB4-7789-472E-84D8-A82FAD1FBCA5}.Release|x64.ActiveCfg = Release|Any CPU
		{A2955BB4-7789-472E-84D8-A82FAD1FBCA5}.Release|x64.Build.0 = Release|Any CPU
		{A2955BB4-7789-472E-84D8-A82FAD1FBCA5}.Release|x86.ActiveCfg = Release|Any CPU
		{A2955BB4-7789-472E-84D8-A82FAD1FBCA5}.Release|x86.Build.0 = Release|Any CPU
		{19A091BD-B0E7-49FC-BF83-4118D91A7DC3}.Ad-Hoc|Any CPU.ActiveCfg = Release|Any CPU
		{19A091BD-B0E7-49FC-BF83-4118D91A7DC3}.Ad-Hoc|Any CPU.Build.0 = Release|Any CPU
		{19A091BD-B0E7-49FC-BF83-4118D91A7DC3}.Ad-Hoc|ARM.ActiveCfg = Debug|Any CPU
		{19A091BD-B0E7-49FC-BF83-4118D91A7DC3}.Ad-Hoc|ARM.Build.0 = Debug|Any CPU
		{19A091BD-B0E7-49FC-BF83-4118D91A7DC3}.Ad-Hoc|iPhone.ActiveCfg = Release|Any CPU
		{19A091BD-B0E7-49FC-BF83-4118D91A7DC3}.Ad-Hoc|iPhone.Build.0 = Release|Any CPU
		{19A091BD-B0E7-49FC-BF83-4118D91A7DC3}.Ad-Hoc|iPhoneSimulator.ActiveCfg = Release|Any CPU
		{19A091BD-B0E7-49FC-BF83-4118D91A7DC3}.Ad-Hoc|iPhoneSimulator.Build.0 = Release|Any CPU
		{19A091BD-B0E7-49FC-BF83-4118D91A7DC3}.Ad-Hoc|x64.ActiveCfg = Debug|Any CPU
		{19A091BD-B0E7-49FC-BF83-4118D91A7DC3}.Ad-Hoc|x64.Build.0 = Debug|Any CPU
		{19A091BD-B0E7-49FC-BF83-4118D91A7DC3}.Ad-Hoc|x86.ActiveCfg = Debug|Any CPU
		{19A091BD-B0E7-49FC-BF83-4118D91A7DC3}.Ad-Hoc|x86.Build.0 = Debug|Any CPU
		{19A091BD-B0E7-49FC-BF83-4118D91A7DC3}.AppStore|Any CPU.ActiveCfg = Release|Any CPU
		{19A091BD-B0E7-49FC-BF83-4118D91A7DC3}.AppStore|Any CPU.Build.0 = Release|Any CPU
		{19A091BD-B0E7-49FC-BF83-4118D91A7DC3}.AppStore|ARM.ActiveCfg = Debug|Any CPU
		{19A091BD-B0E7-49FC-BF83-4118D91A7DC3}.AppStore|ARM.Build.0 = Debug|Any CPU
		{19A091BD-B0E7-49FC-BF83-4118D91A7DC3}.AppStore|iPhone.ActiveCfg = Release|Any CPU
		{19A091BD-B0E7-49FC-BF83-4118D91A7DC3}.AppStore|iPhone.Build.0 = Release|Any CPU
		{19A091BD-B0E7-49FC-BF83-4118D91A7DC3}.AppStore|iPhoneSimulator.ActiveCfg = Release|Any CPU
		{19A091BD-B0E7-49FC-BF83-4118D91A7DC3}.AppStore|iPhoneSimulator.Build.0 = Release|Any CPU
		{19A091BD-B0E7-49FC-BF83-4118D91A7DC3}.AppStore|x64.ActiveCfg = Debug|Any CPU
		{19A091BD-B0E7-49FC-BF83-4118D91A7DC3}.AppStore|x64.Build.0 = Debug|Any CPU
		{19A091BD-B0E7-49FC-BF83-4118D91A7DC3}.AppStore|x86.ActiveCfg = Debug|Any CPU
		{19A091BD-B0E7-49FC-BF83-4118D91A7DC3}.AppStore|x86.Build.0 = Debug|Any CPU
		{19A091BD-B0E7-49FC-BF83-4118D91A7DC3}.Debug|Any CPU.ActiveCfg = Debug|Any CPU
		{19A091BD-B0E7-49FC-BF83-4118D91A7DC3}.Debug|Any CPU.Build.0 = Debug|Any CPU
		{19A091BD-B0E7-49FC-BF83-4118D91A7DC3}.Debug|ARM.ActiveCfg = Debug|Any CPU
		{19A091BD-B0E7-49FC-BF83-4118D91A7DC3}.Debug|ARM.Build.0 = Debug|Any CPU
		{19A091BD-B0E7-49FC-BF83-4118D91A7DC3}.Debug|iPhone.ActiveCfg = Debug|Any CPU
		{19A091BD-B0E7-49FC-BF83-4118D91A7DC3}.Debug|iPhone.Build.0 = Debug|Any CPU
		{19A091BD-B0E7-49FC-BF83-4118D91A7DC3}.Debug|iPhoneSimulator.ActiveCfg = Debug|Any CPU
		{19A091BD-B0E7-49FC-BF83-4118D91A7DC3}.Debug|iPhoneSimulator.Build.0 = Debug|Any CPU
		{19A091BD-B0E7-49FC-BF83-4118D91A7DC3}.Debug|x64.ActiveCfg = Debug|Any CPU
		{19A091BD-B0E7-49FC-BF83-4118D91A7DC3}.Debug|x64.Build.0 = Debug|Any CPU
		{19A091BD-B0E7-49FC-BF83-4118D91A7DC3}.Debug|x86.ActiveCfg = Debug|Any CPU
		{19A091BD-B0E7-49FC-BF83-4118D91A7DC3}.Debug|x86.Build.0 = Debug|Any CPU
		{19A091BD-B0E7-49FC-BF83-4118D91A7DC3}.Release|Any CPU.ActiveCfg = Release|Any CPU
		{19A091BD-B0E7-49FC-BF83-4118D91A7DC3}.Release|Any CPU.Build.0 = Release|Any CPU
		{19A091BD-B0E7-49FC-BF83-4118D91A7DC3}.Release|ARM.ActiveCfg = Release|Any CPU
		{19A091BD-B0E7-49FC-BF83-4118D91A7DC3}.Release|ARM.Build.0 = Release|Any CPU
		{19A091BD-B0E7-49FC-BF83-4118D91A7DC3}.Release|iPhone.ActiveCfg = Release|Any CPU
		{19A091BD-B0E7-49FC-BF83-4118D91A7DC3}.Release|iPhone.Build.0 = Release|Any CPU
		{19A091BD-B0E7-49FC-BF83-4118D91A7DC3}.Release|iPhoneSimulator.ActiveCfg = Release|Any CPU
		{19A091BD-B0E7-49FC-BF83-4118D91A7DC3}.Release|iPhoneSimulator.Build.0 = Release|Any CPU
		{19A091BD-B0E7-49FC-BF83-4118D91A7DC3}.Release|x64.ActiveCfg = Release|Any CPU
		{19A091BD-B0E7-49FC-BF83-4118D91A7DC3}.Release|x64.Build.0 = Release|Any CPU
		{19A091BD-B0E7-49FC-BF83-4118D91A7DC3}.Release|x86.ActiveCfg = Release|Any CPU
		{19A091BD-B0E7-49FC-BF83-4118D91A7DC3}.Release|x86.Build.0 = Release|Any CPU
		{BF64CD62-A381-48BF-9AA8-804CEECF0FFB}.Ad-Hoc|Any CPU.ActiveCfg = Release|Any CPU
		{BF64CD62-A381-48BF-9AA8-804CEECF0FFB}.Ad-Hoc|Any CPU.Build.0 = Release|Any CPU
		{BF64CD62-A381-48BF-9AA8-804CEECF0FFB}.Ad-Hoc|ARM.ActiveCfg = Release|ARM
		{BF64CD62-A381-48BF-9AA8-804CEECF0FFB}.Ad-Hoc|ARM.Build.0 = Release|ARM
		{BF64CD62-A381-48BF-9AA8-804CEECF0FFB}.Ad-Hoc|iPhone.ActiveCfg = Release|Any CPU
		{BF64CD62-A381-48BF-9AA8-804CEECF0FFB}.Ad-Hoc|iPhone.Build.0 = Release|Any CPU
		{BF64CD62-A381-48BF-9AA8-804CEECF0FFB}.Ad-Hoc|iPhoneSimulator.ActiveCfg = Release|Any CPU
		{BF64CD62-A381-48BF-9AA8-804CEECF0FFB}.Ad-Hoc|iPhoneSimulator.Build.0 = Release|Any CPU
		{BF64CD62-A381-48BF-9AA8-804CEECF0FFB}.Ad-Hoc|x64.ActiveCfg = Release|x64
		{BF64CD62-A381-48BF-9AA8-804CEECF0FFB}.Ad-Hoc|x64.Build.0 = Release|x64
		{BF64CD62-A381-48BF-9AA8-804CEECF0FFB}.Ad-Hoc|x86.ActiveCfg = Release|x86
		{BF64CD62-A381-48BF-9AA8-804CEECF0FFB}.Ad-Hoc|x86.Build.0 = Release|x86
		{BF64CD62-A381-48BF-9AA8-804CEECF0FFB}.AppStore|Any CPU.ActiveCfg = Release|Any CPU
		{BF64CD62-A381-48BF-9AA8-804CEECF0FFB}.AppStore|Any CPU.Build.0 = Release|Any CPU
		{BF64CD62-A381-48BF-9AA8-804CEECF0FFB}.AppStore|ARM.ActiveCfg = Release|ARM
		{BF64CD62-A381-48BF-9AA8-804CEECF0FFB}.AppStore|ARM.Build.0 = Release|ARM
		{BF64CD62-A381-48BF-9AA8-804CEECF0FFB}.AppStore|iPhone.ActiveCfg = Release|Any CPU
		{BF64CD62-A381-48BF-9AA8-804CEECF0FFB}.AppStore|iPhone.Build.0 = Release|Any CPU
		{BF64CD62-A381-48BF-9AA8-804CEECF0FFB}.AppStore|iPhoneSimulator.ActiveCfg = Release|Any CPU
		{BF64CD62-A381-48BF-9AA8-804CEECF0FFB}.AppStore|iPhoneSimulator.Build.0 = Release|Any CPU
		{BF64CD62-A381-48BF-9AA8-804CEECF0FFB}.AppStore|x64.ActiveCfg = Release|x64
		{BF64CD62-A381-48BF-9AA8-804CEECF0FFB}.AppStore|x64.Build.0 = Release|x64
		{BF64CD62-A381-48BF-9AA8-804CEECF0FFB}.AppStore|x86.ActiveCfg = Release|x86
		{BF64CD62-A381-48BF-9AA8-804CEECF0FFB}.AppStore|x86.Build.0 = Release|x86
		{BF64CD62-A381-48BF-9AA8-804CEECF0FFB}.Debug|Any CPU.ActiveCfg = Debug|Any CPU
		{BF64CD62-A381-48BF-9AA8-804CEECF0FFB}.Debug|Any CPU.Build.0 = Debug|Any CPU
		{BF64CD62-A381-48BF-9AA8-804CEECF0FFB}.Debug|ARM.ActiveCfg = Debug|ARM
		{BF64CD62-A381-48BF-9AA8-804CEECF0FFB}.Debug|ARM.Build.0 = Debug|ARM
		{BF64CD62-A381-48BF-9AA8-804CEECF0FFB}.Debug|iPhone.ActiveCfg = Debug|Any CPU
		{BF64CD62-A381-48BF-9AA8-804CEECF0FFB}.Debug|iPhone.Build.0 = Debug|Any CPU
		{BF64CD62-A381-48BF-9AA8-804CEECF0FFB}.Debug|iPhoneSimulator.ActiveCfg = Debug|Any CPU
		{BF64CD62-A381-48BF-9AA8-804CEECF0FFB}.Debug|iPhoneSimulator.Build.0 = Debug|Any CPU
		{BF64CD62-A381-48BF-9AA8-804CEECF0FFB}.Debug|x64.ActiveCfg = Debug|x64
		{BF64CD62-A381-48BF-9AA8-804CEECF0FFB}.Debug|x64.Build.0 = Debug|x64
		{BF64CD62-A381-48BF-9AA8-804CEECF0FFB}.Debug|x86.ActiveCfg = Debug|x86
		{BF64CD62-A381-48BF-9AA8-804CEECF0FFB}.Debug|x86.Build.0 = Debug|x86
		{BF64CD62-A381-48BF-9AA8-804CEECF0FFB}.Release|Any CPU.ActiveCfg = Release|Any CPU
		{BF64CD62-A381-48BF-9AA8-804CEECF0FFB}.Release|Any CPU.Build.0 = Release|Any CPU
		{BF64CD62-A381-48BF-9AA8-804CEECF0FFB}.Release|ARM.ActiveCfg = Release|ARM
		{BF64CD62-A381-48BF-9AA8-804CEECF0FFB}.Release|ARM.Build.0 = Release|ARM
		{BF64CD62-A381-48BF-9AA8-804CEECF0FFB}.Release|iPhone.ActiveCfg = Release|Any CPU
		{BF64CD62-A381-48BF-9AA8-804CEECF0FFB}.Release|iPhone.Build.0 = Release|Any CPU
		{BF64CD62-A381-48BF-9AA8-804CEECF0FFB}.Release|iPhoneSimulator.ActiveCfg = Release|Any CPU
		{BF64CD62-A381-48BF-9AA8-804CEECF0FFB}.Release|iPhoneSimulator.Build.0 = Release|Any CPU
		{BF64CD62-A381-48BF-9AA8-804CEECF0FFB}.Release|x64.ActiveCfg = Release|x64
		{BF64CD62-A381-48BF-9AA8-804CEECF0FFB}.Release|x64.Build.0 = Release|x64
		{BF64CD62-A381-48BF-9AA8-804CEECF0FFB}.Release|x86.ActiveCfg = Release|x86
		{BF64CD62-A381-48BF-9AA8-804CEECF0FFB}.Release|x86.Build.0 = Release|x86
	EndGlobalSection
	GlobalSection(SolutionProperties) = preSolution
		HideSolutionNode = FALSE
	EndGlobalSection
	GlobalSection(MonoDevelopProperties) = preSolution
		StartupItem = Xamarin.Auth\Xamarin.Auth.csproj
	EndGlobalSection
EndGlobal
