
Microsoft Visual Studio Solution File, Format Version 12.00
# Visual Studio 14
VisualStudioVersion = 14.0.25420.1
MinimumVisualStudioVersion = 10.0.40219.1
Project("{D954291E-2A0B-460D-934E-DC6B0785DB48}") = "Xamarin.Auth.LinkSource", "Xamarin.Auth.LinkSource\Xamarin.Auth.LinkSource.shproj", "{8EF0AB11-2369-4D88-A703-5CB98CE9E7A2}"
EndProject
Project("{FAE04EC0-301F-11D3-BF4B-00C04F79EFBC}") = "Xamarin.Auth.Portable", "Xamarin.Auth.Portable\Xamarin.Auth.Portable.csproj", "{87580927-9F8E-42AE-BDFE-35F95ABF17D8}"
EndProject
Project("{FAE04EC0-301F-11D3-BF4B-00C04F79EFBC}") = "Xamarin.Auth.XamarinAndroid", "Xamarin.Auth.XamarinAndroid\Xamarin.Auth.XamarinAndroid.csproj", "{47EC107C-EBB2-4676-82DB-F77B7BFC17AC}"
EndProject
Project("{FAE04EC0-301F-11D3-BF4B-00C04F79EFBC}") = "Xamarin.Auth.XamarinIOS", "Xamarin.Auth.XamarinIOS\Xamarin.Auth.XamarinIOS.csproj", "{15BE2387-8E72-4C0B-8A6A-460EF5FA4539}"
EndProject
Project("{2150E333-8FDC-42A3-9474-1A3956D46DE8}") = "Xamarin.Forms", "Xamarin.Forms", "{77759364-0202-40B6-A285-6FD5490858D4}"
EndProject
Project("{FAE04EC0-301F-11D3-BF4B-00C04F79EFBC}") = "Xamarin.Auth.Forms", "XamarinForms\Xamarin.Auth.Forms\Xamarin.Auth.Forms.csproj", "{67F9D3A8-F71E-4428-913F-C37AE82CDB24}"
EndProject
Project("{FAE04EC0-301F-11D3-BF4B-00C04F79EFBC}") = "Xamarin.Auth.Forms.Droid", "XamarinForms\Xamarin.Auth.Forms.Droid\Xamarin.Auth.Forms.Droid.csproj", "{1B702A60-3D89-4183-B251-4A07388DCCB5}"
EndProject
Project("{FAE04EC0-301F-11D3-BF4B-00C04F79EFBC}") = "Xamarin.Auth.Forms.iOS", "XamarinForms\Xamarin.Auth.Forms.iOS\Xamarin.Auth.Forms.iOS.csproj", "{7666F0AB-7493-49F2-82B0-7D51A0250FC9}"
EndProject
Project("{2150E333-8FDC-42A3-9474-1A3956D46DE8}") = "Solution Items", "Solution Items", "{D90AB228-24A0-4F93-8F1B-389931D88183}"
	ProjectSection(SolutionItems) = preProject
		readme.md = readme.md
	EndProjectSection
EndProject
Project("{2150E333-8FDC-42A3-9474-1A3956D46DE8}") = "Extensions", "Extensions", "{C1AFC24F-8A5D-4AAF-938E-C61212111835}"
EndProject
Project("{FAE04EC0-301F-11D3-BF4B-00C04F79EFBC}") = "Xamarin.Auth.Extensions.Portable", "Extensions\Xamarin.Auth.Extensions.Portable\Xamarin.Auth.Extensions.Portable.csproj", "{6397C9BB-4FCF-4484-923B-A36093A4253D}"
EndProject
Project("{FAE04EC0-301F-11D3-BF4B-00C04F79EFBC}") = "Xamarin.Auth.Extensions.XamarinAndroid", "Extensions\Xamarin.Auth.Extensions.XamarinAndroid\Xamarin.Auth.Extensions.XamarinAndroid.csproj", "{FA8B2786-B839-4271-9303-43EE483BCC1F}"
EndProject
Project("{FAE04EC0-301F-11D3-BF4B-00C04F79EFBC}") = "Xamarin.Auth.Extensions.XamarinIOS", "Extensions\Xamarin.Auth.Extensions.XamarinIOS\Xamarin.Auth.Extensions.XamarinIOS.csproj", "{ED88D56E-0677-4735-B083-60A46FA8CB94}"
EndProject
Project("{D954291E-2A0B-460D-934E-DC6B0785DB48}") = "Xamarin.Auth.Extensions.LinkSource", "Extensions\Xamarin.Auth.Extensions.LinkSource\Xamarin.Auth.Extensions.LinkSource.shproj", "{CC278053-DCB0-49DE-BFFC-AAA4C0894B21}"
EndProject
Project("{D954291E-2A0B-460D-934E-DC6B0785DB48}") = "Xamarin.Auth.Forms.LinkSource", "XamarinForms\Xamarin.Auth.Forms.LinkSource\Xamarin.Auth.Forms.LinkSource.shproj", "{D37517CB-9548-4C10-8969-2747FB8905E8}"
EndProject
Global
	GlobalSection(SharedMSBuildProjectFiles) = preSolution
		Xamarin.Auth.LinkSource\Xamarin.Auth.LinkSource.projitems*{15be2387-8e72-4c0b-8a6a-460ef5fa4539}*SharedItemsImports = 4
		XamarinForms\Xamarin.Auth.Forms.LinkSource\Xamarin.Auth.Forms.LinkSource.projitems*{1b702a60-3d89-4183-b251-4a07388dccb5}*SharedItemsImports = 4
		Xamarin.Auth.LinkSource\Xamarin.Auth.LinkSource.projitems*{47ec107c-ebb2-4676-82db-f77b7bfc17ac}*SharedItemsImports = 4
		Extensions\Xamarin.Auth.Extensions.LinkSource\Xamarin.Auth.Extensions.LinkSource.projitems*{6397c9bb-4fcf-4484-923b-a36093a4253d}*SharedItemsImports = 4
		XamarinForms\Xamarin.Auth.Forms.LinkSource\Xamarin.Auth.Forms.LinkSource.projitems*{67f9d3a8-f71e-4428-913f-c37ae82cdb24}*SharedItemsImports = 4
		XamarinForms\Xamarin.Auth.Forms.LinkSource\Xamarin.Auth.Forms.LinkSource.projitems*{7666f0ab-7493-49f2-82b0-7d51a0250fc9}*SharedItemsImports = 4
		Xamarin.Auth.LinkSource\Xamarin.Auth.LinkSource.projitems*{87580927-9f8e-42ae-bdfe-35f95abf17d8}*SharedItemsImports = 4
		Xamarin.Auth.LinkSource\Xamarin.Auth.LinkSource.projitems*{8ef0ab11-2369-4d88-a703-5cb98ce9e7a2}*SharedItemsImports = 13
		Extensions\Xamarin.Auth.Extensions.LinkSource\Xamarin.Auth.Extensions.LinkSource.projitems*{cc278053-dcb0-49de-bffc-aaa4c0894b21}*SharedItemsImports = 13
		XamarinForms\Xamarin.Auth.Forms.LinkSource\Xamarin.Auth.Forms.LinkSource.projitems*{d37517cb-9548-4c10-8969-2747fb8905e8}*SharedItemsImports = 13
		Extensions\Xamarin.Auth.Extensions.LinkSource\Xamarin.Auth.Extensions.LinkSource.projitems*{ed88d56e-0677-4735-b083-60a46fa8cb94}*SharedItemsImports = 4
		Extensions\Xamarin.Auth.Extensions.LinkSource\Xamarin.Auth.Extensions.LinkSource.projitems*{fa8b2786-b839-4271-9303-43ee483bcc1f}*SharedItemsImports = 4
	EndGlobalSection
	GlobalSection(SolutionConfigurationPlatforms) = preSolution
		Debug|Any CPU = Debug|Any CPU
		Release|Any CPU = Release|Any CPU
	EndGlobalSection
	GlobalSection(ProjectConfigurationPlatforms) = postSolution
		{87580927-9F8E-42AE-BDFE-35F95ABF17D8}.Debug|Any CPU.ActiveCfg = Debug|Any CPU
		{87580927-9F8E-42AE-BDFE-35F95ABF17D8}.Debug|Any CPU.Build.0 = Debug|Any CPU
		{87580927-9F8E-42AE-BDFE-35F95ABF17D8}.Release|Any CPU.ActiveCfg = Release|Any CPU
		{87580927-9F8E-42AE-BDFE-35F95ABF17D8}.Release|Any CPU.Build.0 = Release|Any CPU
		{47EC107C-EBB2-4676-82DB-F77B7BFC17AC}.Debug|Any CPU.ActiveCfg = Debug|Any CPU
		{47EC107C-EBB2-4676-82DB-F77B7BFC17AC}.Debug|Any CPU.Build.0 = Debug|Any CPU
		{47EC107C-EBB2-4676-82DB-F77B7BFC17AC}.Release|Any CPU.ActiveCfg = Release|Any CPU
		{47EC107C-EBB2-4676-82DB-F77B7BFC17AC}.Release|Any CPU.Build.0 = Release|Any CPU
		{15BE2387-8E72-4C0B-8A6A-460EF5FA4539}.Debug|Any CPU.ActiveCfg = Debug|Any CPU
		{15BE2387-8E72-4C0B-8A6A-460EF5FA4539}.Debug|Any CPU.Build.0 = Debug|Any CPU
		{15BE2387-8E72-4C0B-8A6A-460EF5FA4539}.Release|Any CPU.ActiveCfg = Release|Any CPU
		{15BE2387-8E72-4C0B-8A6A-460EF5FA4539}.Release|Any CPU.Build.0 = Release|Any CPU
		{67F9D3A8-F71E-4428-913F-C37AE82CDB24}.Debug|Any CPU.ActiveCfg = Debug|Any CPU
		{67F9D3A8-F71E-4428-913F-C37AE82CDB24}.Debug|Any CPU.Build.0 = Debug|Any CPU
		{67F9D3A8-F71E-4428-913F-C37AE82CDB24}.Release|Any CPU.ActiveCfg = Release|Any CPU
		{67F9D3A8-F71E-4428-913F-C37AE82CDB24}.Release|Any CPU.Build.0 = Release|Any CPU
		{1B702A60-3D89-4183-B251-4A07388DCCB5}.Debug|Any CPU.ActiveCfg = Debug|Any CPU
		{1B702A60-3D89-4183-B251-4A07388DCCB5}.Debug|Any CPU.Build.0 = Debug|Any CPU
		{1B702A60-3D89-4183-B251-4A07388DCCB5}.Release|Any CPU.ActiveCfg = Release|Any CPU
		{1B702A60-3D89-4183-B251-4A07388DCCB5}.Release|Any CPU.Build.0 = Release|Any CPU
		{7666F0AB-7493-49F2-82B0-7D51A0250FC9}.Debug|Any CPU.ActiveCfg = Debug|Any CPU
		{7666F0AB-7493-49F2-82B0-7D51A0250FC9}.Debug|Any CPU.Build.0 = Debug|Any CPU
		{7666F0AB-7493-49F2-82B0-7D51A0250FC9}.Release|Any CPU.ActiveCfg = Release|Any CPU
		{7666F0AB-7493-49F2-82B0-7D51A0250FC9}.Release|Any CPU.Build.0 = Release|Any CPU
		{6397C9BB-4FCF-4484-923B-A36093A4253D}.Debug|Any CPU.ActiveCfg = Debug|Any CPU
		{6397C9BB-4FCF-4484-923B-A36093A4253D}.Debug|Any CPU.Build.0 = Debug|Any CPU
		{6397C9BB-4FCF-4484-923B-A36093A4253D}.Release|Any CPU.ActiveCfg = Release|Any CPU
		{6397C9BB-4FCF-4484-923B-A36093A4253D}.Release|Any CPU.Build.0 = Release|Any CPU
		{FA8B2786-B839-4271-9303-43EE483BCC1F}.Debug|Any CPU.ActiveCfg = Debug|Any CPU
		{FA8B2786-B839-4271-9303-43EE483BCC1F}.Debug|Any CPU.Build.0 = Debug|Any CPU
		{FA8B2786-B839-4271-9303-43EE483BCC1F}.Release|Any CPU.ActiveCfg = Release|Any CPU
		{FA8B2786-B839-4271-9303-43EE483BCC1F}.Release|Any CPU.Build.0 = Release|Any CPU
		{ED88D56E-0677-4735-B083-60A46FA8CB94}.Debug|Any CPU.ActiveCfg = Debug|Any CPU
		{ED88D56E-0677-4735-B083-60A46FA8CB94}.Debug|Any CPU.Build.0 = Debug|Any CPU
		{ED88D56E-0677-4735-B083-60A46FA8CB94}.Release|Any CPU.ActiveCfg = Release|Any CPU
		{ED88D56E-0677-4735-B083-60A46FA8CB94}.Release|Any CPU.Build.0 = Release|Any CPU
	EndGlobalSection
	GlobalSection(SolutionProperties) = preSolution
		HideSolutionNode = FALSE
	EndGlobalSection
	GlobalSection(NestedProjects) = preSolution
		{67F9D3A8-F71E-4428-913F-C37AE82CDB24} = {77759364-0202-40B6-A285-6FD5490858D4}
		{1B702A60-3D89-4183-B251-4A07388DCCB5} = {77759364-0202-40B6-A285-6FD5490858D4}
		{7666F0AB-7493-49F2-82B0-7D51A0250FC9} = {77759364-0202-40B6-A285-6FD5490858D4}
		{6397C9BB-4FCF-4484-923B-A36093A4253D} = {C1AFC24F-8A5D-4AAF-938E-C61212111835}
		{FA8B2786-B839-4271-9303-43EE483BCC1F} = {C1AFC24F-8A5D-4AAF-938E-C61212111835}
		{ED88D56E-0677-4735-B083-60A46FA8CB94} = {C1AFC24F-8A5D-4AAF-938E-C61212111835}
		{CC278053-DCB0-49DE-BFFC-AAA4C0894B21} = {C1AFC24F-8A5D-4AAF-938E-C61212111835}
		{D37517CB-9548-4C10-8969-2747FB8905E8} = {77759364-0202-40B6-A285-6FD5490858D4}
	EndGlobalSection
EndGlobal
