
Microsoft Visual Studio Solution File, Format Version 12.00
# Visual Studio 14
VisualStudioVersion = 14.0.25420.1
MinimumVisualStudioVersion = 10.0.40219.1
Project("{FAE04EC0-301F-11D3-BF4B-00C04F79EFBC}") = "Xamarin.Auth.Common.LinkSource", "Core\Xamarin.Auth.Common.LinkSource\Xamarin.Auth.Common.LinkSource.csproj", "{EDE30D4F-FC0D-458A-A358-A745FC138DF3}"
EndProject
Project("{FAE04EC0-301F-11D3-BF4B-00C04F79EFBC}") = "Xamarin.Auth.Portable", "Core\Xamarin.Auth.Portable\Xamarin.Auth.Portable.csproj", "{87580927-9F8E-42AE-BDFE-35F95ABF17D8}"
EndProject
Project("{FAE04EC0-301F-11D3-BF4B-00C04F79EFBC}") = "Xamarin.Auth.XamarinIOS", "Core\Xamarin.Auth.XamarinIOS\Xamarin.Auth.XamarinIOS.csproj", "{15BE2387-8E72-4C0B-8A6A-460EF5FA4539}"
EndProject
Project("{FAE04EC0-301F-11D3-BF4B-00C04F79EFBC}") = "Xamarin.Auth.WindowsPhone8", "Core\Xamarin.Auth.WindowsPhone8\Xamarin.Auth.WindowsPhone8.csproj", "{08470E0D-EB43-4E07-92F4-020DF019F628}"
EndProject
Project("{FAE04EC0-301F-11D3-BF4B-00C04F79EFBC}") = "Xamarin.Auth.WindowsPhone81", "Core\Xamarin.Auth.WindowsPhone81\Xamarin.Auth.WindowsPhone81.csproj", "{18B5054D-6035-40DB-B1AE-3E4FDE8DB6E9}"
EndProject
Project("{FAE04EC0-301F-11D3-BF4B-00C04F79EFBC}") = "Xamarin.Auth.Windows81Universal", "Core\Xamarin.Auth.Windows81Universal\Xamarin.Auth.Windows81Universal.csproj", "{5F4A04D8-7E74-44BB-8F5C-D9A6CFE93AED}"
EndProject
Project("{FAE04EC0-301F-11D3-BF4B-00C04F79EFBC}") = "Xamarin.Auth.WinRTWindows81", "Core\Xamarin.Auth.WinRTWindows81\Xamarin.Auth.WinRTWindows81.csproj", "{C4202AC1-1027-4737-8215-16182421E342}"
EndProject
Project("{FAE04EC0-301F-11D3-BF4B-00C04F79EFBC}") = "Xamarin.Auth.WinRTWindowsPhone81", "Core\Xamarin.Auth.WinRTWindowsPhone81\Xamarin.Auth.WinRTWindowsPhone81.csproj", "{D07C6FC6-6860-495C-9BC8-0F731C74AE2F}"
EndProject
Project("{2150E333-8FDC-42A3-9474-1A3956D46DE8}") = "Xamarin.Forms", "Xamarin.Forms", "{77759364-0202-40B6-A285-6FD5490858D4}"
EndProject
Project("{FAE04EC0-301F-11D3-BF4B-00C04F79EFBC}") = "Xamarin.Auth.Forms", "XamarinForms\Xamarin.Auth.Forms\Xamarin.Auth.Forms.csproj", "{67F9D3A8-F71E-4428-913F-C37AE82CDB24}"
EndProject
Project("{FAE04EC0-301F-11D3-BF4B-00C04F79EFBC}") = "Xamarin.Auth.Forms.iOS", "XamarinForms\Xamarin.Auth.Forms.iOS\Xamarin.Auth.Forms.iOS.csproj", "{7666F0AB-7493-49F2-82B0-7D51A0250FC9}"
EndProject
Project("{FAE04EC0-301F-11D3-BF4B-00C04F79EFBC}") = "Xamarin.Auth.Forms.WindowsPhone8", "XamarinForms\Xamarin.Auth.Forms.WindowsPhone8\Xamarin.Auth.Forms.WindowsPhone8.csproj", "{C5DD0133-9A66-4489-91C3-745D6ED5FFE5}"
EndProject
Project("{FAE04EC0-301F-11D3-BF4B-00C04F79EFBC}") = "Xamarin.Auth.Forms.WindowsPhone81", "XamarinForms\Xamarin.Auth.Forms.WindowsPhone81\Xamarin.Auth.Forms.WindowsPhone81.csproj", "{D77B034E-C3F0-4DA3-B193-9F4EB2C0CDE2}"
EndProject
Project("{FAE04EC0-301F-11D3-BF4B-00C04F79EFBC}") = "Xamarin.Auth.Forms.WinRTWindowsPhone81", "XamarinForms\Xamarin.Auth.Forms.WinRTWindowsPhone81\Xamarin.Auth.Forms.WinRTWindowsPhone81.csproj", "{73188683-2FCC-4AEE-8A30-E30E1532D6CF}"
EndProject
Project("{FAE04EC0-301F-11D3-BF4B-00C04F79EFBC}") = "Xamarin.Auth.Forms.WinRTWindows81", "XamarinForms\Xamarin.Auth.Forms.WinRTWindows81\Xamarin.Auth.Forms.WinRTWindows81.csproj", "{9EE3F977-6715-4509-8FE8-B862158AA293}"
EndProject
Project("{2150E333-8FDC-42A3-9474-1A3956D46DE8}") = "Solution Items", "Solution Items", "{D90AB228-24A0-4F93-8F1B-389931D88183}"
	ProjectSection(SolutionItems) = preProject
		readme.md = readme.md
	EndProjectSection
EndProject
Project("{2150E333-8FDC-42A3-9474-1A3956D46DE8}") = "Extensions", "Extensions", "{C1AFC24F-8A5D-4AAF-938E-C61212111835}"
EndProject
Project("{FAE04EC0-301F-11D3-BF4B-00C04F79EFBC}") = "Xamarin.Auth.Extensions.LinkSource", "Extensions\Xamarin.Auth.Extensions.LinkSource\Xamarin.Auth.Extensions.LinkSource.csproj", "{3EBB5946-5B7E-4EB3-8E3A-4FEE91D69ED6}"
EndProject
Project("{FAE04EC0-301F-11D3-BF4B-00C04F79EFBC}") = "Xamarin.Auth.Extensions.Portable", "Extensions\Xamarin.Auth.Extensions.Portable\Xamarin.Auth.Extensions.Portable.csproj", "{6397C9BB-4FCF-4484-923B-A36093A4253D}"
EndProject
Project("{FAE04EC0-301F-11D3-BF4B-00C04F79EFBC}") = "Xamarin.Auth.Extensions.XamarinIOS", "Extensions\Xamarin.Auth.Extensions.XamarinIOS\Xamarin.Auth.Extensions.XamarinIOS.csproj", "{ED88D56E-0677-4735-B083-60A46FA8CB94}"
EndProject
Project("{2150E333-8FDC-42A3-9474-1A3956D46DE8}") = "Core", "Core", "{A33C8CED-B821-4E4B-B363-FDBA9F85AF54}"
EndProject
Global
	GlobalSection(SolutionConfigurationPlatforms) = preSolution
		Ad-Hoc|Any CPU = Ad-Hoc|Any CPU
		Ad-Hoc|ARM = Ad-Hoc|ARM
		Ad-Hoc|iPhone = Ad-Hoc|iPhone
		Ad-Hoc|iPhoneSimulator = Ad-Hoc|iPhoneSimulator
		Ad-Hoc|Mixed Platforms = Ad-Hoc|Mixed Platforms
		Ad-Hoc|x64 = Ad-Hoc|x64
		Ad-Hoc|x86 = Ad-Hoc|x86
		AppStore|Any CPU = AppStore|Any CPU
		AppStore|ARM = AppStore|ARM
		AppStore|iPhone = AppStore|iPhone
		AppStore|iPhoneSimulator = AppStore|iPhoneSimulator
		AppStore|Mixed Platforms = AppStore|Mixed Platforms
		AppStore|x64 = AppStore|x64
		AppStore|x86 = AppStore|x86
		Debug|Any CPU = Debug|Any CPU
		Debug|ARM = Debug|ARM
		Debug|iPhone = Debug|iPhone
		Debug|iPhoneSimulator = Debug|iPhoneSimulator
		Debug|Mixed Platforms = Debug|Mixed Platforms
		Debug|x64 = Debug|x64
		Debug|x86 = Debug|x86
		Release|Any CPU = Release|Any CPU
		Release|ARM = Release|ARM
		Release|iPhone = Release|iPhone
		Release|iPhoneSimulator = Release|iPhoneSimulator
		Release|Mixed Platforms = Release|Mixed Platforms
		Release|x64 = Release|x64
		Release|x86 = Release|x86
	EndGlobalSection
	GlobalSection(ProjectConfigurationPlatforms) = postSolution
		{EDE30D4F-FC0D-458A-A358-A745FC138DF3}.Ad-Hoc|Any CPU.ActiveCfg = Release|Any CPU
		{EDE30D4F-FC0D-458A-A358-A745FC138DF3}.Ad-Hoc|Any CPU.Build.0 = Release|Any CPU
		{EDE30D4F-FC0D-458A-A358-A745FC138DF3}.Ad-Hoc|ARM.ActiveCfg = Release|Any CPU
		{EDE30D4F-FC0D-458A-A358-A745FC138DF3}.Ad-Hoc|ARM.Build.0 = Release|Any CPU
		{EDE30D4F-FC0D-458A-A358-A745FC138DF3}.Ad-Hoc|iPhone.ActiveCfg = Debug|Any CPU
		{EDE30D4F-FC0D-458A-A358-A745FC138DF3}.Ad-Hoc|iPhone.Build.0 = Debug|Any CPU
		{EDE30D4F-FC0D-458A-A358-A745FC138DF3}.Ad-Hoc|iPhoneSimulator.ActiveCfg = Release|Any CPU
		{EDE30D4F-FC0D-458A-A358-A745FC138DF3}.Ad-Hoc|iPhoneSimulator.Build.0 = Release|Any CPU
		{EDE30D4F-FC0D-458A-A358-A745FC138DF3}.Ad-Hoc|Mixed Platforms.ActiveCfg = Release|Any CPU
		{EDE30D4F-FC0D-458A-A358-A745FC138DF3}.Ad-Hoc|Mixed Platforms.Build.0 = Release|Any CPU
		{EDE30D4F-FC0D-458A-A358-A745FC138DF3}.Ad-Hoc|x64.ActiveCfg = Debug|Any CPU
		{EDE30D4F-FC0D-458A-A358-A745FC138DF3}.Ad-Hoc|x64.Build.0 = Debug|Any CPU
		{EDE30D4F-FC0D-458A-A358-A745FC138DF3}.Ad-Hoc|x86.ActiveCfg = Release|Any CPU
		{EDE30D4F-FC0D-458A-A358-A745FC138DF3}.Ad-Hoc|x86.Build.0 = Release|Any CPU
		{EDE30D4F-FC0D-458A-A358-A745FC138DF3}.AppStore|Any CPU.ActiveCfg = Release|Any CPU
		{EDE30D4F-FC0D-458A-A358-A745FC138DF3}.AppStore|Any CPU.Build.0 = Release|Any CPU
		{EDE30D4F-FC0D-458A-A358-A745FC138DF3}.AppStore|ARM.ActiveCfg = Release|Any CPU
		{EDE30D4F-FC0D-458A-A358-A745FC138DF3}.AppStore|ARM.Build.0 = Release|Any CPU
		{EDE30D4F-FC0D-458A-A358-A745FC138DF3}.AppStore|iPhone.ActiveCfg = Debug|Any CPU
		{EDE30D4F-FC0D-458A-A358-A745FC138DF3}.AppStore|iPhone.Build.0 = Debug|Any CPU
		{EDE30D4F-FC0D-458A-A358-A745FC138DF3}.AppStore|iPhoneSimulator.ActiveCfg = Release|Any CPU
		{EDE30D4F-FC0D-458A-A358-A745FC138DF3}.AppStore|iPhoneSimulator.Build.0 = Release|Any CPU
		{EDE30D4F-FC0D-458A-A358-A745FC138DF3}.AppStore|Mixed Platforms.ActiveCfg = Release|Any CPU
		{EDE30D4F-FC0D-458A-A358-A745FC138DF3}.AppStore|Mixed Platforms.Build.0 = Release|Any CPU
		{EDE30D4F-FC0D-458A-A358-A745FC138DF3}.AppStore|x64.ActiveCfg = Debug|Any CPU
		{EDE30D4F-FC0D-458A-A358-A745FC138DF3}.AppStore|x64.Build.0 = Debug|Any CPU
		{EDE30D4F-FC0D-458A-A358-A745FC138DF3}.AppStore|x86.ActiveCfg = Release|Any CPU
		{EDE30D4F-FC0D-458A-A358-A745FC138DF3}.AppStore|x86.Build.0 = Release|Any CPU
		{EDE30D4F-FC0D-458A-A358-A745FC138DF3}.Debug|Any CPU.ActiveCfg = Debug|Any CPU
		{EDE30D4F-FC0D-458A-A358-A745FC138DF3}.Debug|Any CPU.Build.0 = Debug|Any CPU
		{EDE30D4F-FC0D-458A-A358-A745FC138DF3}.Debug|ARM.ActiveCfg = Debug|Any CPU
		{EDE30D4F-FC0D-458A-A358-A745FC138DF3}.Debug|ARM.Build.0 = Debug|Any CPU
		{EDE30D4F-FC0D-458A-A358-A745FC138DF3}.Debug|iPhone.ActiveCfg = Debug|Any CPU
		{EDE30D4F-FC0D-458A-A358-A745FC138DF3}.Debug|iPhone.Build.0 = Debug|Any CPU
		{EDE30D4F-FC0D-458A-A358-A745FC138DF3}.Debug|iPhoneSimulator.ActiveCfg = Debug|Any CPU
		{EDE30D4F-FC0D-458A-A358-A745FC138DF3}.Debug|iPhoneSimulator.Build.0 = Debug|Any CPU
		{EDE30D4F-FC0D-458A-A358-A745FC138DF3}.Debug|Mixed Platforms.ActiveCfg = Debug|Any CPU
		{EDE30D4F-FC0D-458A-A358-A745FC138DF3}.Debug|Mixed Platforms.Build.0 = Debug|Any CPU
		{EDE30D4F-FC0D-458A-A358-A745FC138DF3}.Debug|x64.ActiveCfg = Debug|Any CPU
		{EDE30D4F-FC0D-458A-A358-A745FC138DF3}.Debug|x64.Build.0 = Debug|Any CPU
		{EDE30D4F-FC0D-458A-A358-A745FC138DF3}.Debug|x86.ActiveCfg = Debug|Any CPU
		{EDE30D4F-FC0D-458A-A358-A745FC138DF3}.Debug|x86.Build.0 = Debug|Any CPU
		{EDE30D4F-FC0D-458A-A358-A745FC138DF3}.Release|Any CPU.ActiveCfg = Release|Any CPU
		{EDE30D4F-FC0D-458A-A358-A745FC138DF3}.Release|Any CPU.Build.0 = Release|Any CPU
		{EDE30D4F-FC0D-458A-A358-A745FC138DF3}.Release|ARM.ActiveCfg = Release|Any CPU
		{EDE30D4F-FC0D-458A-A358-A745FC138DF3}.Release|ARM.Build.0 = Release|Any CPU
		{EDE30D4F-FC0D-458A-A358-A745FC138DF3}.Release|iPhone.ActiveCfg = Release|Any CPU
		{EDE30D4F-FC0D-458A-A358-A745FC138DF3}.Release|iPhone.Build.0 = Release|Any CPU
		{EDE30D4F-FC0D-458A-A358-A745FC138DF3}.Release|iPhoneSimulator.ActiveCfg = Release|Any CPU
		{EDE30D4F-FC0D-458A-A358-A745FC138DF3}.Release|iPhoneSimulator.Build.0 = Release|Any CPU
		{EDE30D4F-FC0D-458A-A358-A745FC138DF3}.Release|Mixed Platforms.ActiveCfg = Release|Any CPU
		{EDE30D4F-FC0D-458A-A358-A745FC138DF3}.Release|Mixed Platforms.Build.0 = Release|Any CPU
		{EDE30D4F-FC0D-458A-A358-A745FC138DF3}.Release|x64.ActiveCfg = Release|Any CPU
		{EDE30D4F-FC0D-458A-A358-A745FC138DF3}.Release|x64.Build.0 = Release|Any CPU
		{EDE30D4F-FC0D-458A-A358-A745FC138DF3}.Release|x86.ActiveCfg = Release|Any CPU
		{EDE30D4F-FC0D-458A-A358-A745FC138DF3}.Release|x86.Build.0 = Release|Any CPU
		{87580927-9F8E-42AE-BDFE-35F95ABF17D8}.Ad-Hoc|Any CPU.ActiveCfg = Release|Any CPU
		{87580927-9F8E-42AE-BDFE-35F95ABF17D8}.Ad-Hoc|Any CPU.Build.0 = Release|Any CPU
		{87580927-9F8E-42AE-BDFE-35F95ABF17D8}.Ad-Hoc|ARM.ActiveCfg = Release|Any CPU
		{87580927-9F8E-42AE-BDFE-35F95ABF17D8}.Ad-Hoc|ARM.Build.0 = Release|Any CPU
		{87580927-9F8E-42AE-BDFE-35F95ABF17D8}.Ad-Hoc|iPhone.ActiveCfg = Debug|Any CPU
		{87580927-9F8E-42AE-BDFE-35F95ABF17D8}.Ad-Hoc|iPhone.Build.0 = Debug|Any CPU
		{87580927-9F8E-42AE-BDFE-35F95ABF17D8}.Ad-Hoc|iPhoneSimulator.ActiveCfg = Release|Any CPU
		{87580927-9F8E-42AE-BDFE-35F95ABF17D8}.Ad-Hoc|iPhoneSimulator.Build.0 = Release|Any CPU
		{87580927-9F8E-42AE-BDFE-35F95ABF17D8}.Ad-Hoc|Mixed Platforms.ActiveCfg = Release|Any CPU
		{87580927-9F8E-42AE-BDFE-35F95ABF17D8}.Ad-Hoc|Mixed Platforms.Build.0 = Release|Any CPU
		{87580927-9F8E-42AE-BDFE-35F95ABF17D8}.Ad-Hoc|x64.ActiveCfg = Debug|Any CPU
		{87580927-9F8E-42AE-BDFE-35F95ABF17D8}.Ad-Hoc|x64.Build.0 = Debug|Any CPU
		{87580927-9F8E-42AE-BDFE-35F95ABF17D8}.Ad-Hoc|x86.ActiveCfg = Release|Any CPU
		{87580927-9F8E-42AE-BDFE-35F95ABF17D8}.Ad-Hoc|x86.Build.0 = Release|Any CPU
		{87580927-9F8E-42AE-BDFE-35F95ABF17D8}.AppStore|Any CPU.ActiveCfg = Release|Any CPU
		{87580927-9F8E-42AE-BDFE-35F95ABF17D8}.AppStore|Any CPU.Build.0 = Release|Any CPU
		{87580927-9F8E-42AE-BDFE-35F95ABF17D8}.AppStore|ARM.ActiveCfg = Release|Any CPU
		{87580927-9F8E-42AE-BDFE-35F95ABF17D8}.AppStore|ARM.Build.0 = Release|Any CPU
		{87580927-9F8E-42AE-BDFE-35F95ABF17D8}.AppStore|iPhone.ActiveCfg = Debug|Any CPU
		{87580927-9F8E-42AE-BDFE-35F95ABF17D8}.AppStore|iPhone.Build.0 = Debug|Any CPU
		{87580927-9F8E-42AE-BDFE-35F95ABF17D8}.AppStore|iPhoneSimulator.ActiveCfg = Release|Any CPU
		{87580927-9F8E-42AE-BDFE-35F95ABF17D8}.AppStore|iPhoneSimulator.Build.0 = Release|Any CPU
		{87580927-9F8E-42AE-BDFE-35F95ABF17D8}.AppStore|Mixed Platforms.ActiveCfg = Release|Any CPU
		{87580927-9F8E-42AE-BDFE-35F95ABF17D8}.AppStore|Mixed Platforms.Build.0 = Release|Any CPU
		{87580927-9F8E-42AE-BDFE-35F95ABF17D8}.AppStore|x64.ActiveCfg = Debug|Any CPU
		{87580927-9F8E-42AE-BDFE-35F95ABF17D8}.AppStore|x64.Build.0 = Debug|Any CPU
		{87580927-9F8E-42AE-BDFE-35F95ABF17D8}.AppStore|x86.ActiveCfg = Release|Any CPU
		{87580927-9F8E-42AE-BDFE-35F95ABF17D8}.AppStore|x86.Build.0 = Release|Any CPU
		{87580927-9F8E-42AE-BDFE-35F95ABF17D8}.Debug|Any CPU.ActiveCfg = Debug|Any CPU
		{87580927-9F8E-42AE-BDFE-35F95ABF17D8}.Debug|Any CPU.Build.0 = Debug|Any CPU
		{87580927-9F8E-42AE-BDFE-35F95ABF17D8}.Debug|ARM.ActiveCfg = Debug|Any CPU
		{87580927-9F8E-42AE-BDFE-35F95ABF17D8}.Debug|ARM.Build.0 = Debug|Any CPU
		{87580927-9F8E-42AE-BDFE-35F95ABF17D8}.Debug|iPhone.ActiveCfg = Debug|Any CPU
		{87580927-9F8E-42AE-BDFE-35F95ABF17D8}.Debug|iPhone.Build.0 = Debug|Any CPU
		{87580927-9F8E-42AE-BDFE-35F95ABF17D8}.Debug|iPhoneSimulator.ActiveCfg = Debug|Any CPU
		{87580927-9F8E-42AE-BDFE-35F95ABF17D8}.Debug|iPhoneSimulator.Build.0 = Debug|Any CPU
		{87580927-9F8E-42AE-BDFE-35F95ABF17D8}.Debug|Mixed Platforms.ActiveCfg = Debug|Any CPU
		{87580927-9F8E-42AE-BDFE-35F95ABF17D8}.Debug|Mixed Platforms.Build.0 = Debug|Any CPU
		{87580927-9F8E-42AE-BDFE-35F95ABF17D8}.Debug|x64.ActiveCfg = Debug|Any CPU
		{87580927-9F8E-42AE-BDFE-35F95ABF17D8}.Debug|x64.Build.0 = Debug|Any CPU
		{87580927-9F8E-42AE-BDFE-35F95ABF17D8}.Debug|x86.ActiveCfg = Debug|Any CPU
		{87580927-9F8E-42AE-BDFE-35F95ABF17D8}.Debug|x86.Build.0 = Debug|Any CPU
		{87580927-9F8E-42AE-BDFE-35F95ABF17D8}.Release|Any CPU.ActiveCfg = Release|Any CPU
		{87580927-9F8E-42AE-BDFE-35F95ABF17D8}.Release|Any CPU.Build.0 = Release|Any CPU
		{87580927-9F8E-42AE-BDFE-35F95ABF17D8}.Release|ARM.ActiveCfg = Release|Any CPU
		{87580927-9F8E-42AE-BDFE-35F95ABF17D8}.Release|ARM.Build.0 = Release|Any CPU
		{87580927-9F8E-42AE-BDFE-35F95ABF17D8}.Release|iPhone.ActiveCfg = Release|Any CPU
		{87580927-9F8E-42AE-BDFE-35F95ABF17D8}.Release|iPhone.Build.0 = Release|Any CPU
		{87580927-9F8E-42AE-BDFE-35F95ABF17D8}.Release|iPhoneSimulator.ActiveCfg = Release|Any CPU
		{87580927-9F8E-42AE-BDFE-35F95ABF17D8}.Release|iPhoneSimulator.Build.0 = Release|Any CPU
		{87580927-9F8E-42AE-BDFE-35F95ABF17D8}.Release|Mixed Platforms.ActiveCfg = Release|Any CPU
		{87580927-9F8E-42AE-BDFE-35F95ABF17D8}.Release|Mixed Platforms.Build.0 = Release|Any CPU
		{87580927-9F8E-42AE-BDFE-35F95ABF17D8}.Release|x64.ActiveCfg = Release|Any CPU
		{87580927-9F8E-42AE-BDFE-35F95ABF17D8}.Release|x64.Build.0 = Release|Any CPU
		{87580927-9F8E-42AE-BDFE-35F95ABF17D8}.Release|x86.ActiveCfg = Release|Any CPU
		{87580927-9F8E-42AE-BDFE-35F95ABF17D8}.Release|x86.Build.0 = Release|Any CPU
		{15BE2387-8E72-4C0B-8A6A-460EF5FA4539}.Ad-Hoc|Any CPU.ActiveCfg = Release|Any CPU
		{15BE2387-8E72-4C0B-8A6A-460EF5FA4539}.Ad-Hoc|Any CPU.Build.0 = Release|Any CPU
		{15BE2387-8E72-4C0B-8A6A-460EF5FA4539}.Ad-Hoc|ARM.ActiveCfg = Release|Any CPU
		{15BE2387-8E72-4C0B-8A6A-460EF5FA4539}.Ad-Hoc|ARM.Build.0 = Release|Any CPU
		{15BE2387-8E72-4C0B-8A6A-460EF5FA4539}.Ad-Hoc|iPhone.ActiveCfg = Debug|Any CPU
		{15BE2387-8E72-4C0B-8A6A-460EF5FA4539}.Ad-Hoc|iPhone.Build.0 = Debug|Any CPU
		{15BE2387-8E72-4C0B-8A6A-460EF5FA4539}.Ad-Hoc|iPhoneSimulator.ActiveCfg = Release|Any CPU
		{15BE2387-8E72-4C0B-8A6A-460EF5FA4539}.Ad-Hoc|iPhoneSimulator.Build.0 = Release|Any CPU
		{15BE2387-8E72-4C0B-8A6A-460EF5FA4539}.Ad-Hoc|Mixed Platforms.ActiveCfg = Release|Any CPU
		{15BE2387-8E72-4C0B-8A6A-460EF5FA4539}.Ad-Hoc|Mixed Platforms.Build.0 = Release|Any CPU
		{15BE2387-8E72-4C0B-8A6A-460EF5FA4539}.Ad-Hoc|x64.ActiveCfg = Debug|Any CPU
		{15BE2387-8E72-4C0B-8A6A-460EF5FA4539}.Ad-Hoc|x64.Build.0 = Debug|Any CPU
		{15BE2387-8E72-4C0B-8A6A-460EF5FA4539}.Ad-Hoc|x86.ActiveCfg = Release|Any CPU
		{15BE2387-8E72-4C0B-8A6A-460EF5FA4539}.Ad-Hoc|x86.Build.0 = Release|Any CPU
		{15BE2387-8E72-4C0B-8A6A-460EF5FA4539}.AppStore|Any CPU.ActiveCfg = Release|Any CPU
		{15BE2387-8E72-4C0B-8A6A-460EF5FA4539}.AppStore|Any CPU.Build.0 = Release|Any CPU
		{15BE2387-8E72-4C0B-8A6A-460EF5FA4539}.AppStore|ARM.ActiveCfg = Release|Any CPU
		{15BE2387-8E72-4C0B-8A6A-460EF5FA4539}.AppStore|ARM.Build.0 = Release|Any CPU
		{15BE2387-8E72-4C0B-8A6A-460EF5FA4539}.AppStore|iPhone.ActiveCfg = Debug|Any CPU
		{15BE2387-8E72-4C0B-8A6A-460EF5FA4539}.AppStore|iPhone.Build.0 = Debug|Any CPU
		{15BE2387-8E72-4C0B-8A6A-460EF5FA4539}.AppStore|iPhoneSimulator.ActiveCfg = Release|Any CPU
		{15BE2387-8E72-4C0B-8A6A-460EF5FA4539}.AppStore|iPhoneSimulator.Build.0 = Release|Any CPU
		{15BE2387-8E72-4C0B-8A6A-460EF5FA4539}.AppStore|Mixed Platforms.ActiveCfg = Release|Any CPU
		{15BE2387-8E72-4C0B-8A6A-460EF5FA4539}.AppStore|Mixed Platforms.Build.0 = Release|Any CPU
		{15BE2387-8E72-4C0B-8A6A-460EF5FA4539}.AppStore|x64.ActiveCfg = Debug|Any CPU
		{15BE2387-8E72-4C0B-8A6A-460EF5FA4539}.AppStore|x64.Build.0 = Debug|Any CPU
		{15BE2387-8E72-4C0B-8A6A-460EF5FA4539}.AppStore|x86.ActiveCfg = Release|Any CPU
		{15BE2387-8E72-4C0B-8A6A-460EF5FA4539}.AppStore|x86.Build.0 = Release|Any CPU
		{15BE2387-8E72-4C0B-8A6A-460EF5FA4539}.Debug|Any CPU.ActiveCfg = Debug|Any CPU
		{15BE2387-8E72-4C0B-8A6A-460EF5FA4539}.Debug|Any CPU.Build.0 = Debug|Any CPU
		{15BE2387-8E72-4C0B-8A6A-460EF5FA4539}.Debug|ARM.ActiveCfg = Debug|Any CPU
		{15BE2387-8E72-4C0B-8A6A-460EF5FA4539}.Debug|ARM.Build.0 = Debug|Any CPU
		{15BE2387-8E72-4C0B-8A6A-460EF5FA4539}.Debug|iPhone.ActiveCfg = Debug|Any CPU
		{15BE2387-8E72-4C0B-8A6A-460EF5FA4539}.Debug|iPhone.Build.0 = Debug|Any CPU
		{15BE2387-8E72-4C0B-8A6A-460EF5FA4539}.Debug|iPhoneSimulator.ActiveCfg = Debug|Any CPU
		{15BE2387-8E72-4C0B-8A6A-460EF5FA4539}.Debug|iPhoneSimulator.Build.0 = Debug|Any CPU
		{15BE2387-8E72-4C0B-8A6A-460EF5FA4539}.Debug|Mixed Platforms.ActiveCfg = Debug|Any CPU
		{15BE2387-8E72-4C0B-8A6A-460EF5FA4539}.Debug|Mixed Platforms.Build.0 = Debug|Any CPU
		{15BE2387-8E72-4C0B-8A6A-460EF5FA4539}.Debug|x64.ActiveCfg = Debug|Any CPU
		{15BE2387-8E72-4C0B-8A6A-460EF5FA4539}.Debug|x64.Build.0 = Debug|Any CPU
		{15BE2387-8E72-4C0B-8A6A-460EF5FA4539}.Debug|x86.ActiveCfg = Debug|Any CPU
		{15BE2387-8E72-4C0B-8A6A-460EF5FA4539}.Debug|x86.Build.0 = Debug|Any CPU
		{15BE2387-8E72-4C0B-8A6A-460EF5FA4539}.Release|Any CPU.ActiveCfg = Release|Any CPU
		{15BE2387-8E72-4C0B-8A6A-460EF5FA4539}.Release|Any CPU.Build.0 = Release|Any CPU
		{15BE2387-8E72-4C0B-8A6A-460EF5FA4539}.Release|ARM.ActiveCfg = Release|Any CPU
		{15BE2387-8E72-4C0B-8A6A-460EF5FA4539}.Release|ARM.Build.0 = Release|Any CPU
		{15BE2387-8E72-4C0B-8A6A-460EF5FA4539}.Release|iPhone.ActiveCfg = Release|Any CPU
		{15BE2387-8E72-4C0B-8A6A-460EF5FA4539}.Release|iPhone.Build.0 = Release|Any CPU
		{15BE2387-8E72-4C0B-8A6A-460EF5FA4539}.Release|iPhoneSimulator.ActiveCfg = Release|Any CPU
		{15BE2387-8E72-4C0B-8A6A-460EF5FA4539}.Release|iPhoneSimulator.Build.0 = Release|Any CPU
		{15BE2387-8E72-4C0B-8A6A-460EF5FA4539}.Release|Mixed Platforms.ActiveCfg = Release|Any CPU
		{15BE2387-8E72-4C0B-8A6A-460EF5FA4539}.Release|Mixed Platforms.Build.0 = Release|Any CPU
		{15BE2387-8E72-4C0B-8A6A-460EF5FA4539}.Release|x64.ActiveCfg = Release|Any CPU
		{15BE2387-8E72-4C0B-8A6A-460EF5FA4539}.Release|x64.Build.0 = Release|Any CPU
		{15BE2387-8E72-4C0B-8A6A-460EF5FA4539}.Release|x86.ActiveCfg = Release|Any CPU
		{15BE2387-8E72-4C0B-8A6A-460EF5FA4539}.Release|x86.Build.0 = Release|Any CPU
		{08470E0D-EB43-4E07-92F4-020DF019F628}.Ad-Hoc|Any CPU.ActiveCfg = Release|Any CPU
		{08470E0D-EB43-4E07-92F4-020DF019F628}.Ad-Hoc|ARM.ActiveCfg = Release|ARM
		{08470E0D-EB43-4E07-92F4-020DF019F628}.Ad-Hoc|iPhone.ActiveCfg = Debug|Any CPU
		{08470E0D-EB43-4E07-92F4-020DF019F628}.Ad-Hoc|iPhone.Build.0 = Debug|Any CPU
		{08470E0D-EB43-4E07-92F4-020DF019F628}.Ad-Hoc|iPhoneSimulator.ActiveCfg = Release|Any CPU
		{08470E0D-EB43-4E07-92F4-020DF019F628}.Ad-Hoc|Mixed Platforms.ActiveCfg = Release|x86
		{08470E0D-EB43-4E07-92F4-020DF019F628}.Ad-Hoc|Mixed Platforms.Build.0 = Release|x86
		{08470E0D-EB43-4E07-92F4-020DF019F628}.Ad-Hoc|x64.ActiveCfg = Debug|Any CPU
		{08470E0D-EB43-4E07-92F4-020DF019F628}.Ad-Hoc|x86.ActiveCfg = Release|x86
		{08470E0D-EB43-4E07-92F4-020DF019F628}.AppStore|Any CPU.ActiveCfg = Release|Any CPU
		{08470E0D-EB43-4E07-92F4-020DF019F628}.AppStore|ARM.ActiveCfg = Release|ARM
		{08470E0D-EB43-4E07-92F4-020DF019F628}.AppStore|iPhone.ActiveCfg = Debug|Any CPU
		{08470E0D-EB43-4E07-92F4-020DF019F628}.AppStore|iPhone.Build.0 = Debug|Any CPU
		{08470E0D-EB43-4E07-92F4-020DF019F628}.AppStore|iPhoneSimulator.ActiveCfg = Release|Any CPU
		{08470E0D-EB43-4E07-92F4-020DF019F628}.AppStore|Mixed Platforms.ActiveCfg = Release|x86
		{08470E0D-EB43-4E07-92F4-020DF019F628}.AppStore|Mixed Platforms.Build.0 = Release|x86
		{08470E0D-EB43-4E07-92F4-020DF019F628}.AppStore|x64.ActiveCfg = Debug|Any CPU
		{08470E0D-EB43-4E07-92F4-020DF019F628}.AppStore|x86.ActiveCfg = Release|x86
		{08470E0D-EB43-4E07-92F4-020DF019F628}.Debug|Any CPU.ActiveCfg = Debug|Any CPU
		{08470E0D-EB43-4E07-92F4-020DF019F628}.Debug|Any CPU.Build.0 = Debug|Any CPU
		{08470E0D-EB43-4E07-92F4-020DF019F628}.Debug|ARM.ActiveCfg = Debug|ARM
		{08470E0D-EB43-4E07-92F4-020DF019F628}.Debug|ARM.Build.0 = Debug|ARM
		{08470E0D-EB43-4E07-92F4-020DF019F628}.Debug|iPhone.ActiveCfg = Debug|Any CPU
		{08470E0D-EB43-4E07-92F4-020DF019F628}.Debug|iPhone.Build.0 = Debug|Any CPU
		{08470E0D-EB43-4E07-92F4-020DF019F628}.Debug|iPhoneSimulator.ActiveCfg = Debug|Any CPU
		{08470E0D-EB43-4E07-92F4-020DF019F628}.Debug|iPhoneSimulator.Build.0 = Debug|Any CPU
		{08470E0D-EB43-4E07-92F4-020DF019F628}.Debug|Mixed Platforms.ActiveCfg = Debug|Any CPU
		{08470E0D-EB43-4E07-92F4-020DF019F628}.Debug|Mixed Platforms.Build.0 = Debug|Any CPU
		{08470E0D-EB43-4E07-92F4-020DF019F628}.Debug|x64.ActiveCfg = Debug|Any CPU
		{08470E0D-EB43-4E07-92F4-020DF019F628}.Debug|x86.ActiveCfg = Debug|x86
		{08470E0D-EB43-4E07-92F4-020DF019F628}.Debug|x86.Build.0 = Debug|x86
		{08470E0D-EB43-4E07-92F4-020DF019F628}.Release|Any CPU.ActiveCfg = Release|Any CPU
		{08470E0D-EB43-4E07-92F4-020DF019F628}.Release|Any CPU.Build.0 = Release|Any CPU
		{08470E0D-EB43-4E07-92F4-020DF019F628}.Release|ARM.ActiveCfg = Release|ARM
		{08470E0D-EB43-4E07-92F4-020DF019F628}.Release|ARM.Build.0 = Release|ARM
		{08470E0D-EB43-4E07-92F4-020DF019F628}.Release|iPhone.ActiveCfg = Release|Any CPU
		{08470E0D-EB43-4E07-92F4-020DF019F628}.Release|iPhone.Build.0 = Release|Any CPU
		{08470E0D-EB43-4E07-92F4-020DF019F628}.Release|iPhoneSimulator.ActiveCfg = Release|Any CPU
		{08470E0D-EB43-4E07-92F4-020DF019F628}.Release|iPhoneSimulator.Build.0 = Release|Any CPU
		{08470E0D-EB43-4E07-92F4-020DF019F628}.Release|Mixed Platforms.ActiveCfg = Release|Any CPU
		{08470E0D-EB43-4E07-92F4-020DF019F628}.Release|Mixed Platforms.Build.0 = Release|Any CPU
		{08470E0D-EB43-4E07-92F4-020DF019F628}.Release|x64.ActiveCfg = Release|Any CPU
		{08470E0D-EB43-4E07-92F4-020DF019F628}.Release|x86.ActiveCfg = Release|x86
		{08470E0D-EB43-4E07-92F4-020DF019F628}.Release|x86.Build.0 = Release|x86
		{18B5054D-6035-40DB-B1AE-3E4FDE8DB6E9}.Ad-Hoc|Any CPU.ActiveCfg = Release|Any CPU
		{18B5054D-6035-40DB-B1AE-3E4FDE8DB6E9}.Ad-Hoc|Any CPU.Build.0 = Release|Any CPU
		{18B5054D-6035-40DB-B1AE-3E4FDE8DB6E9}.Ad-Hoc|ARM.ActiveCfg = Release|ARM
		{18B5054D-6035-40DB-B1AE-3E4FDE8DB6E9}.Ad-Hoc|ARM.Build.0 = Release|ARM
		{18B5054D-6035-40DB-B1AE-3E4FDE8DB6E9}.Ad-Hoc|iPhone.ActiveCfg = Release|Any CPU
		{18B5054D-6035-40DB-B1AE-3E4FDE8DB6E9}.Ad-Hoc|iPhoneSimulator.ActiveCfg = Release|Any CPU
		{18B5054D-6035-40DB-B1AE-3E4FDE8DB6E9}.Ad-Hoc|Mixed Platforms.ActiveCfg = Release|x86
		{18B5054D-6035-40DB-B1AE-3E4FDE8DB6E9}.Ad-Hoc|Mixed Platforms.Build.0 = Release|x86
		{18B5054D-6035-40DB-B1AE-3E4FDE8DB6E9}.Ad-Hoc|x64.ActiveCfg = Release|Any CPU
		{18B5054D-6035-40DB-B1AE-3E4FDE8DB6E9}.Ad-Hoc|x86.ActiveCfg = Release|x86
		{18B5054D-6035-40DB-B1AE-3E4FDE8DB6E9}.Ad-Hoc|x86.Build.0 = Release|x86
		{18B5054D-6035-40DB-B1AE-3E4FDE8DB6E9}.AppStore|Any CPU.ActiveCfg = Release|Any CPU
		{18B5054D-6035-40DB-B1AE-3E4FDE8DB6E9}.AppStore|Any CPU.Build.0 = Release|Any CPU
		{18B5054D-6035-40DB-B1AE-3E4FDE8DB6E9}.AppStore|ARM.ActiveCfg = Release|ARM
		{18B5054D-6035-40DB-B1AE-3E4FDE8DB6E9}.AppStore|ARM.Build.0 = Release|ARM
		{18B5054D-6035-40DB-B1AE-3E4FDE8DB6E9}.AppStore|iPhone.ActiveCfg = Release|Any CPU
		{18B5054D-6035-40DB-B1AE-3E4FDE8DB6E9}.AppStore|iPhoneSimulator.ActiveCfg = Release|Any CPU
		{18B5054D-6035-40DB-B1AE-3E4FDE8DB6E9}.AppStore|Mixed Platforms.ActiveCfg = Release|x86
		{18B5054D-6035-40DB-B1AE-3E4FDE8DB6E9}.AppStore|Mixed Platforms.Build.0 = Release|x86
		{18B5054D-6035-40DB-B1AE-3E4FDE8DB6E9}.AppStore|x64.ActiveCfg = Release|Any CPU
		{18B5054D-6035-40DB-B1AE-3E4FDE8DB6E9}.AppStore|x86.ActiveCfg = Release|x86
		{18B5054D-6035-40DB-B1AE-3E4FDE8DB6E9}.AppStore|x86.Build.0 = Release|x86
		{18B5054D-6035-40DB-B1AE-3E4FDE8DB6E9}.Debug|Any CPU.ActiveCfg = Debug|Any CPU
		{18B5054D-6035-40DB-B1AE-3E4FDE8DB6E9}.Debug|Any CPU.Build.0 = Debug|Any CPU
		{18B5054D-6035-40DB-B1AE-3E4FDE8DB6E9}.Debug|ARM.ActiveCfg = Debug|ARM
		{18B5054D-6035-40DB-B1AE-3E4FDE8DB6E9}.Debug|ARM.Build.0 = Debug|ARM
		{18B5054D-6035-40DB-B1AE-3E4FDE8DB6E9}.Debug|iPhone.ActiveCfg = Debug|Any CPU
		{18B5054D-6035-40DB-B1AE-3E4FDE8DB6E9}.Debug|iPhoneSimulator.ActiveCfg = Debug|Any CPU
		{18B5054D-6035-40DB-B1AE-3E4FDE8DB6E9}.Debug|Mixed Platforms.ActiveCfg = Debug|Any CPU
		{18B5054D-6035-40DB-B1AE-3E4FDE8DB6E9}.Debug|Mixed Platforms.Build.0 = Debug|Any CPU
		{18B5054D-6035-40DB-B1AE-3E4FDE8DB6E9}.Debug|x64.ActiveCfg = Debug|Any CPU
		{18B5054D-6035-40DB-B1AE-3E4FDE8DB6E9}.Debug|x86.ActiveCfg = Debug|x86
		{18B5054D-6035-40DB-B1AE-3E4FDE8DB6E9}.Debug|x86.Build.0 = Debug|x86
		{18B5054D-6035-40DB-B1AE-3E4FDE8DB6E9}.Release|Any CPU.ActiveCfg = Release|Any CPU
		{18B5054D-6035-40DB-B1AE-3E4FDE8DB6E9}.Release|Any CPU.Build.0 = Release|Any CPU
		{18B5054D-6035-40DB-B1AE-3E4FDE8DB6E9}.Release|ARM.ActiveCfg = Release|ARM
		{18B5054D-6035-40DB-B1AE-3E4FDE8DB6E9}.Release|ARM.Build.0 = Release|ARM
		{18B5054D-6035-40DB-B1AE-3E4FDE8DB6E9}.Release|iPhone.ActiveCfg = Release|Any CPU
		{18B5054D-6035-40DB-B1AE-3E4FDE8DB6E9}.Release|iPhoneSimulator.ActiveCfg = Release|Any CPU
		{18B5054D-6035-40DB-B1AE-3E4FDE8DB6E9}.Release|Mixed Platforms.ActiveCfg = Release|Any CPU
		{18B5054D-6035-40DB-B1AE-3E4FDE8DB6E9}.Release|Mixed Platforms.Build.0 = Release|Any CPU
		{18B5054D-6035-40DB-B1AE-3E4FDE8DB6E9}.Release|x64.ActiveCfg = Release|Any CPU
		{18B5054D-6035-40DB-B1AE-3E4FDE8DB6E9}.Release|x86.ActiveCfg = Release|x86
		{18B5054D-6035-40DB-B1AE-3E4FDE8DB6E9}.Release|x86.Build.0 = Release|x86
		{5F4A04D8-7E74-44BB-8F5C-D9A6CFE93AED}.Ad-Hoc|Any CPU.ActiveCfg = Release|Any CPU
		{5F4A04D8-7E74-44BB-8F5C-D9A6CFE93AED}.Ad-Hoc|Any CPU.Build.0 = Release|Any CPU
		{5F4A04D8-7E74-44BB-8F5C-D9A6CFE93AED}.Ad-Hoc|ARM.ActiveCfg = Release|Any CPU
		{5F4A04D8-7E74-44BB-8F5C-D9A6CFE93AED}.Ad-Hoc|ARM.Build.0 = Release|Any CPU
		{5F4A04D8-7E74-44BB-8F5C-D9A6CFE93AED}.Ad-Hoc|iPhone.ActiveCfg = Release|Any CPU
		{5F4A04D8-7E74-44BB-8F5C-D9A6CFE93AED}.Ad-Hoc|iPhoneSimulator.ActiveCfg = Release|Any CPU
		{5F4A04D8-7E74-44BB-8F5C-D9A6CFE93AED}.Ad-Hoc|Mixed Platforms.ActiveCfg = Release|Any CPU
		{5F4A04D8-7E74-44BB-8F5C-D9A6CFE93AED}.Ad-Hoc|Mixed Platforms.Build.0 = Release|Any CPU
		{5F4A04D8-7E74-44BB-8F5C-D9A6CFE93AED}.Ad-Hoc|x64.ActiveCfg = Release|Any CPU
		{5F4A04D8-7E74-44BB-8F5C-D9A6CFE93AED}.Ad-Hoc|x64.Build.0 = Release|Any CPU
		{5F4A04D8-7E74-44BB-8F5C-D9A6CFE93AED}.Ad-Hoc|x86.ActiveCfg = Release|Any CPU
		{5F4A04D8-7E74-44BB-8F5C-D9A6CFE93AED}.Ad-Hoc|x86.Build.0 = Release|Any CPU
		{5F4A04D8-7E74-44BB-8F5C-D9A6CFE93AED}.AppStore|Any CPU.ActiveCfg = Release|Any CPU
		{5F4A04D8-7E74-44BB-8F5C-D9A6CFE93AED}.AppStore|ARM.ActiveCfg = Release|Any CPU
		{5F4A04D8-7E74-44BB-8F5C-D9A6CFE93AED}.AppStore|ARM.Build.0 = Release|Any CPU
		{5F4A04D8-7E74-44BB-8F5C-D9A6CFE93AED}.AppStore|iPhone.ActiveCfg = Release|Any CPU
		{5F4A04D8-7E74-44BB-8F5C-D9A6CFE93AED}.AppStore|iPhoneSimulator.ActiveCfg = Release|Any CPU
		{5F4A04D8-7E74-44BB-8F5C-D9A6CFE93AED}.AppStore|Mixed Platforms.ActiveCfg = Release|Any CPU
		{5F4A04D8-7E74-44BB-8F5C-D9A6CFE93AED}.AppStore|Mixed Platforms.Build.0 = Release|Any CPU
		{5F4A04D8-7E74-44BB-8F5C-D9A6CFE93AED}.AppStore|x64.ActiveCfg = Release|Any CPU
		{5F4A04D8-7E74-44BB-8F5C-D9A6CFE93AED}.AppStore|x64.Build.0 = Release|Any CPU
		{5F4A04D8-7E74-44BB-8F5C-D9A6CFE93AED}.AppStore|x86.ActiveCfg = Release|Any CPU
		{5F4A04D8-7E74-44BB-8F5C-D9A6CFE93AED}.AppStore|x86.Build.0 = Release|Any CPU
		{5F4A04D8-7E74-44BB-8F5C-D9A6CFE93AED}.Debug|Any CPU.ActiveCfg = Debug|Any CPU
		{5F4A04D8-7E74-44BB-8F5C-D9A6CFE93AED}.Debug|Any CPU.Build.0 = Debug|Any CPU
		{5F4A04D8-7E74-44BB-8F5C-D9A6CFE93AED}.Debug|ARM.ActiveCfg = Debug|Any CPU
		{5F4A04D8-7E74-44BB-8F5C-D9A6CFE93AED}.Debug|ARM.Build.0 = Debug|Any CPU
		{5F4A04D8-7E74-44BB-8F5C-D9A6CFE93AED}.Debug|iPhone.ActiveCfg = Debug|Any CPU
		{5F4A04D8-7E74-44BB-8F5C-D9A6CFE93AED}.Debug|iPhoneSimulator.ActiveCfg = Debug|Any CPU
		{5F4A04D8-7E74-44BB-8F5C-D9A6CFE93AED}.Debug|iPhoneSimulator.Build.0 = Debug|Any CPU
		{5F4A04D8-7E74-44BB-8F5C-D9A6CFE93AED}.Debug|Mixed Platforms.ActiveCfg = Debug|Any CPU
		{5F4A04D8-7E74-44BB-8F5C-D9A6CFE93AED}.Debug|Mixed Platforms.Build.0 = Debug|Any CPU
		{5F4A04D8-7E74-44BB-8F5C-D9A6CFE93AED}.Debug|x64.ActiveCfg = Debug|Any CPU
		{5F4A04D8-7E74-44BB-8F5C-D9A6CFE93AED}.Debug|x64.Build.0 = Debug|Any CPU
		{5F4A04D8-7E74-44BB-8F5C-D9A6CFE93AED}.Debug|x86.ActiveCfg = Debug|Any CPU
		{5F4A04D8-7E74-44BB-8F5C-D9A6CFE93AED}.Debug|x86.Build.0 = Debug|Any CPU
		{5F4A04D8-7E74-44BB-8F5C-D9A6CFE93AED}.Release|Any CPU.ActiveCfg = Release|Any CPU
		{5F4A04D8-7E74-44BB-8F5C-D9A6CFE93AED}.Release|Any CPU.Build.0 = Release|Any CPU
		{5F4A04D8-7E74-44BB-8F5C-D9A6CFE93AED}.Release|ARM.ActiveCfg = Release|Any CPU
		{5F4A04D8-7E74-44BB-8F5C-D9A6CFE93AED}.Release|ARM.Build.0 = Release|Any CPU
		{5F4A04D8-7E74-44BB-8F5C-D9A6CFE93AED}.Release|iPhone.ActiveCfg = Release|Any CPU
		{5F4A04D8-7E74-44BB-8F5C-D9A6CFE93AED}.Release|iPhoneSimulator.ActiveCfg = Release|Any CPU
		{5F4A04D8-7E74-44BB-8F5C-D9A6CFE93AED}.Release|Mixed Platforms.ActiveCfg = Release|Any CPU
		{5F4A04D8-7E74-44BB-8F5C-D9A6CFE93AED}.Release|Mixed Platforms.Build.0 = Release|Any CPU
		{5F4A04D8-7E74-44BB-8F5C-D9A6CFE93AED}.Release|x64.ActiveCfg = Release|Any CPU
		{5F4A04D8-7E74-44BB-8F5C-D9A6CFE93AED}.Release|x64.Build.0 = Release|Any CPU
		{5F4A04D8-7E74-44BB-8F5C-D9A6CFE93AED}.Release|x86.ActiveCfg = Release|Any CPU
		{5F4A04D8-7E74-44BB-8F5C-D9A6CFE93AED}.Release|x86.Build.0 = Release|Any CPU
		{C4202AC1-1027-4737-8215-16182421E342}.Ad-Hoc|Any CPU.ActiveCfg = Release|Any CPU
		{C4202AC1-1027-4737-8215-16182421E342}.Ad-Hoc|Any CPU.Build.0 = Release|Any CPU
		{C4202AC1-1027-4737-8215-16182421E342}.Ad-Hoc|ARM.ActiveCfg = Release|ARM
		{C4202AC1-1027-4737-8215-16182421E342}.Ad-Hoc|ARM.Build.0 = Release|ARM
		{C4202AC1-1027-4737-8215-16182421E342}.Ad-Hoc|iPhone.ActiveCfg = Release|Any CPU
		{C4202AC1-1027-4737-8215-16182421E342}.Ad-Hoc|iPhoneSimulator.ActiveCfg = Release|Any CPU
		{C4202AC1-1027-4737-8215-16182421E342}.Ad-Hoc|Mixed Platforms.ActiveCfg = Release|x86
		{C4202AC1-1027-4737-8215-16182421E342}.Ad-Hoc|Mixed Platforms.Build.0 = Release|x86
		{C4202AC1-1027-4737-8215-16182421E342}.Ad-Hoc|x64.ActiveCfg = Release|x64
		{C4202AC1-1027-4737-8215-16182421E342}.Ad-Hoc|x64.Build.0 = Release|x64
		{C4202AC1-1027-4737-8215-16182421E342}.Ad-Hoc|x86.ActiveCfg = Release|x86
		{C4202AC1-1027-4737-8215-16182421E342}.Ad-Hoc|x86.Build.0 = Release|x86
		{C4202AC1-1027-4737-8215-16182421E342}.AppStore|Any CPU.ActiveCfg = Release|Any CPU
		{C4202AC1-1027-4737-8215-16182421E342}.AppStore|Any CPU.Build.0 = Release|Any CPU
		{C4202AC1-1027-4737-8215-16182421E342}.AppStore|ARM.ActiveCfg = Release|ARM
		{C4202AC1-1027-4737-8215-16182421E342}.AppStore|ARM.Build.0 = Release|ARM
		{C4202AC1-1027-4737-8215-16182421E342}.AppStore|iPhone.ActiveCfg = Release|Any CPU
		{C4202AC1-1027-4737-8215-16182421E342}.AppStore|iPhoneSimulator.ActiveCfg = Release|Any CPU
		{C4202AC1-1027-4737-8215-16182421E342}.AppStore|Mixed Platforms.ActiveCfg = Release|x86
		{C4202AC1-1027-4737-8215-16182421E342}.AppStore|Mixed Platforms.Build.0 = Release|x86
		{C4202AC1-1027-4737-8215-16182421E342}.AppStore|x64.ActiveCfg = Release|x64
		{C4202AC1-1027-4737-8215-16182421E342}.AppStore|x64.Build.0 = Release|x64
		{C4202AC1-1027-4737-8215-16182421E342}.AppStore|x86.ActiveCfg = Release|x86
		{C4202AC1-1027-4737-8215-16182421E342}.AppStore|x86.Build.0 = Release|x86
		{C4202AC1-1027-4737-8215-16182421E342}.Debug|Any CPU.ActiveCfg = Debug|Any CPU
		{C4202AC1-1027-4737-8215-16182421E342}.Debug|Any CPU.Build.0 = Debug|Any CPU
		{C4202AC1-1027-4737-8215-16182421E342}.Debug|ARM.ActiveCfg = Debug|ARM
		{C4202AC1-1027-4737-8215-16182421E342}.Debug|ARM.Build.0 = Debug|ARM
		{C4202AC1-1027-4737-8215-16182421E342}.Debug|iPhone.ActiveCfg = Debug|Any CPU
		{C4202AC1-1027-4737-8215-16182421E342}.Debug|iPhoneSimulator.ActiveCfg = Debug|Any CPU
		{C4202AC1-1027-4737-8215-16182421E342}.Debug|Mixed Platforms.ActiveCfg = Debug|Any CPU
		{C4202AC1-1027-4737-8215-16182421E342}.Debug|Mixed Platforms.Build.0 = Debug|Any CPU
		{C4202AC1-1027-4737-8215-16182421E342}.Debug|x64.ActiveCfg = Debug|x64
		{C4202AC1-1027-4737-8215-16182421E342}.Debug|x64.Build.0 = Debug|x64
		{C4202AC1-1027-4737-8215-16182421E342}.Debug|x86.ActiveCfg = Debug|x86
		{C4202AC1-1027-4737-8215-16182421E342}.Debug|x86.Build.0 = Debug|x86
		{C4202AC1-1027-4737-8215-16182421E342}.Release|Any CPU.ActiveCfg = Release|Any CPU
		{C4202AC1-1027-4737-8215-16182421E342}.Release|Any CPU.Build.0 = Release|Any CPU
		{C4202AC1-1027-4737-8215-16182421E342}.Release|ARM.ActiveCfg = Release|ARM
		{C4202AC1-1027-4737-8215-16182421E342}.Release|ARM.Build.0 = Release|ARM
		{C4202AC1-1027-4737-8215-16182421E342}.Release|iPhone.ActiveCfg = Release|Any CPU
		{C4202AC1-1027-4737-8215-16182421E342}.Release|iPhoneSimulator.ActiveCfg = Release|Any CPU
		{C4202AC1-1027-4737-8215-16182421E342}.Release|Mixed Platforms.ActiveCfg = Release|Any CPU
		{C4202AC1-1027-4737-8215-16182421E342}.Release|Mixed Platforms.Build.0 = Release|Any CPU
		{C4202AC1-1027-4737-8215-16182421E342}.Release|x64.ActiveCfg = Release|x64
		{C4202AC1-1027-4737-8215-16182421E342}.Release|x64.Build.0 = Release|x64
		{C4202AC1-1027-4737-8215-16182421E342}.Release|x86.ActiveCfg = Release|x86
		{C4202AC1-1027-4737-8215-16182421E342}.Release|x86.Build.0 = Release|x86
		{D07C6FC6-6860-495C-9BC8-0F731C74AE2F}.Ad-Hoc|Any CPU.ActiveCfg = Release|Any CPU
		{D07C6FC6-6860-495C-9BC8-0F731C74AE2F}.Ad-Hoc|Any CPU.Build.0 = Release|Any CPU
		{D07C6FC6-6860-495C-9BC8-0F731C74AE2F}.Ad-Hoc|ARM.ActiveCfg = Release|ARM
		{D07C6FC6-6860-495C-9BC8-0F731C74AE2F}.Ad-Hoc|ARM.Build.0 = Release|ARM
		{D07C6FC6-6860-495C-9BC8-0F731C74AE2F}.Ad-Hoc|iPhone.ActiveCfg = Release|Any CPU
		{D07C6FC6-6860-495C-9BC8-0F731C74AE2F}.Ad-Hoc|iPhoneSimulator.ActiveCfg = Release|Any CPU
		{D07C6FC6-6860-495C-9BC8-0F731C74AE2F}.Ad-Hoc|Mixed Platforms.ActiveCfg = Release|x86
		{D07C6FC6-6860-495C-9BC8-0F731C74AE2F}.Ad-Hoc|Mixed Platforms.Build.0 = Release|x86
		{D07C6FC6-6860-495C-9BC8-0F731C74AE2F}.Ad-Hoc|x64.ActiveCfg = Release|Any CPU
		{D07C6FC6-6860-495C-9BC8-0F731C74AE2F}.Ad-Hoc|x86.ActiveCfg = Release|x86
		{D07C6FC6-6860-495C-9BC8-0F731C74AE2F}.Ad-Hoc|x86.Build.0 = Release|x86
		{D07C6FC6-6860-495C-9BC8-0F731C74AE2F}.AppStore|Any CPU.ActiveCfg = Release|Any CPU
		{D07C6FC6-6860-495C-9BC8-0F731C74AE2F}.AppStore|Any CPU.Build.0 = Release|Any CPU
		{D07C6FC6-6860-495C-9BC8-0F731C74AE2F}.AppStore|ARM.ActiveCfg = Release|ARM
		{D07C6FC6-6860-495C-9BC8-0F731C74AE2F}.AppStore|ARM.Build.0 = Release|ARM
		{D07C6FC6-6860-495C-9BC8-0F731C74AE2F}.AppStore|iPhone.ActiveCfg = Release|Any CPU
		{D07C6FC6-6860-495C-9BC8-0F731C74AE2F}.AppStore|iPhoneSimulator.ActiveCfg = Release|Any CPU
		{D07C6FC6-6860-495C-9BC8-0F731C74AE2F}.AppStore|Mixed Platforms.ActiveCfg = Release|x86
		{D07C6FC6-6860-495C-9BC8-0F731C74AE2F}.AppStore|Mixed Platforms.Build.0 = Release|x86
		{D07C6FC6-6860-495C-9BC8-0F731C74AE2F}.AppStore|x64.ActiveCfg = Release|Any CPU
		{D07C6FC6-6860-495C-9BC8-0F731C74AE2F}.AppStore|x86.ActiveCfg = Release|x86
		{D07C6FC6-6860-495C-9BC8-0F731C74AE2F}.AppStore|x86.Build.0 = Release|x86
		{D07C6FC6-6860-495C-9BC8-0F731C74AE2F}.Debug|Any CPU.ActiveCfg = Debug|Any CPU
		{D07C6FC6-6860-495C-9BC8-0F731C74AE2F}.Debug|Any CPU.Build.0 = Debug|Any CPU
		{D07C6FC6-6860-495C-9BC8-0F731C74AE2F}.Debug|ARM.ActiveCfg = Debug|ARM
		{D07C6FC6-6860-495C-9BC8-0F731C74AE2F}.Debug|ARM.Build.0 = Debug|ARM
		{D07C6FC6-6860-495C-9BC8-0F731C74AE2F}.Debug|iPhone.ActiveCfg = Debug|Any CPU
		{D07C6FC6-6860-495C-9BC8-0F731C74AE2F}.Debug|iPhoneSimulator.ActiveCfg = Debug|Any CPU
		{D07C6FC6-6860-495C-9BC8-0F731C74AE2F}.Debug|Mixed Platforms.ActiveCfg = Debug|Any CPU
		{D07C6FC6-6860-495C-9BC8-0F731C74AE2F}.Debug|Mixed Platforms.Build.0 = Debug|Any CPU
		{D07C6FC6-6860-495C-9BC8-0F731C74AE2F}.Debug|x64.ActiveCfg = Debug|Any CPU
		{D07C6FC6-6860-495C-9BC8-0F731C74AE2F}.Debug|x86.ActiveCfg = Debug|x86
		{D07C6FC6-6860-495C-9BC8-0F731C74AE2F}.Debug|x86.Build.0 = Debug|x86
		{D07C6FC6-6860-495C-9BC8-0F731C74AE2F}.Release|Any CPU.ActiveCfg = Release|Any CPU
		{D07C6FC6-6860-495C-9BC8-0F731C74AE2F}.Release|Any CPU.Build.0 = Release|Any CPU
		{D07C6FC6-6860-495C-9BC8-0F731C74AE2F}.Release|ARM.ActiveCfg = Release|ARM
		{D07C6FC6-6860-495C-9BC8-0F731C74AE2F}.Release|ARM.Build.0 = Release|ARM
		{D07C6FC6-6860-495C-9BC8-0F731C74AE2F}.Release|iPhone.ActiveCfg = Release|Any CPU
		{D07C6FC6-6860-495C-9BC8-0F731C74AE2F}.Release|iPhoneSimulator.ActiveCfg = Release|Any CPU
		{D07C6FC6-6860-495C-9BC8-0F731C74AE2F}.Release|Mixed Platforms.ActiveCfg = Release|Any CPU
		{D07C6FC6-6860-495C-9BC8-0F731C74AE2F}.Release|Mixed Platforms.Build.0 = Release|Any CPU
		{D07C6FC6-6860-495C-9BC8-0F731C74AE2F}.Release|x64.ActiveCfg = Release|Any CPU
		{D07C6FC6-6860-495C-9BC8-0F731C74AE2F}.Release|x86.ActiveCfg = Release|x86
		{D07C6FC6-6860-495C-9BC8-0F731C74AE2F}.Release|x86.Build.0 = Release|x86
		{67F9D3A8-F71E-4428-913F-C37AE82CDB24}.Ad-Hoc|Any CPU.ActiveCfg = Release|Any CPU
		{67F9D3A8-F71E-4428-913F-C37AE82CDB24}.Ad-Hoc|Any CPU.Build.0 = Release|Any CPU
		{67F9D3A8-F71E-4428-913F-C37AE82CDB24}.Ad-Hoc|ARM.ActiveCfg = Release|Any CPU
		{67F9D3A8-F71E-4428-913F-C37AE82CDB24}.Ad-Hoc|ARM.Build.0 = Release|Any CPU
		{67F9D3A8-F71E-4428-913F-C37AE82CDB24}.Ad-Hoc|iPhone.ActiveCfg = Release|Any CPU
		{67F9D3A8-F71E-4428-913F-C37AE82CDB24}.Ad-Hoc|iPhone.Build.0 = Release|Any CPU
		{67F9D3A8-F71E-4428-913F-C37AE82CDB24}.Ad-Hoc|iPhoneSimulator.ActiveCfg = Release|Any CPU
		{67F9D3A8-F71E-4428-913F-C37AE82CDB24}.Ad-Hoc|iPhoneSimulator.Build.0 = Release|Any CPU
		{67F9D3A8-F71E-4428-913F-C37AE82CDB24}.Ad-Hoc|Mixed Platforms.ActiveCfg = Release|Any CPU
		{67F9D3A8-F71E-4428-913F-C37AE82CDB24}.Ad-Hoc|Mixed Platforms.Build.0 = Release|Any CPU
		{67F9D3A8-F71E-4428-913F-C37AE82CDB24}.Ad-Hoc|x64.ActiveCfg = Release|Any CPU
		{67F9D3A8-F71E-4428-913F-C37AE82CDB24}.Ad-Hoc|x64.Build.0 = Release|Any CPU
		{67F9D3A8-F71E-4428-913F-C37AE82CDB24}.Ad-Hoc|x86.ActiveCfg = Release|Any CPU
		{67F9D3A8-F71E-4428-913F-C37AE82CDB24}.Ad-Hoc|x86.Build.0 = Release|Any CPU
		{67F9D3A8-F71E-4428-913F-C37AE82CDB24}.AppStore|Any CPU.ActiveCfg = Release|Any CPU
		{67F9D3A8-F71E-4428-913F-C37AE82CDB24}.AppStore|Any CPU.Build.0 = Release|Any CPU
		{67F9D3A8-F71E-4428-913F-C37AE82CDB24}.AppStore|ARM.ActiveCfg = Release|Any CPU
		{67F9D3A8-F71E-4428-913F-C37AE82CDB24}.AppStore|ARM.Build.0 = Release|Any CPU
		{67F9D3A8-F71E-4428-913F-C37AE82CDB24}.AppStore|iPhone.ActiveCfg = Release|Any CPU
		{67F9D3A8-F71E-4428-913F-C37AE82CDB24}.AppStore|iPhone.Build.0 = Release|Any CPU
		{67F9D3A8-F71E-4428-913F-C37AE82CDB24}.AppStore|iPhoneSimulator.ActiveCfg = Release|Any CPU
		{67F9D3A8-F71E-4428-913F-C37AE82CDB24}.AppStore|iPhoneSimulator.Build.0 = Release|Any CPU
		{67F9D3A8-F71E-4428-913F-C37AE82CDB24}.AppStore|Mixed Platforms.ActiveCfg = Release|Any CPU
		{67F9D3A8-F71E-4428-913F-C37AE82CDB24}.AppStore|Mixed Platforms.Build.0 = Release|Any CPU
		{67F9D3A8-F71E-4428-913F-C37AE82CDB24}.AppStore|x64.ActiveCfg = Release|Any CPU
		{67F9D3A8-F71E-4428-913F-C37AE82CDB24}.AppStore|x64.Build.0 = Release|Any CPU
		{67F9D3A8-F71E-4428-913F-C37AE82CDB24}.AppStore|x86.ActiveCfg = Release|Any CPU
		{67F9D3A8-F71E-4428-913F-C37AE82CDB24}.AppStore|x86.Build.0 = Release|Any CPU
		{67F9D3A8-F71E-4428-913F-C37AE82CDB24}.Debug|Any CPU.ActiveCfg = Debug|Any CPU
		{67F9D3A8-F71E-4428-913F-C37AE82CDB24}.Debug|Any CPU.Build.0 = Debug|Any CPU
		{67F9D3A8-F71E-4428-913F-C37AE82CDB24}.Debug|ARM.ActiveCfg = Debug|Any CPU
		{67F9D3A8-F71E-4428-913F-C37AE82CDB24}.Debug|ARM.Build.0 = Debug|Any CPU
		{67F9D3A8-F71E-4428-913F-C37AE82CDB24}.Debug|iPhone.ActiveCfg = Debug|Any CPU
		{67F9D3A8-F71E-4428-913F-C37AE82CDB24}.Debug|iPhone.Build.0 = Debug|Any CPU
		{67F9D3A8-F71E-4428-913F-C37AE82CDB24}.Debug|iPhoneSimulator.ActiveCfg = Debug|Any CPU
		{67F9D3A8-F71E-4428-913F-C37AE82CDB24}.Debug|iPhoneSimulator.Build.0 = Debug|Any CPU
		{67F9D3A8-F71E-4428-913F-C37AE82CDB24}.Debug|Mixed Platforms.ActiveCfg = Debug|Any CPU
		{67F9D3A8-F71E-4428-913F-C37AE82CDB24}.Debug|Mixed Platforms.Build.0 = Debug|Any CPU
		{67F9D3A8-F71E-4428-913F-C37AE82CDB24}.Debug|x64.ActiveCfg = Debug|Any CPU
		{67F9D3A8-F71E-4428-913F-C37AE82CDB24}.Debug|x64.Build.0 = Debug|Any CPU
		{67F9D3A8-F71E-4428-913F-C37AE82CDB24}.Debug|x86.ActiveCfg = Debug|Any CPU
		{67F9D3A8-F71E-4428-913F-C37AE82CDB24}.Debug|x86.Build.0 = Debug|Any CPU
		{67F9D3A8-F71E-4428-913F-C37AE82CDB24}.Release|Any CPU.ActiveCfg = Release|Any CPU
		{67F9D3A8-F71E-4428-913F-C37AE82CDB24}.Release|Any CPU.Build.0 = Release|Any CPU
		{67F9D3A8-F71E-4428-913F-C37AE82CDB24}.Release|ARM.ActiveCfg = Release|Any CPU
		{67F9D3A8-F71E-4428-913F-C37AE82CDB24}.Release|ARM.Build.0 = Release|Any CPU
		{67F9D3A8-F71E-4428-913F-C37AE82CDB24}.Release|iPhone.ActiveCfg = Release|Any CPU
		{67F9D3A8-F71E-4428-913F-C37AE82CDB24}.Release|iPhone.Build.0 = Release|Any CPU
		{67F9D3A8-F71E-4428-913F-C37AE82CDB24}.Release|iPhoneSimulator.ActiveCfg = Release|Any CPU
		{67F9D3A8-F71E-4428-913F-C37AE82CDB24}.Release|iPhoneSimulator.Build.0 = Release|Any CPU
		{67F9D3A8-F71E-4428-913F-C37AE82CDB24}.Release|Mixed Platforms.ActiveCfg = Release|Any CPU
		{67F9D3A8-F71E-4428-913F-C37AE82CDB24}.Release|Mixed Platforms.Build.0 = Release|Any CPU
		{67F9D3A8-F71E-4428-913F-C37AE82CDB24}.Release|x64.ActiveCfg = Release|Any CPU
		{67F9D3A8-F71E-4428-913F-C37AE82CDB24}.Release|x64.Build.0 = Release|Any CPU
		{67F9D3A8-F71E-4428-913F-C37AE82CDB24}.Release|x86.ActiveCfg = Release|Any CPU
		{67F9D3A8-F71E-4428-913F-C37AE82CDB24}.Release|x86.Build.0 = Release|Any CPU
		{7666F0AB-7493-49F2-82B0-7D51A0250FC9}.Ad-Hoc|Any CPU.ActiveCfg = Release|Any CPU
		{7666F0AB-7493-49F2-82B0-7D51A0250FC9}.Ad-Hoc|Any CPU.Build.0 = Release|Any CPU
		{7666F0AB-7493-49F2-82B0-7D51A0250FC9}.Ad-Hoc|ARM.ActiveCfg = Release|Any CPU
		{7666F0AB-7493-49F2-82B0-7D51A0250FC9}.Ad-Hoc|ARM.Build.0 = Release|Any CPU
		{7666F0AB-7493-49F2-82B0-7D51A0250FC9}.Ad-Hoc|iPhone.ActiveCfg = Release|Any CPU
		{7666F0AB-7493-49F2-82B0-7D51A0250FC9}.Ad-Hoc|iPhone.Build.0 = Release|Any CPU
		{7666F0AB-7493-49F2-82B0-7D51A0250FC9}.Ad-Hoc|iPhoneSimulator.ActiveCfg = Release|Any CPU
		{7666F0AB-7493-49F2-82B0-7D51A0250FC9}.Ad-Hoc|iPhoneSimulator.Build.0 = Release|Any CPU
		{7666F0AB-7493-49F2-82B0-7D51A0250FC9}.Ad-Hoc|Mixed Platforms.ActiveCfg = Release|Any CPU
		{7666F0AB-7493-49F2-82B0-7D51A0250FC9}.Ad-Hoc|Mixed Platforms.Build.0 = Release|Any CPU
		{7666F0AB-7493-49F2-82B0-7D51A0250FC9}.Ad-Hoc|x64.ActiveCfg = Release|Any CPU
		{7666F0AB-7493-49F2-82B0-7D51A0250FC9}.Ad-Hoc|x64.Build.0 = Release|Any CPU
		{7666F0AB-7493-49F2-82B0-7D51A0250FC9}.Ad-Hoc|x86.ActiveCfg = Release|Any CPU
		{7666F0AB-7493-49F2-82B0-7D51A0250FC9}.Ad-Hoc|x86.Build.0 = Release|Any CPU
		{7666F0AB-7493-49F2-82B0-7D51A0250FC9}.AppStore|Any CPU.ActiveCfg = Release|Any CPU
		{7666F0AB-7493-49F2-82B0-7D51A0250FC9}.AppStore|Any CPU.Build.0 = Release|Any CPU
		{7666F0AB-7493-49F2-82B0-7D51A0250FC9}.AppStore|ARM.ActiveCfg = Release|Any CPU
		{7666F0AB-7493-49F2-82B0-7D51A0250FC9}.AppStore|ARM.Build.0 = Release|Any CPU
		{7666F0AB-7493-49F2-82B0-7D51A0250FC9}.AppStore|iPhone.ActiveCfg = Release|Any CPU
		{7666F0AB-7493-49F2-82B0-7D51A0250FC9}.AppStore|iPhone.Build.0 = Release|Any CPU
		{7666F0AB-7493-49F2-82B0-7D51A0250FC9}.AppStore|iPhoneSimulator.ActiveCfg = Release|Any CPU
		{7666F0AB-7493-49F2-82B0-7D51A0250FC9}.AppStore|iPhoneSimulator.Build.0 = Release|Any CPU
		{7666F0AB-7493-49F2-82B0-7D51A0250FC9}.AppStore|Mixed Platforms.ActiveCfg = Release|Any CPU
		{7666F0AB-7493-49F2-82B0-7D51A0250FC9}.AppStore|Mixed Platforms.Build.0 = Release|Any CPU
		{7666F0AB-7493-49F2-82B0-7D51A0250FC9}.AppStore|x64.ActiveCfg = Release|Any CPU
		{7666F0AB-7493-49F2-82B0-7D51A0250FC9}.AppStore|x64.Build.0 = Release|Any CPU
		{7666F0AB-7493-49F2-82B0-7D51A0250FC9}.AppStore|x86.ActiveCfg = Release|Any CPU
		{7666F0AB-7493-49F2-82B0-7D51A0250FC9}.AppStore|x86.Build.0 = Release|Any CPU
		{7666F0AB-7493-49F2-82B0-7D51A0250FC9}.Debug|Any CPU.ActiveCfg = Debug|Any CPU
		{7666F0AB-7493-49F2-82B0-7D51A0250FC9}.Debug|Any CPU.Build.0 = Debug|Any CPU
		{7666F0AB-7493-49F2-82B0-7D51A0250FC9}.Debug|ARM.ActiveCfg = Debug|Any CPU
		{7666F0AB-7493-49F2-82B0-7D51A0250FC9}.Debug|ARM.Build.0 = Debug|Any CPU
		{7666F0AB-7493-49F2-82B0-7D51A0250FC9}.Debug|iPhone.ActiveCfg = Debug|Any CPU
		{7666F0AB-7493-49F2-82B0-7D51A0250FC9}.Debug|iPhone.Build.0 = Debug|Any CPU
		{7666F0AB-7493-49F2-82B0-7D51A0250FC9}.Debug|iPhoneSimulator.ActiveCfg = Debug|Any CPU
		{7666F0AB-7493-49F2-82B0-7D51A0250FC9}.Debug|iPhoneSimulator.Build.0 = Debug|Any CPU
		{7666F0AB-7493-49F2-82B0-7D51A0250FC9}.Debug|Mixed Platforms.ActiveCfg = Debug|Any CPU
		{7666F0AB-7493-49F2-82B0-7D51A0250FC9}.Debug|Mixed Platforms.Build.0 = Debug|Any CPU
		{7666F0AB-7493-49F2-82B0-7D51A0250FC9}.Debug|x64.ActiveCfg = Debug|Any CPU
		{7666F0AB-7493-49F2-82B0-7D51A0250FC9}.Debug|x64.Build.0 = Debug|Any CPU
		{7666F0AB-7493-49F2-82B0-7D51A0250FC9}.Debug|x86.ActiveCfg = Debug|Any CPU
		{7666F0AB-7493-49F2-82B0-7D51A0250FC9}.Debug|x86.Build.0 = Debug|Any CPU
		{7666F0AB-7493-49F2-82B0-7D51A0250FC9}.Release|Any CPU.ActiveCfg = Release|Any CPU
		{7666F0AB-7493-49F2-82B0-7D51A0250FC9}.Release|Any CPU.Build.0 = Release|Any CPU
		{7666F0AB-7493-49F2-82B0-7D51A0250FC9}.Release|ARM.ActiveCfg = Release|Any CPU
		{7666F0AB-7493-49F2-82B0-7D51A0250FC9}.Release|ARM.Build.0 = Release|Any CPU
		{7666F0AB-7493-49F2-82B0-7D51A0250FC9}.Release|iPhone.ActiveCfg = Release|Any CPU
		{7666F0AB-7493-49F2-82B0-7D51A0250FC9}.Release|iPhone.Build.0 = Release|Any CPU
		{7666F0AB-7493-49F2-82B0-7D51A0250FC9}.Release|iPhoneSimulator.ActiveCfg = Release|Any CPU
		{7666F0AB-7493-49F2-82B0-7D51A0250FC9}.Release|iPhoneSimulator.Build.0 = Release|Any CPU
		{7666F0AB-7493-49F2-82B0-7D51A0250FC9}.Release|Mixed Platforms.ActiveCfg = Release|Any CPU
		{7666F0AB-7493-49F2-82B0-7D51A0250FC9}.Release|Mixed Platforms.Build.0 = Release|Any CPU
		{7666F0AB-7493-49F2-82B0-7D51A0250FC9}.Release|x64.ActiveCfg = Release|Any CPU
		{7666F0AB-7493-49F2-82B0-7D51A0250FC9}.Release|x64.Build.0 = Release|Any CPU
		{7666F0AB-7493-49F2-82B0-7D51A0250FC9}.Release|x86.ActiveCfg = Release|Any CPU
		{7666F0AB-7493-49F2-82B0-7D51A0250FC9}.Release|x86.Build.0 = Release|Any CPU
		{C5DD0133-9A66-4489-91C3-745D6ED5FFE5}.Ad-Hoc|Any CPU.ActiveCfg = Release|Any CPU
		{C5DD0133-9A66-4489-91C3-745D6ED5FFE5}.Ad-Hoc|Any CPU.Build.0 = Release|Any CPU
		{C5DD0133-9A66-4489-91C3-745D6ED5FFE5}.Ad-Hoc|ARM.ActiveCfg = Release|ARM
		{C5DD0133-9A66-4489-91C3-745D6ED5FFE5}.Ad-Hoc|ARM.Build.0 = Release|ARM
		{C5DD0133-9A66-4489-91C3-745D6ED5FFE5}.Ad-Hoc|iPhone.ActiveCfg = Release|Any CPU
		{C5DD0133-9A66-4489-91C3-745D6ED5FFE5}.Ad-Hoc|iPhoneSimulator.ActiveCfg = Release|Any CPU
		{C5DD0133-9A66-4489-91C3-745D6ED5FFE5}.Ad-Hoc|Mixed Platforms.ActiveCfg = Release|x86
		{C5DD0133-9A66-4489-91C3-745D6ED5FFE5}.Ad-Hoc|Mixed Platforms.Build.0 = Release|x86
		{C5DD0133-9A66-4489-91C3-745D6ED5FFE5}.Ad-Hoc|x64.ActiveCfg = Release|Any CPU
		{C5DD0133-9A66-4489-91C3-745D6ED5FFE5}.Ad-Hoc|x86.ActiveCfg = Release|x86
		{C5DD0133-9A66-4489-91C3-745D6ED5FFE5}.Ad-Hoc|x86.Build.0 = Release|x86
		{C5DD0133-9A66-4489-91C3-745D6ED5FFE5}.AppStore|Any CPU.ActiveCfg = Release|Any CPU
		{C5DD0133-9A66-4489-91C3-745D6ED5FFE5}.AppStore|Any CPU.Build.0 = Release|Any CPU
		{C5DD0133-9A66-4489-91C3-745D6ED5FFE5}.AppStore|ARM.ActiveCfg = Release|ARM
		{C5DD0133-9A66-4489-91C3-745D6ED5FFE5}.AppStore|ARM.Build.0 = Release|ARM
		{C5DD0133-9A66-4489-91C3-745D6ED5FFE5}.AppStore|iPhone.ActiveCfg = Release|Any CPU
		{C5DD0133-9A66-4489-91C3-745D6ED5FFE5}.AppStore|iPhoneSimulator.ActiveCfg = Release|Any CPU
		{C5DD0133-9A66-4489-91C3-745D6ED5FFE5}.AppStore|Mixed Platforms.ActiveCfg = Release|x86
		{C5DD0133-9A66-4489-91C3-745D6ED5FFE5}.AppStore|Mixed Platforms.Build.0 = Release|x86
		{C5DD0133-9A66-4489-91C3-745D6ED5FFE5}.AppStore|x64.ActiveCfg = Release|Any CPU
		{C5DD0133-9A66-4489-91C3-745D6ED5FFE5}.AppStore|x86.ActiveCfg = Release|x86
		{C5DD0133-9A66-4489-91C3-745D6ED5FFE5}.AppStore|x86.Build.0 = Release|x86
		{C5DD0133-9A66-4489-91C3-745D6ED5FFE5}.Debug|Any CPU.ActiveCfg = Debug|Any CPU
		{C5DD0133-9A66-4489-91C3-745D6ED5FFE5}.Debug|Any CPU.Build.0 = Debug|Any CPU
		{C5DD0133-9A66-4489-91C3-745D6ED5FFE5}.Debug|ARM.ActiveCfg = Debug|ARM
		{C5DD0133-9A66-4489-91C3-745D6ED5FFE5}.Debug|ARM.Build.0 = Debug|ARM
		{C5DD0133-9A66-4489-91C3-745D6ED5FFE5}.Debug|iPhone.ActiveCfg = Debug|Any CPU
		{C5DD0133-9A66-4489-91C3-745D6ED5FFE5}.Debug|iPhoneSimulator.ActiveCfg = Debug|Any CPU
		{C5DD0133-9A66-4489-91C3-745D6ED5FFE5}.Debug|Mixed Platforms.ActiveCfg = Debug|Any CPU
		{C5DD0133-9A66-4489-91C3-745D6ED5FFE5}.Debug|Mixed Platforms.Build.0 = Debug|Any CPU
		{C5DD0133-9A66-4489-91C3-745D6ED5FFE5}.Debug|x64.ActiveCfg = Debug|Any CPU
		{C5DD0133-9A66-4489-91C3-745D6ED5FFE5}.Debug|x86.ActiveCfg = Debug|x86
		{C5DD0133-9A66-4489-91C3-745D6ED5FFE5}.Debug|x86.Build.0 = Debug|x86
		{C5DD0133-9A66-4489-91C3-745D6ED5FFE5}.Release|Any CPU.ActiveCfg = Release|Any CPU
		{C5DD0133-9A66-4489-91C3-745D6ED5FFE5}.Release|Any CPU.Build.0 = Release|Any CPU
		{C5DD0133-9A66-4489-91C3-745D6ED5FFE5}.Release|ARM.ActiveCfg = Release|ARM
		{C5DD0133-9A66-4489-91C3-745D6ED5FFE5}.Release|ARM.Build.0 = Release|ARM
		{C5DD0133-9A66-4489-91C3-745D6ED5FFE5}.Release|iPhone.ActiveCfg = Release|Any CPU
		{C5DD0133-9A66-4489-91C3-745D6ED5FFE5}.Release|iPhoneSimulator.ActiveCfg = Release|Any CPU
		{C5DD0133-9A66-4489-91C3-745D6ED5FFE5}.Release|Mixed Platforms.ActiveCfg = Release|Any CPU
		{C5DD0133-9A66-4489-91C3-745D6ED5FFE5}.Release|Mixed Platforms.Build.0 = Release|Any CPU
		{C5DD0133-9A66-4489-91C3-745D6ED5FFE5}.Release|x64.ActiveCfg = Release|Any CPU
		{C5DD0133-9A66-4489-91C3-745D6ED5FFE5}.Release|x86.ActiveCfg = Release|x86
		{C5DD0133-9A66-4489-91C3-745D6ED5FFE5}.Release|x86.Build.0 = Release|x86
		{D77B034E-C3F0-4DA3-B193-9F4EB2C0CDE2}.Ad-Hoc|Any CPU.ActiveCfg = Release|Any CPU
		{D77B034E-C3F0-4DA3-B193-9F4EB2C0CDE2}.Ad-Hoc|Any CPU.Build.0 = Release|Any CPU
		{D77B034E-C3F0-4DA3-B193-9F4EB2C0CDE2}.Ad-Hoc|ARM.ActiveCfg = Release|ARM
		{D77B034E-C3F0-4DA3-B193-9F4EB2C0CDE2}.Ad-Hoc|ARM.Build.0 = Release|ARM
		{D77B034E-C3F0-4DA3-B193-9F4EB2C0CDE2}.Ad-Hoc|iPhone.ActiveCfg = Release|Any CPU
		{D77B034E-C3F0-4DA3-B193-9F4EB2C0CDE2}.Ad-Hoc|iPhoneSimulator.ActiveCfg = Release|Any CPU
		{D77B034E-C3F0-4DA3-B193-9F4EB2C0CDE2}.Ad-Hoc|Mixed Platforms.ActiveCfg = Release|x86
		{D77B034E-C3F0-4DA3-B193-9F4EB2C0CDE2}.Ad-Hoc|Mixed Platforms.Build.0 = Release|x86
		{D77B034E-C3F0-4DA3-B193-9F4EB2C0CDE2}.Ad-Hoc|x64.ActiveCfg = Release|Any CPU
		{D77B034E-C3F0-4DA3-B193-9F4EB2C0CDE2}.Ad-Hoc|x86.ActiveCfg = Release|x86
		{D77B034E-C3F0-4DA3-B193-9F4EB2C0CDE2}.Ad-Hoc|x86.Build.0 = Release|x86
		{D77B034E-C3F0-4DA3-B193-9F4EB2C0CDE2}.AppStore|Any CPU.ActiveCfg = Release|Any CPU
		{D77B034E-C3F0-4DA3-B193-9F4EB2C0CDE2}.AppStore|Any CPU.Build.0 = Release|Any CPU
		{D77B034E-C3F0-4DA3-B193-9F4EB2C0CDE2}.AppStore|ARM.ActiveCfg = Release|ARM
		{D77B034E-C3F0-4DA3-B193-9F4EB2C0CDE2}.AppStore|ARM.Build.0 = Release|ARM
		{D77B034E-C3F0-4DA3-B193-9F4EB2C0CDE2}.AppStore|iPhone.ActiveCfg = Release|Any CPU
		{D77B034E-C3F0-4DA3-B193-9F4EB2C0CDE2}.AppStore|iPhoneSimulator.ActiveCfg = Release|Any CPU
		{D77B034E-C3F0-4DA3-B193-9F4EB2C0CDE2}.AppStore|Mixed Platforms.ActiveCfg = Release|x86
		{D77B034E-C3F0-4DA3-B193-9F4EB2C0CDE2}.AppStore|Mixed Platforms.Build.0 = Release|x86
		{D77B034E-C3F0-4DA3-B193-9F4EB2C0CDE2}.AppStore|x64.ActiveCfg = Release|Any CPU
		{D77B034E-C3F0-4DA3-B193-9F4EB2C0CDE2}.AppStore|x86.ActiveCfg = Release|x86
		{D77B034E-C3F0-4DA3-B193-9F4EB2C0CDE2}.AppStore|x86.Build.0 = Release|x86
		{D77B034E-C3F0-4DA3-B193-9F4EB2C0CDE2}.Debug|Any CPU.ActiveCfg = Debug|Any CPU
		{D77B034E-C3F0-4DA3-B193-9F4EB2C0CDE2}.Debug|Any CPU.Build.0 = Debug|Any CPU
		{D77B034E-C3F0-4DA3-B193-9F4EB2C0CDE2}.Debug|ARM.ActiveCfg = Debug|ARM
		{D77B034E-C3F0-4DA3-B193-9F4EB2C0CDE2}.Debug|ARM.Build.0 = Debug|ARM
		{D77B034E-C3F0-4DA3-B193-9F4EB2C0CDE2}.Debug|iPhone.ActiveCfg = Debug|Any CPU
		{D77B034E-C3F0-4DA3-B193-9F4EB2C0CDE2}.Debug|iPhoneSimulator.ActiveCfg = Debug|Any CPU
		{D77B034E-C3F0-4DA3-B193-9F4EB2C0CDE2}.Debug|Mixed Platforms.ActiveCfg = Debug|Any CPU
		{D77B034E-C3F0-4DA3-B193-9F4EB2C0CDE2}.Debug|Mixed Platforms.Build.0 = Debug|Any CPU
		{D77B034E-C3F0-4DA3-B193-9F4EB2C0CDE2}.Debug|x64.ActiveCfg = Debug|Any CPU
		{D77B034E-C3F0-4DA3-B193-9F4EB2C0CDE2}.Debug|x86.ActiveCfg = Debug|x86
		{D77B034E-C3F0-4DA3-B193-9F4EB2C0CDE2}.Debug|x86.Build.0 = Debug|x86
		{D77B034E-C3F0-4DA3-B193-9F4EB2C0CDE2}.Release|Any CPU.ActiveCfg = Release|Any CPU
		{D77B034E-C3F0-4DA3-B193-9F4EB2C0CDE2}.Release|Any CPU.Build.0 = Release|Any CPU
		{D77B034E-C3F0-4DA3-B193-9F4EB2C0CDE2}.Release|ARM.ActiveCfg = Release|ARM
		{D77B034E-C3F0-4DA3-B193-9F4EB2C0CDE2}.Release|ARM.Build.0 = Release|ARM
		{D77B034E-C3F0-4DA3-B193-9F4EB2C0CDE2}.Release|iPhone.ActiveCfg = Release|Any CPU
		{D77B034E-C3F0-4DA3-B193-9F4EB2C0CDE2}.Release|iPhoneSimulator.ActiveCfg = Release|Any CPU
		{D77B034E-C3F0-4DA3-B193-9F4EB2C0CDE2}.Release|Mixed Platforms.ActiveCfg = Release|Any CPU
		{D77B034E-C3F0-4DA3-B193-9F4EB2C0CDE2}.Release|Mixed Platforms.Build.0 = Release|Any CPU
		{D77B034E-C3F0-4DA3-B193-9F4EB2C0CDE2}.Release|x64.ActiveCfg = Release|Any CPU
		{D77B034E-C3F0-4DA3-B193-9F4EB2C0CDE2}.Release|x86.ActiveCfg = Release|x86
		{D77B034E-C3F0-4DA3-B193-9F4EB2C0CDE2}.Release|x86.Build.0 = Release|x86
		{73188683-2FCC-4AEE-8A30-E30E1532D6CF}.Ad-Hoc|Any CPU.ActiveCfg = Release|Any CPU
		{73188683-2FCC-4AEE-8A30-E30E1532D6CF}.Ad-Hoc|Any CPU.Build.0 = Release|Any CPU
		{73188683-2FCC-4AEE-8A30-E30E1532D6CF}.Ad-Hoc|ARM.ActiveCfg = Release|ARM
		{73188683-2FCC-4AEE-8A30-E30E1532D6CF}.Ad-Hoc|ARM.Build.0 = Release|ARM
		{73188683-2FCC-4AEE-8A30-E30E1532D6CF}.Ad-Hoc|iPhone.ActiveCfg = Release|Any CPU
		{73188683-2FCC-4AEE-8A30-E30E1532D6CF}.Ad-Hoc|iPhone.Build.0 = Release|Any CPU
		{73188683-2FCC-4AEE-8A30-E30E1532D6CF}.Ad-Hoc|iPhoneSimulator.ActiveCfg = Release|Any CPU
		{73188683-2FCC-4AEE-8A30-E30E1532D6CF}.Ad-Hoc|iPhoneSimulator.Build.0 = Release|Any CPU
		{73188683-2FCC-4AEE-8A30-E30E1532D6CF}.Ad-Hoc|Mixed Platforms.ActiveCfg = Release|x86
		{73188683-2FCC-4AEE-8A30-E30E1532D6CF}.Ad-Hoc|Mixed Platforms.Build.0 = Release|x86
		{73188683-2FCC-4AEE-8A30-E30E1532D6CF}.Ad-Hoc|x64.ActiveCfg = Release|Any CPU
		{73188683-2FCC-4AEE-8A30-E30E1532D6CF}.Ad-Hoc|x64.Build.0 = Release|Any CPU
		{73188683-2FCC-4AEE-8A30-E30E1532D6CF}.Ad-Hoc|x86.ActiveCfg = Release|x86
		{73188683-2FCC-4AEE-8A30-E30E1532D6CF}.Ad-Hoc|x86.Build.0 = Release|x86
		{73188683-2FCC-4AEE-8A30-E30E1532D6CF}.AppStore|Any CPU.ActiveCfg = Release|Any CPU
		{73188683-2FCC-4AEE-8A30-E30E1532D6CF}.AppStore|Any CPU.Build.0 = Release|Any CPU
		{73188683-2FCC-4AEE-8A30-E30E1532D6CF}.AppStore|ARM.ActiveCfg = Release|ARM
		{73188683-2FCC-4AEE-8A30-E30E1532D6CF}.AppStore|ARM.Build.0 = Release|ARM
		{73188683-2FCC-4AEE-8A30-E30E1532D6CF}.AppStore|iPhone.ActiveCfg = Release|Any CPU
		{73188683-2FCC-4AEE-8A30-E30E1532D6CF}.AppStore|iPhone.Build.0 = Release|Any CPU
		{73188683-2FCC-4AEE-8A30-E30E1532D6CF}.AppStore|iPhoneSimulator.ActiveCfg = Release|Any CPU
		{73188683-2FCC-4AEE-8A30-E30E1532D6CF}.AppStore|iPhoneSimulator.Build.0 = Release|Any CPU
		{73188683-2FCC-4AEE-8A30-E30E1532D6CF}.AppStore|Mixed Platforms.ActiveCfg = Release|x86
		{73188683-2FCC-4AEE-8A30-E30E1532D6CF}.AppStore|Mixed Platforms.Build.0 = Release|x86
		{73188683-2FCC-4AEE-8A30-E30E1532D6CF}.AppStore|x64.ActiveCfg = Release|Any CPU
		{73188683-2FCC-4AEE-8A30-E30E1532D6CF}.AppStore|x64.Build.0 = Release|Any CPU
		{73188683-2FCC-4AEE-8A30-E30E1532D6CF}.AppStore|x86.ActiveCfg = Release|x86
		{73188683-2FCC-4AEE-8A30-E30E1532D6CF}.AppStore|x86.Build.0 = Release|x86
		{73188683-2FCC-4AEE-8A30-E30E1532D6CF}.Debug|Any CPU.ActiveCfg = Debug|Any CPU
		{73188683-2FCC-4AEE-8A30-E30E1532D6CF}.Debug|Any CPU.Build.0 = Debug|Any CPU
		{73188683-2FCC-4AEE-8A30-E30E1532D6CF}.Debug|ARM.ActiveCfg = Debug|ARM
		{73188683-2FCC-4AEE-8A30-E30E1532D6CF}.Debug|ARM.Build.0 = Debug|ARM
		{73188683-2FCC-4AEE-8A30-E30E1532D6CF}.Debug|iPhone.ActiveCfg = Debug|Any CPU
		{73188683-2FCC-4AEE-8A30-E30E1532D6CF}.Debug|iPhone.Build.0 = Debug|Any CPU
		{73188683-2FCC-4AEE-8A30-E30E1532D6CF}.Debug|iPhoneSimulator.ActiveCfg = Debug|Any CPU
		{73188683-2FCC-4AEE-8A30-E30E1532D6CF}.Debug|iPhoneSimulator.Build.0 = Debug|Any CPU
		{73188683-2FCC-4AEE-8A30-E30E1532D6CF}.Debug|Mixed Platforms.ActiveCfg = Debug|x86
		{73188683-2FCC-4AEE-8A30-E30E1532D6CF}.Debug|Mixed Platforms.Build.0 = Debug|x86
		{73188683-2FCC-4AEE-8A30-E30E1532D6CF}.Debug|x64.ActiveCfg = Debug|Any CPU
		{73188683-2FCC-4AEE-8A30-E30E1532D6CF}.Debug|x64.Build.0 = Debug|Any CPU
		{73188683-2FCC-4AEE-8A30-E30E1532D6CF}.Debug|x86.ActiveCfg = Debug|x86
		{73188683-2FCC-4AEE-8A30-E30E1532D6CF}.Debug|x86.Build.0 = Debug|x86
		{73188683-2FCC-4AEE-8A30-E30E1532D6CF}.Release|Any CPU.ActiveCfg = Release|Any CPU
		{73188683-2FCC-4AEE-8A30-E30E1532D6CF}.Release|Any CPU.Build.0 = Release|Any CPU
		{73188683-2FCC-4AEE-8A30-E30E1532D6CF}.Release|ARM.ActiveCfg = Release|ARM
		{73188683-2FCC-4AEE-8A30-E30E1532D6CF}.Release|ARM.Build.0 = Release|ARM
		{73188683-2FCC-4AEE-8A30-E30E1532D6CF}.Release|iPhone.ActiveCfg = Release|Any CPU
		{73188683-2FCC-4AEE-8A30-E30E1532D6CF}.Release|iPhone.Build.0 = Release|Any CPU
		{73188683-2FCC-4AEE-8A30-E30E1532D6CF}.Release|iPhoneSimulator.ActiveCfg = Release|Any CPU
		{73188683-2FCC-4AEE-8A30-E30E1532D6CF}.Release|iPhoneSimulator.Build.0 = Release|Any CPU
		{73188683-2FCC-4AEE-8A30-E30E1532D6CF}.Release|Mixed Platforms.ActiveCfg = Release|x86
		{73188683-2FCC-4AEE-8A30-E30E1532D6CF}.Release|Mixed Platforms.Build.0 = Release|x86
		{73188683-2FCC-4AEE-8A30-E30E1532D6CF}.Release|x64.ActiveCfg = Release|Any CPU
		{73188683-2FCC-4AEE-8A30-E30E1532D6CF}.Release|x64.Build.0 = Release|Any CPU
		{73188683-2FCC-4AEE-8A30-E30E1532D6CF}.Release|x86.ActiveCfg = Release|x86
		{73188683-2FCC-4AEE-8A30-E30E1532D6CF}.Release|x86.Build.0 = Release|x86
		{9EE3F977-6715-4509-8FE8-B862158AA293}.Ad-Hoc|Any CPU.ActiveCfg = Release|Any CPU
		{9EE3F977-6715-4509-8FE8-B862158AA293}.Ad-Hoc|Any CPU.Build.0 = Release|Any CPU
		{9EE3F977-6715-4509-8FE8-B862158AA293}.Ad-Hoc|ARM.ActiveCfg = Release|ARM
		{9EE3F977-6715-4509-8FE8-B862158AA293}.Ad-Hoc|ARM.Build.0 = Release|ARM
		{9EE3F977-6715-4509-8FE8-B862158AA293}.Ad-Hoc|iPhone.ActiveCfg = Release|Any CPU
		{9EE3F977-6715-4509-8FE8-B862158AA293}.Ad-Hoc|iPhone.Build.0 = Release|Any CPU
		{9EE3F977-6715-4509-8FE8-B862158AA293}.Ad-Hoc|iPhoneSimulator.ActiveCfg = Release|Any CPU
		{9EE3F977-6715-4509-8FE8-B862158AA293}.Ad-Hoc|iPhoneSimulator.Build.0 = Release|Any CPU
		{9EE3F977-6715-4509-8FE8-B862158AA293}.Ad-Hoc|Mixed Platforms.ActiveCfg = Release|x86
		{9EE3F977-6715-4509-8FE8-B862158AA293}.Ad-Hoc|Mixed Platforms.Build.0 = Release|x86
		{9EE3F977-6715-4509-8FE8-B862158AA293}.Ad-Hoc|x64.ActiveCfg = Release|x64
		{9EE3F977-6715-4509-8FE8-B862158AA293}.Ad-Hoc|x64.Build.0 = Release|x64
		{9EE3F977-6715-4509-8FE8-B862158AA293}.Ad-Hoc|x86.ActiveCfg = Release|x86
		{9EE3F977-6715-4509-8FE8-B862158AA293}.Ad-Hoc|x86.Build.0 = Release|x86
		{9EE3F977-6715-4509-8FE8-B862158AA293}.AppStore|Any CPU.ActiveCfg = Release|Any CPU
		{9EE3F977-6715-4509-8FE8-B862158AA293}.AppStore|Any CPU.Build.0 = Release|Any CPU
		{9EE3F977-6715-4509-8FE8-B862158AA293}.AppStore|ARM.ActiveCfg = Release|ARM
		{9EE3F977-6715-4509-8FE8-B862158AA293}.AppStore|ARM.Build.0 = Release|ARM
		{9EE3F977-6715-4509-8FE8-B862158AA293}.AppStore|iPhone.ActiveCfg = Release|Any CPU
		{9EE3F977-6715-4509-8FE8-B862158AA293}.AppStore|iPhone.Build.0 = Release|Any CPU
		{9EE3F977-6715-4509-8FE8-B862158AA293}.AppStore|iPhoneSimulator.ActiveCfg = Release|Any CPU
		{9EE3F977-6715-4509-8FE8-B862158AA293}.AppStore|iPhoneSimulator.Build.0 = Release|Any CPU
		{9EE3F977-6715-4509-8FE8-B862158AA293}.AppStore|Mixed Platforms.ActiveCfg = Release|x86
		{9EE3F977-6715-4509-8FE8-B862158AA293}.AppStore|Mixed Platforms.Build.0 = Release|x86
		{9EE3F977-6715-4509-8FE8-B862158AA293}.AppStore|x64.ActiveCfg = Release|x64
		{9EE3F977-6715-4509-8FE8-B862158AA293}.AppStore|x64.Build.0 = Release|x64
		{9EE3F977-6715-4509-8FE8-B862158AA293}.AppStore|x86.ActiveCfg = Release|x86
		{9EE3F977-6715-4509-8FE8-B862158AA293}.AppStore|x86.Build.0 = Release|x86
		{9EE3F977-6715-4509-8FE8-B862158AA293}.Debug|Any CPU.ActiveCfg = Debug|Any CPU
		{9EE3F977-6715-4509-8FE8-B862158AA293}.Debug|Any CPU.Build.0 = Debug|Any CPU
		{9EE3F977-6715-4509-8FE8-B862158AA293}.Debug|ARM.ActiveCfg = Debug|ARM
		{9EE3F977-6715-4509-8FE8-B862158AA293}.Debug|ARM.Build.0 = Debug|ARM
		{9EE3F977-6715-4509-8FE8-B862158AA293}.Debug|iPhone.ActiveCfg = Debug|Any CPU
		{9EE3F977-6715-4509-8FE8-B862158AA293}.Debug|iPhone.Build.0 = Debug|Any CPU
		{9EE3F977-6715-4509-8FE8-B862158AA293}.Debug|iPhoneSimulator.ActiveCfg = Debug|Any CPU
		{9EE3F977-6715-4509-8FE8-B862158AA293}.Debug|iPhoneSimulator.Build.0 = Debug|Any CPU
		{9EE3F977-6715-4509-8FE8-B862158AA293}.Debug|Mixed Platforms.ActiveCfg = Debug|x86
		{9EE3F977-6715-4509-8FE8-B862158AA293}.Debug|Mixed Platforms.Build.0 = Debug|x86
		{9EE3F977-6715-4509-8FE8-B862158AA293}.Debug|x64.ActiveCfg = Debug|x64
		{9EE3F977-6715-4509-8FE8-B862158AA293}.Debug|x64.Build.0 = Debug|x64
		{9EE3F977-6715-4509-8FE8-B862158AA293}.Debug|x86.ActiveCfg = Debug|x86
		{9EE3F977-6715-4509-8FE8-B862158AA293}.Debug|x86.Build.0 = Debug|x86
		{9EE3F977-6715-4509-8FE8-B862158AA293}.Release|Any CPU.ActiveCfg = Release|Any CPU
		{9EE3F977-6715-4509-8FE8-B862158AA293}.Release|Any CPU.Build.0 = Release|Any CPU
		{9EE3F977-6715-4509-8FE8-B862158AA293}.Release|ARM.ActiveCfg = Release|ARM
		{9EE3F977-6715-4509-8FE8-B862158AA293}.Release|ARM.Build.0 = Release|ARM
		{9EE3F977-6715-4509-8FE8-B862158AA293}.Release|iPhone.ActiveCfg = Release|Any CPU
		{9EE3F977-6715-4509-8FE8-B862158AA293}.Release|iPhone.Build.0 = Release|Any CPU
		{9EE3F977-6715-4509-8FE8-B862158AA293}.Release|iPhoneSimulator.ActiveCfg = Release|Any CPU
		{9EE3F977-6715-4509-8FE8-B862158AA293}.Release|iPhoneSimulator.Build.0 = Release|Any CPU
		{9EE3F977-6715-4509-8FE8-B862158AA293}.Release|Mixed Platforms.ActiveCfg = Release|x86
		{9EE3F977-6715-4509-8FE8-B862158AA293}.Release|Mixed Platforms.Build.0 = Release|x86
		{9EE3F977-6715-4509-8FE8-B862158AA293}.Release|x64.ActiveCfg = Release|x64
		{9EE3F977-6715-4509-8FE8-B862158AA293}.Release|x64.Build.0 = Release|x64
		{9EE3F977-6715-4509-8FE8-B862158AA293}.Release|x86.ActiveCfg = Release|x86
		{9EE3F977-6715-4509-8FE8-B862158AA293}.Release|x86.Build.0 = Release|x86
		{3EBB5946-5B7E-4EB3-8E3A-4FEE91D69ED6}.Ad-Hoc|Any CPU.ActiveCfg = Release|Any CPU
		{3EBB5946-5B7E-4EB3-8E3A-4FEE91D69ED6}.Ad-Hoc|Any CPU.Build.0 = Release|Any CPU
		{3EBB5946-5B7E-4EB3-8E3A-4FEE91D69ED6}.Ad-Hoc|ARM.ActiveCfg = Release|Any CPU
		{3EBB5946-5B7E-4EB3-8E3A-4FEE91D69ED6}.Ad-Hoc|ARM.Build.0 = Release|Any CPU
		{3EBB5946-5B7E-4EB3-8E3A-4FEE91D69ED6}.Ad-Hoc|iPhone.ActiveCfg = Debug|Any CPU
		{3EBB5946-5B7E-4EB3-8E3A-4FEE91D69ED6}.Ad-Hoc|iPhone.Build.0 = Debug|Any CPU
		{3EBB5946-5B7E-4EB3-8E3A-4FEE91D69ED6}.Ad-Hoc|iPhoneSimulator.ActiveCfg = Release|Any CPU
		{3EBB5946-5B7E-4EB3-8E3A-4FEE91D69ED6}.Ad-Hoc|iPhoneSimulator.Build.0 = Release|Any CPU
		{3EBB5946-5B7E-4EB3-8E3A-4FEE91D69ED6}.Ad-Hoc|Mixed Platforms.ActiveCfg = Release|Any CPU
		{3EBB5946-5B7E-4EB3-8E3A-4FEE91D69ED6}.Ad-Hoc|Mixed Platforms.Build.0 = Release|Any CPU
		{3EBB5946-5B7E-4EB3-8E3A-4FEE91D69ED6}.Ad-Hoc|x64.ActiveCfg = Debug|Any CPU
		{3EBB5946-5B7E-4EB3-8E3A-4FEE91D69ED6}.Ad-Hoc|x64.Build.0 = Debug|Any CPU
		{3EBB5946-5B7E-4EB3-8E3A-4FEE91D69ED6}.Ad-Hoc|x86.ActiveCfg = Release|Any CPU
		{3EBB5946-5B7E-4EB3-8E3A-4FEE91D69ED6}.Ad-Hoc|x86.Build.0 = Release|Any CPU
		{3EBB5946-5B7E-4EB3-8E3A-4FEE91D69ED6}.AppStore|Any CPU.ActiveCfg = Release|Any CPU
		{3EBB5946-5B7E-4EB3-8E3A-4FEE91D69ED6}.AppStore|Any CPU.Build.0 = Release|Any CPU
		{3EBB5946-5B7E-4EB3-8E3A-4FEE91D69ED6}.AppStore|ARM.ActiveCfg = Release|Any CPU
		{3EBB5946-5B7E-4EB3-8E3A-4FEE91D69ED6}.AppStore|ARM.Build.0 = Release|Any CPU
		{3EBB5946-5B7E-4EB3-8E3A-4FEE91D69ED6}.AppStore|iPhone.ActiveCfg = Debug|Any CPU
		{3EBB5946-5B7E-4EB3-8E3A-4FEE91D69ED6}.AppStore|iPhone.Build.0 = Debug|Any CPU
		{3EBB5946-5B7E-4EB3-8E3A-4FEE91D69ED6}.AppStore|iPhoneSimulator.ActiveCfg = Release|Any CPU
		{3EBB5946-5B7E-4EB3-8E3A-4FEE91D69ED6}.AppStore|iPhoneSimulator.Build.0 = Release|Any CPU
		{3EBB5946-5B7E-4EB3-8E3A-4FEE91D69ED6}.AppStore|Mixed Platforms.ActiveCfg = Release|Any CPU
		{3EBB5946-5B7E-4EB3-8E3A-4FEE91D69ED6}.AppStore|Mixed Platforms.Build.0 = Release|Any CPU
		{3EBB5946-5B7E-4EB3-8E3A-4FEE91D69ED6}.AppStore|x64.ActiveCfg = Debug|Any CPU
		{3EBB5946-5B7E-4EB3-8E3A-4FEE91D69ED6}.AppStore|x64.Build.0 = Debug|Any CPU
		{3EBB5946-5B7E-4EB3-8E3A-4FEE91D69ED6}.AppStore|x86.ActiveCfg = Release|Any CPU
		{3EBB5946-5B7E-4EB3-8E3A-4FEE91D69ED6}.AppStore|x86.Build.0 = Release|Any CPU
		{3EBB5946-5B7E-4EB3-8E3A-4FEE91D69ED6}.Debug|Any CPU.ActiveCfg = Debug|Any CPU
		{3EBB5946-5B7E-4EB3-8E3A-4FEE91D69ED6}.Debug|Any CPU.Build.0 = Debug|Any CPU
		{3EBB5946-5B7E-4EB3-8E3A-4FEE91D69ED6}.Debug|ARM.ActiveCfg = Debug|Any CPU
		{3EBB5946-5B7E-4EB3-8E3A-4FEE91D69ED6}.Debug|ARM.Build.0 = Debug|Any CPU
		{3EBB5946-5B7E-4EB3-8E3A-4FEE91D69ED6}.Debug|iPhone.ActiveCfg = Debug|Any CPU
		{3EBB5946-5B7E-4EB3-8E3A-4FEE91D69ED6}.Debug|iPhone.Build.0 = Debug|Any CPU
		{3EBB5946-5B7E-4EB3-8E3A-4FEE91D69ED6}.Debug|iPhoneSimulator.ActiveCfg = Debug|Any CPU
		{3EBB5946-5B7E-4EB3-8E3A-4FEE91D69ED6}.Debug|iPhoneSimulator.Build.0 = Debug|Any CPU
		{3EBB5946-5B7E-4EB3-8E3A-4FEE91D69ED6}.Debug|Mixed Platforms.ActiveCfg = Debug|Any CPU
		{3EBB5946-5B7E-4EB3-8E3A-4FEE91D69ED6}.Debug|Mixed Platforms.Build.0 = Debug|Any CPU
		{3EBB5946-5B7E-4EB3-8E3A-4FEE91D69ED6}.Debug|x64.ActiveCfg = Debug|Any CPU
		{3EBB5946-5B7E-4EB3-8E3A-4FEE91D69ED6}.Debug|x64.Build.0 = Debug|Any CPU
		{3EBB5946-5B7E-4EB3-8E3A-4FEE91D69ED6}.Debug|x86.ActiveCfg = Debug|Any CPU
		{3EBB5946-5B7E-4EB3-8E3A-4FEE91D69ED6}.Debug|x86.Build.0 = Debug|Any CPU
		{3EBB5946-5B7E-4EB3-8E3A-4FEE91D69ED6}.Release|Any CPU.ActiveCfg = Release|Any CPU
		{3EBB5946-5B7E-4EB3-8E3A-4FEE91D69ED6}.Release|Any CPU.Build.0 = Release|Any CPU
		{3EBB5946-5B7E-4EB3-8E3A-4FEE91D69ED6}.Release|ARM.ActiveCfg = Release|Any CPU
		{3EBB5946-5B7E-4EB3-8E3A-4FEE91D69ED6}.Release|ARM.Build.0 = Release|Any CPU
		{3EBB5946-5B7E-4EB3-8E3A-4FEE91D69ED6}.Release|iPhone.ActiveCfg = Release|Any CPU
		{3EBB5946-5B7E-4EB3-8E3A-4FEE91D69ED6}.Release|iPhone.Build.0 = Release|Any CPU
		{3EBB5946-5B7E-4EB3-8E3A-4FEE91D69ED6}.Release|iPhoneSimulator.ActiveCfg = Release|Any CPU
		{3EBB5946-5B7E-4EB3-8E3A-4FEE91D69ED6}.Release|iPhoneSimulator.Build.0 = Release|Any CPU
		{3EBB5946-5B7E-4EB3-8E3A-4FEE91D69ED6}.Release|Mixed Platforms.ActiveCfg = Release|Any CPU
		{3EBB5946-5B7E-4EB3-8E3A-4FEE91D69ED6}.Release|Mixed Platforms.Build.0 = Release|Any CPU
		{3EBB5946-5B7E-4EB3-8E3A-4FEE91D69ED6}.Release|x64.ActiveCfg = Release|Any CPU
		{3EBB5946-5B7E-4EB3-8E3A-4FEE91D69ED6}.Release|x64.Build.0 = Release|Any CPU
		{3EBB5946-5B7E-4EB3-8E3A-4FEE91D69ED6}.Release|x86.ActiveCfg = Release|Any CPU
		{3EBB5946-5B7E-4EB3-8E3A-4FEE91D69ED6}.Release|x86.Build.0 = Release|Any CPU
		{6397C9BB-4FCF-4484-923B-A36093A4253D}.Ad-Hoc|Any CPU.ActiveCfg = Release|Any CPU
		{6397C9BB-4FCF-4484-923B-A36093A4253D}.Ad-Hoc|Any CPU.Build.0 = Release|Any CPU
		{6397C9BB-4FCF-4484-923B-A36093A4253D}.Ad-Hoc|ARM.ActiveCfg = Release|Any CPU
		{6397C9BB-4FCF-4484-923B-A36093A4253D}.Ad-Hoc|ARM.Build.0 = Release|Any CPU
		{6397C9BB-4FCF-4484-923B-A36093A4253D}.Ad-Hoc|iPhone.ActiveCfg = Debug|Any CPU
		{6397C9BB-4FCF-4484-923B-A36093A4253D}.Ad-Hoc|iPhone.Build.0 = Debug|Any CPU
		{6397C9BB-4FCF-4484-923B-A36093A4253D}.Ad-Hoc|iPhoneSimulator.ActiveCfg = Release|Any CPU
		{6397C9BB-4FCF-4484-923B-A36093A4253D}.Ad-Hoc|iPhoneSimulator.Build.0 = Release|Any CPU
		{6397C9BB-4FCF-4484-923B-A36093A4253D}.Ad-Hoc|Mixed Platforms.ActiveCfg = Release|Any CPU
		{6397C9BB-4FCF-4484-923B-A36093A4253D}.Ad-Hoc|Mixed Platforms.Build.0 = Release|Any CPU
		{6397C9BB-4FCF-4484-923B-A36093A4253D}.Ad-Hoc|x64.ActiveCfg = Debug|Any CPU
		{6397C9BB-4FCF-4484-923B-A36093A4253D}.Ad-Hoc|x64.Build.0 = Debug|Any CPU
		{6397C9BB-4FCF-4484-923B-A36093A4253D}.Ad-Hoc|x86.ActiveCfg = Release|Any CPU
		{6397C9BB-4FCF-4484-923B-A36093A4253D}.Ad-Hoc|x86.Build.0 = Release|Any CPU
		{6397C9BB-4FCF-4484-923B-A36093A4253D}.AppStore|Any CPU.ActiveCfg = Release|Any CPU
		{6397C9BB-4FCF-4484-923B-A36093A4253D}.AppStore|Any CPU.Build.0 = Release|Any CPU
		{6397C9BB-4FCF-4484-923B-A36093A4253D}.AppStore|ARM.ActiveCfg = Release|Any CPU
		{6397C9BB-4FCF-4484-923B-A36093A4253D}.AppStore|ARM.Build.0 = Release|Any CPU
		{6397C9BB-4FCF-4484-923B-A36093A4253D}.AppStore|iPhone.ActiveCfg = Debug|Any CPU
		{6397C9BB-4FCF-4484-923B-A36093A4253D}.AppStore|iPhone.Build.0 = Debug|Any CPU
		{6397C9BB-4FCF-4484-923B-A36093A4253D}.AppStore|iPhoneSimulator.ActiveCfg = Release|Any CPU
		{6397C9BB-4FCF-4484-923B-A36093A4253D}.AppStore|iPhoneSimulator.Build.0 = Release|Any CPU
		{6397C9BB-4FCF-4484-923B-A36093A4253D}.AppStore|Mixed Platforms.ActiveCfg = Release|Any CPU
		{6397C9BB-4FCF-4484-923B-A36093A4253D}.AppStore|Mixed Platforms.Build.0 = Release|Any CPU
		{6397C9BB-4FCF-4484-923B-A36093A4253D}.AppStore|x64.ActiveCfg = Debug|Any CPU
		{6397C9BB-4FCF-4484-923B-A36093A4253D}.AppStore|x64.Build.0 = Debug|Any CPU
		{6397C9BB-4FCF-4484-923B-A36093A4253D}.AppStore|x86.ActiveCfg = Release|Any CPU
		{6397C9BB-4FCF-4484-923B-A36093A4253D}.AppStore|x86.Build.0 = Release|Any CPU
		{6397C9BB-4FCF-4484-923B-A36093A4253D}.Debug|Any CPU.ActiveCfg = Debug|Any CPU
		{6397C9BB-4FCF-4484-923B-A36093A4253D}.Debug|Any CPU.Build.0 = Debug|Any CPU
		{6397C9BB-4FCF-4484-923B-A36093A4253D}.Debug|ARM.ActiveCfg = Debug|Any CPU
		{6397C9BB-4FCF-4484-923B-A36093A4253D}.Debug|ARM.Build.0 = Debug|Any CPU
		{6397C9BB-4FCF-4484-923B-A36093A4253D}.Debug|iPhone.ActiveCfg = Debug|Any CPU
		{6397C9BB-4FCF-4484-923B-A36093A4253D}.Debug|iPhone.Build.0 = Debug|Any CPU
		{6397C9BB-4FCF-4484-923B-A36093A4253D}.Debug|iPhoneSimulator.ActiveCfg = Debug|Any CPU
		{6397C9BB-4FCF-4484-923B-A36093A4253D}.Debug|iPhoneSimulator.Build.0 = Debug|Any CPU
		{6397C9BB-4FCF-4484-923B-A36093A4253D}.Debug|Mixed Platforms.ActiveCfg = Debug|Any CPU
		{6397C9BB-4FCF-4484-923B-A36093A4253D}.Debug|Mixed Platforms.Build.0 = Debug|Any CPU
		{6397C9BB-4FCF-4484-923B-A36093A4253D}.Debug|x64.ActiveCfg = Debug|Any CPU
		{6397C9BB-4FCF-4484-923B-A36093A4253D}.Debug|x64.Build.0 = Debug|Any CPU
		{6397C9BB-4FCF-4484-923B-A36093A4253D}.Debug|x86.ActiveCfg = Debug|Any CPU
		{6397C9BB-4FCF-4484-923B-A36093A4253D}.Debug|x86.Build.0 = Debug|Any CPU
		{6397C9BB-4FCF-4484-923B-A36093A4253D}.Release|Any CPU.ActiveCfg = Release|Any CPU
		{6397C9BB-4FCF-4484-923B-A36093A4253D}.Release|Any CPU.Build.0 = Release|Any CPU
		{6397C9BB-4FCF-4484-923B-A36093A4253D}.Release|ARM.ActiveCfg = Release|Any CPU
		{6397C9BB-4FCF-4484-923B-A36093A4253D}.Release|ARM.Build.0 = Release|Any CPU
		{6397C9BB-4FCF-4484-923B-A36093A4253D}.Release|iPhone.ActiveCfg = Release|Any CPU
		{6397C9BB-4FCF-4484-923B-A36093A4253D}.Release|iPhone.Build.0 = Release|Any CPU
		{6397C9BB-4FCF-4484-923B-A36093A4253D}.Release|iPhoneSimulator.ActiveCfg = Release|Any CPU
		{6397C9BB-4FCF-4484-923B-A36093A4253D}.Release|iPhoneSimulator.Build.0 = Release|Any CPU
		{6397C9BB-4FCF-4484-923B-A36093A4253D}.Release|Mixed Platforms.ActiveCfg = Release|Any CPU
		{6397C9BB-4FCF-4484-923B-A36093A4253D}.Release|Mixed Platforms.Build.0 = Release|Any CPU
		{6397C9BB-4FCF-4484-923B-A36093A4253D}.Release|x64.ActiveCfg = Release|Any CPU
		{6397C9BB-4FCF-4484-923B-A36093A4253D}.Release|x64.Build.0 = Release|Any CPU
		{6397C9BB-4FCF-4484-923B-A36093A4253D}.Release|x86.ActiveCfg = Release|Any CPU
		{6397C9BB-4FCF-4484-923B-A36093A4253D}.Release|x86.Build.0 = Release|Any CPU
		{ED88D56E-0677-4735-B083-60A46FA8CB94}.Ad-Hoc|Any CPU.ActiveCfg = Release|Any CPU
		{ED88D56E-0677-4735-B083-60A46FA8CB94}.Ad-Hoc|Any CPU.Build.0 = Release|Any CPU
		{ED88D56E-0677-4735-B083-60A46FA8CB94}.Ad-Hoc|ARM.ActiveCfg = Release|Any CPU
		{ED88D56E-0677-4735-B083-60A46FA8CB94}.Ad-Hoc|ARM.Build.0 = Release|Any CPU
		{ED88D56E-0677-4735-B083-60A46FA8CB94}.Ad-Hoc|iPhone.ActiveCfg = Debug|Any CPU
		{ED88D56E-0677-4735-B083-60A46FA8CB94}.Ad-Hoc|iPhone.Build.0 = Debug|Any CPU
		{ED88D56E-0677-4735-B083-60A46FA8CB94}.Ad-Hoc|iPhoneSimulator.ActiveCfg = Release|Any CPU
		{ED88D56E-0677-4735-B083-60A46FA8CB94}.Ad-Hoc|iPhoneSimulator.Build.0 = Release|Any CPU
		{ED88D56E-0677-4735-B083-60A46FA8CB94}.Ad-Hoc|Mixed Platforms.ActiveCfg = Release|Any CPU
		{ED88D56E-0677-4735-B083-60A46FA8CB94}.Ad-Hoc|Mixed Platforms.Build.0 = Release|Any CPU
		{ED88D56E-0677-4735-B083-60A46FA8CB94}.Ad-Hoc|x64.ActiveCfg = Debug|Any CPU
		{ED88D56E-0677-4735-B083-60A46FA8CB94}.Ad-Hoc|x64.Build.0 = Debug|Any CPU
		{ED88D56E-0677-4735-B083-60A46FA8CB94}.Ad-Hoc|x86.ActiveCfg = Release|Any CPU
		{ED88D56E-0677-4735-B083-60A46FA8CB94}.Ad-Hoc|x86.Build.0 = Release|Any CPU
		{ED88D56E-0677-4735-B083-60A46FA8CB94}.AppStore|Any CPU.ActiveCfg = Release|Any CPU
		{ED88D56E-0677-4735-B083-60A46FA8CB94}.AppStore|Any CPU.Build.0 = Release|Any CPU
		{ED88D56E-0677-4735-B083-60A46FA8CB94}.AppStore|ARM.ActiveCfg = Release|Any CPU
		{ED88D56E-0677-4735-B083-60A46FA8CB94}.AppStore|ARM.Build.0 = Release|Any CPU
		{ED88D56E-0677-4735-B083-60A46FA8CB94}.AppStore|iPhone.ActiveCfg = Debug|Any CPU
		{ED88D56E-0677-4735-B083-60A46FA8CB94}.AppStore|iPhone.Build.0 = Debug|Any CPU
		{ED88D56E-0677-4735-B083-60A46FA8CB94}.AppStore|iPhoneSimulator.ActiveCfg = Release|Any CPU
		{ED88D56E-0677-4735-B083-60A46FA8CB94}.AppStore|iPhoneSimulator.Build.0 = Release|Any CPU
		{ED88D56E-0677-4735-B083-60A46FA8CB94}.AppStore|Mixed Platforms.ActiveCfg = Release|Any CPU
		{ED88D56E-0677-4735-B083-60A46FA8CB94}.AppStore|Mixed Platforms.Build.0 = Release|Any CPU
		{ED88D56E-0677-4735-B083-60A46FA8CB94}.AppStore|x64.ActiveCfg = Debug|Any CPU
		{ED88D56E-0677-4735-B083-60A46FA8CB94}.AppStore|x64.Build.0 = Debug|Any CPU
		{ED88D56E-0677-4735-B083-60A46FA8CB94}.AppStore|x86.ActiveCfg = Release|Any CPU
		{ED88D56E-0677-4735-B083-60A46FA8CB94}.AppStore|x86.Build.0 = Release|Any CPU
		{ED88D56E-0677-4735-B083-60A46FA8CB94}.Debug|Any CPU.ActiveCfg = Debug|Any CPU
		{ED88D56E-0677-4735-B083-60A46FA8CB94}.Debug|Any CPU.Build.0 = Debug|Any CPU
		{ED88D56E-0677-4735-B083-60A46FA8CB94}.Debug|ARM.ActiveCfg = Debug|Any CPU
		{ED88D56E-0677-4735-B083-60A46FA8CB94}.Debug|ARM.Build.0 = Debug|Any CPU
		{ED88D56E-0677-4735-B083-60A46FA8CB94}.Debug|iPhone.ActiveCfg = Debug|Any CPU
		{ED88D56E-0677-4735-B083-60A46FA8CB94}.Debug|iPhone.Build.0 = Debug|Any CPU
		{ED88D56E-0677-4735-B083-60A46FA8CB94}.Debug|iPhoneSimulator.ActiveCfg = Debug|Any CPU
		{ED88D56E-0677-4735-B083-60A46FA8CB94}.Debug|iPhoneSimulator.Build.0 = Debug|Any CPU
		{ED88D56E-0677-4735-B083-60A46FA8CB94}.Debug|Mixed Platforms.ActiveCfg = Debug|Any CPU
		{ED88D56E-0677-4735-B083-60A46FA8CB94}.Debug|Mixed Platforms.Build.0 = Debug|Any CPU
		{ED88D56E-0677-4735-B083-60A46FA8CB94}.Debug|x64.ActiveCfg = Debug|Any CPU
		{ED88D56E-0677-4735-B083-60A46FA8CB94}.Debug|x64.Build.0 = Debug|Any CPU
		{ED88D56E-0677-4735-B083-60A46FA8CB94}.Debug|x86.ActiveCfg = Debug|Any CPU
		{ED88D56E-0677-4735-B083-60A46FA8CB94}.Debug|x86.Build.0 = Debug|Any CPU
		{ED88D56E-0677-4735-B083-60A46FA8CB94}.Release|Any CPU.ActiveCfg = Release|Any CPU
		{ED88D56E-0677-4735-B083-60A46FA8CB94}.Release|Any CPU.Build.0 = Release|Any CPU
		{ED88D56E-0677-4735-B083-60A46FA8CB94}.Release|ARM.ActiveCfg = Release|Any CPU
		{ED88D56E-0677-4735-B083-60A46FA8CB94}.Release|ARM.Build.0 = Release|Any CPU
		{ED88D56E-0677-4735-B083-60A46FA8CB94}.Release|iPhone.ActiveCfg = Release|Any CPU
		{ED88D56E-0677-4735-B083-60A46FA8CB94}.Release|iPhone.Build.0 = Release|Any CPU
		{ED88D56E-0677-4735-B083-60A46FA8CB94}.Release|iPhoneSimulator.ActiveCfg = Release|Any CPU
		{ED88D56E-0677-4735-B083-60A46FA8CB94}.Release|iPhoneSimulator.Build.0 = Release|Any CPU
		{ED88D56E-0677-4735-B083-60A46FA8CB94}.Release|Mixed Platforms.ActiveCfg = Release|Any CPU
		{ED88D56E-0677-4735-B083-60A46FA8CB94}.Release|Mixed Platforms.Build.0 = Release|Any CPU
		{ED88D56E-0677-4735-B083-60A46FA8CB94}.Release|x64.ActiveCfg = Release|Any CPU
		{ED88D56E-0677-4735-B083-60A46FA8CB94}.Release|x64.Build.0 = Release|Any CPU
		{ED88D56E-0677-4735-B083-60A46FA8CB94}.Release|x86.ActiveCfg = Release|Any CPU
		{ED88D56E-0677-4735-B083-60A46FA8CB94}.Release|x86.Build.0 = Release|Any CPU
	EndGlobalSection
	GlobalSection(SolutionProperties) = preSolution
		HideSolutionNode = FALSE
	EndGlobalSection
	GlobalSection(NestedProjects) = preSolution
		{EDE30D4F-FC0D-458A-A358-A745FC138DF3} = {A33C8CED-B821-4E4B-B363-FDBA9F85AF54}
		{87580927-9F8E-42AE-BDFE-35F95ABF17D8} = {A33C8CED-B821-4E4B-B363-FDBA9F85AF54}
		{15BE2387-8E72-4C0B-8A6A-460EF5FA4539} = {A33C8CED-B821-4E4B-B363-FDBA9F85AF54}
		{08470E0D-EB43-4E07-92F4-020DF019F628} = {A33C8CED-B821-4E4B-B363-FDBA9F85AF54}
		{18B5054D-6035-40DB-B1AE-3E4FDE8DB6E9} = {A33C8CED-B821-4E4B-B363-FDBA9F85AF54}
		{5F4A04D8-7E74-44BB-8F5C-D9A6CFE93AED} = {A33C8CED-B821-4E4B-B363-FDBA9F85AF54}
		{C4202AC1-1027-4737-8215-16182421E342} = {A33C8CED-B821-4E4B-B363-FDBA9F85AF54}
		{D07C6FC6-6860-495C-9BC8-0F731C74AE2F} = {A33C8CED-B821-4E4B-B363-FDBA9F85AF54}
		{67F9D3A8-F71E-4428-913F-C37AE82CDB24} = {77759364-0202-40B6-A285-6FD5490858D4}
		{7666F0AB-7493-49F2-82B0-7D51A0250FC9} = {77759364-0202-40B6-A285-6FD5490858D4}
		{C5DD0133-9A66-4489-91C3-745D6ED5FFE5} = {77759364-0202-40B6-A285-6FD5490858D4}
		{D77B034E-C3F0-4DA3-B193-9F4EB2C0CDE2} = {77759364-0202-40B6-A285-6FD5490858D4}
		{73188683-2FCC-4AEE-8A30-E30E1532D6CF} = {77759364-0202-40B6-A285-6FD5490858D4}
		{9EE3F977-6715-4509-8FE8-B862158AA293} = {77759364-0202-40B6-A285-6FD5490858D4}
		{3EBB5946-5B7E-4EB3-8E3A-4FEE91D69ED6} = {C1AFC24F-8A5D-4AAF-938E-C61212111835}
		{6397C9BB-4FCF-4484-923B-A36093A4253D} = {C1AFC24F-8A5D-4AAF-938E-C61212111835}
		{ED88D56E-0677-4735-B083-60A46FA8CB94} = {C1AFC24F-8A5D-4AAF-938E-C61212111835}
	EndGlobalSection
	GlobalSection(ExtensibilityGlobals) = postSolution
		SolutionGuid = {CAC9863C-8EBE-40AB-B172-763A3E873867}
	EndGlobalSection
EndGlobal
