
Microsoft Visual Studio Solution File, Format Version 12.00
# Visual Studio 14
VisualStudioVersion = 14.0.25420.1
MinimumVisualStudioVersion = 10.0.40219.1
Project("{FAE04EC0-301F-11D3-BF4B-00C04F79EFBC}") = "Xamarin.Auth.Portable", "Xamarin.Auth.Portable\Xamarin.Auth.Portable.csproj", "{87580927-9F8E-42AE-BDFE-35F95ABF17D8}"
EndProject
Project("{FAE04EC0-301F-11D3-BF4B-00C04F79EFBC}") = "Xamarin.Auth.XamarinAndroid", "Xamarin.Auth.XamarinAndroid\Xamarin.Auth.XamarinAndroid.csproj", "{47EC107C-EBB2-4676-82DB-F77B7BFC17AC}"
EndProject
Project("{FAE04EC0-301F-11D3-BF4B-00C04F79EFBC}") = "Xamarin.Auth.XamarinIOS", "Xamarin.Auth.XamarinIOS\Xamarin.Auth.XamarinIOS.csproj", "{15BE2387-8E72-4C0B-8A6A-460EF5FA4539}"
EndProject
Project("{FAE04EC0-301F-11D3-BF4B-00C04F79EFBC}") = "Xamarin.Auth.WindowsPhone8", "Xamarin.Auth.WindowsPhone8\Xamarin.Auth.WindowsPhone8.csproj", "{08470E0D-EB43-4E07-92F4-020DF019F628}"
EndProject
Project("{FAE04EC0-301F-11D3-BF4B-00C04F79EFBC}") = "Xamarin.Auth.Windows81Universal", "Xamarin.Auth.Windows81Universal\Xamarin.Auth.Windows81Universal.csproj", "{5F4A04D8-7E74-44BB-8F5C-D9A6CFE93AED}"
EndProject
Project("{FAE04EC0-301F-11D3-BF4B-00C04F79EFBC}") = "Xamarin.Auth.UniversalWindowsPlatform", "Xamarin.Auth.UniversalWindowsPlatform\Xamarin.Auth.UniversalWindowsPlatform.csproj", "{2D712AA6-7697-4F4D-B5F1-AA03476F59A7}"
EndProject
Project("{2150E333-8FDC-42A3-9474-1A3956D46DE8}") = "Xamarin.Forms", "Xamarin.Forms", "{77759364-0202-40B6-A285-6FD5490858D4}"
EndProject
Project("{FAE04EC0-301F-11D3-BF4B-00C04F79EFBC}") = "Xamarin.Auth.Forms", "XamarinForms\Xamarin.Auth.Forms\Xamarin.Auth.Forms.csproj", "{67F9D3A8-F71E-4428-913F-C37AE82CDB24}"
EndProject
Project("{FAE04EC0-301F-11D3-BF4B-00C04F79EFBC}") = "Xamarin.Auth.Forms.Droid", "XamarinForms\Xamarin.Auth.Forms.Droid\Xamarin.Auth.Forms.Droid.csproj", "{1B702A60-3D89-4183-B251-4A07388DCCB5}"
EndProject
Project("{FAE04EC0-301F-11D3-BF4B-00C04F79EFBC}") = "Xamarin.Auth.Forms.iOS", "XamarinForms\Xamarin.Auth.Forms.iOS\Xamarin.Auth.Forms.iOS.csproj", "{7666F0AB-7493-49F2-82B0-7D51A0250FC9}"
EndProject
Project("{FAE04EC0-301F-11D3-BF4B-00C04F79EFBC}") = "Xamarin.Auth.Forms.WindowsPhone8", "XamarinForms\Xamarin.Auth.Forms.WindowsPhone8\Xamarin.Auth.Forms.WindowsPhone8.csproj", "{C5DD0133-9A66-4489-91C3-745D6ED5FFE5}"
EndProject
Project("{2150E333-8FDC-42A3-9474-1A3956D46DE8}") = "Extensions", "Extensions", "{C1AFC24F-8A5D-4AAF-938E-C61212111835}"
EndProject
Project("{FAE04EC0-301F-11D3-BF4B-00C04F79EFBC}") = "Xamarin.Auth.Forms.UniversalWindowsPlatform", "XamarinForms\Xamarin.Auth.Forms.UniversalWindowsPlatform\Xamarin.Auth.Forms.UniversalWindowsPlatform.csproj", "{EF012647-F313-4DBF-BA34-F8F6190E4906}"
EndProject
Project("{FAE04EC0-301F-11D3-BF4B-00C04F79EFBC}") = "Xamarin.Auth.Forms.WinRTWindows81", "XamarinForms\Xamarin.Auth.Forms.WinRTWindows81\Xamarin.Auth.Forms.WinRTWindows81.csproj", "{9EE3F977-6715-4509-8FE8-B862158AA293}"
EndProject
Project("{FAE04EC0-301F-11D3-BF4B-00C04F79EFBC}") = "Xamarin.Auth.Forms.WinRTWindowsPhone81", "XamarinForms\Xamarin.Auth.Forms.WinRTWindowsPhone81\Xamarin.Auth.Forms.WinRTWindowsPhone81.csproj", "{73188683-2FCC-4AEE-8A30-E30E1532D6CF}"
EndProject
Project("{D954291E-2A0B-460D-934E-DC6B0785DB48}") = "Xamarin.Auth.LinkSource", "Xamarin.Auth.LinkSource\Xamarin.Auth.LinkSource.shproj", "{A2635368-7A7E-4321-BD02-CEBC0744E28F}"
EndProject
Project("{D954291E-2A0B-460D-934E-DC6B0785DB48}") = "Xamarin.Auth.Windows.LinkSource", "Xamarin.Auth.Windows.LinkSource\Xamarin.Auth.Windows.LinkSource.shproj", "{15FD0F5A-54BC-482B-B4D4-33C575733ECF}"
EndProject
Project("{D954291E-2A0B-460D-934E-DC6B0785DB48}") = "Xamarin.Auth.Extensions.LinkSource", "Extensions\Xamarin.Auth.Extensions.LinkSource\Xamarin.Auth.Extensions.LinkSource.shproj", "{DF8D8D4D-1261-4846-9CB0-7C95DDB16069}"
EndProject
Project("{FAE04EC0-301F-11D3-BF4B-00C04F79EFBC}") = "Xamarin.Auth.Extensions.Portable", "Extensions\Xamarin.Auth.Extensions.Portable\Xamarin.Auth.Extensions.Portable.csproj", "{6397C9BB-4FCF-4484-923B-A36093A4253D}"
EndProject
Project("{D954291E-2A0B-460D-934E-DC6B0785DB48}") = "Xamarin.Auth.Forms.LinkSource", "XamarinForms\Xamarin.Auth.Forms.LinkSource\Xamarin.Auth.Forms.LinkSource.shproj", "{7A854FC7-810B-4FD1-AC34-453F58544B27}"
EndProject
Global
	GlobalSection(SharedMSBuildProjectFiles) = preSolution
		Xamarin.Auth.LinkSource\Xamarin.Auth.LinkSource.projitems*{08470e0d-eb43-4e07-92f4-020df019f628}*SharedItemsImports = 4
		Xamarin.Auth.LinkSource\Xamarin.Auth.LinkSource.projitems*{15be2387-8e72-4c0b-8a6a-460ef5fa4539}*SharedItemsImports = 4
		Xamarin.Auth.Windows.LinkSource\Xamarin.Auth.Windows.LinkSource.projitems*{15fd0f5a-54bc-482b-b4d4-33c575733ecf}*SharedItemsImports = 13
		XamarinForms\Xamarin.Auth.Forms.LinkSource\Xamarin.Auth.Forms.LinkSource.projitems*{1b702a60-3d89-4183-b251-4a07388dccb5}*SharedItemsImports = 4
		Xamarin.Auth.LinkSource\Xamarin.Auth.LinkSource.projitems*{2d712aa6-7697-4f4d-b5f1-aa03476f59a7}*SharedItemsImports = 4
		Xamarin.Auth.Windows.LinkSource\Xamarin.Auth.Windows.LinkSource.projitems*{2d712aa6-7697-4f4d-b5f1-aa03476f59a7}*SharedItemsImports = 4
		Xamarin.Auth.LinkSource\Xamarin.Auth.LinkSource.projitems*{47ec107c-ebb2-4676-82db-f77b7bfc17ac}*SharedItemsImports = 4
		Xamarin.Auth.LinkSource\Xamarin.Auth.LinkSource.projitems*{5f4a04d8-7e74-44bb-8f5c-d9a6cfe93aed}*SharedItemsImports = 4
		Xamarin.Auth.Windows.LinkSource\Xamarin.Auth.Windows.LinkSource.projitems*{5f4a04d8-7e74-44bb-8f5c-d9a6cfe93aed}*SharedItemsImports = 4
		Extensions\Xamarin.Auth.Extensions.LinkSource\Xamarin.Auth.Extensions.LinkSource.projitems*{6397c9bb-4fcf-4484-923b-a36093a4253d}*SharedItemsImports = 4
		XamarinForms\Xamarin.Auth.Forms.LinkSource\Xamarin.Auth.Forms.LinkSource.projitems*{67f9d3a8-f71e-4428-913f-c37ae82cdb24}*SharedItemsImports = 4
		XamarinForms\Xamarin.Auth.Forms.LinkSource\Xamarin.Auth.Forms.LinkSource.projitems*{73188683-2fcc-4aee-8a30-e30e1532d6cf}*SharedItemsImports = 4
		XamarinForms\Xamarin.Auth.Forms.LinkSource\Xamarin.Auth.Forms.LinkSource.projitems*{7666f0ab-7493-49f2-82b0-7d51a0250fc9}*SharedItemsImports = 4
		XamarinForms\Xamarin.Auth.Forms.LinkSource\Xamarin.Auth.Forms.LinkSource.projitems*{7a854fc7-810b-4fd1-ac34-453f58544b27}*SharedItemsImports = 13
		Xamarin.Auth.LinkSource\Xamarin.Auth.LinkSource.projitems*{87580927-9f8e-42ae-bdfe-35f95abf17d8}*SharedItemsImports = 4
		XamarinForms\Xamarin.Auth.Forms.LinkSource\Xamarin.Auth.Forms.LinkSource.projitems*{9ee3f977-6715-4509-8fe8-b862158aa293}*SharedItemsImports = 4
		Xamarin.Auth.LinkSource\Xamarin.Auth.LinkSource.projitems*{a2635368-7a7e-4321-bd02-cebc0744e28f}*SharedItemsImports = 13
		XamarinForms\Xamarin.Auth.Forms.LinkSource\Xamarin.Auth.Forms.LinkSource.projitems*{c5dd0133-9a66-4489-91c3-745d6ed5ffe5}*SharedItemsImports = 4
		Extensions\Xamarin.Auth.Extensions.LinkSource\Xamarin.Auth.Extensions.LinkSource.projitems*{df8d8d4d-1261-4846-9cb0-7c95ddb16069}*SharedItemsImports = 13
		XamarinForms\Xamarin.Auth.Forms.LinkSource\Xamarin.Auth.Forms.LinkSource.projitems*{ef012647-f313-4dbf-ba34-f8f6190e4906}*SharedItemsImports = 4
	EndGlobalSection
	GlobalSection(SolutionConfigurationPlatforms) = preSolution
		Debug|Any CPU = Debug|Any CPU
		Release|Any CPU = Release|Any CPU
	EndGlobalSection
	GlobalSection(ProjectConfigurationPlatforms) = postSolution
		{87580927-9F8E-42AE-BDFE-35F95ABF17D8}.Debug|Any CPU.ActiveCfg = Debug|Any CPU
		{87580927-9F8E-42AE-BDFE-35F95ABF17D8}.Debug|Any CPU.Build.0 = Debug|Any CPU
		{87580927-9F8E-42AE-BDFE-35F95ABF17D8}.Release|Any CPU.ActiveCfg = Release|Any CPU
		{87580927-9F8E-42AE-BDFE-35F95ABF17D8}.Release|Any CPU.Build.0 = Release|Any CPU
		{47EC107C-EBB2-4676-82DB-F77B7BFC17AC}.Debug|Any CPU.ActiveCfg = Debug|Any CPU
		{47EC107C-EBB2-4676-82DB-F77B7BFC17AC}.Debug|Any CPU.Build.0 = Debug|Any CPU
		{47EC107C-EBB2-4676-82DB-F77B7BFC17AC}.Release|Any CPU.ActiveCfg = Release|Any CPU
		{47EC107C-EBB2-4676-82DB-F77B7BFC17AC}.Release|Any CPU.Build.0 = Release|Any CPU
		{15BE2387-8E72-4C0B-8A6A-460EF5FA4539}.Debug|Any CPU.ActiveCfg = Debug|Any CPU
		{15BE2387-8E72-4C0B-8A6A-460EF5FA4539}.Debug|Any CPU.Build.0 = Debug|Any CPU
		{15BE2387-8E72-4C0B-8A6A-460EF5FA4539}.Release|Any CPU.ActiveCfg = Release|Any CPU
		{15BE2387-8E72-4C0B-8A6A-460EF5FA4539}.Release|Any CPU.Build.0 = Release|Any CPU
		{08470E0D-EB43-4E07-92F4-020DF019F628}.Debug|Any CPU.ActiveCfg = Debug|Any CPU
		{08470E0D-EB43-4E07-92F4-020DF019F628}.Debug|Any CPU.Build.0 = Debug|Any CPU
		{08470E0D-EB43-4E07-92F4-020DF019F628}.Release|Any CPU.ActiveCfg = Release|Any CPU
		{08470E0D-EB43-4E07-92F4-020DF019F628}.Release|Any CPU.Build.0 = Release|Any CPU
		{5F4A04D8-7E74-44BB-8F5C-D9A6CFE93AED}.Debug|Any CPU.ActiveCfg = Debug|Any CPU
		{5F4A04D8-7E74-44BB-8F5C-D9A6CFE93AED}.Debug|Any CPU.Build.0 = Debug|Any CPU
		{5F4A04D8-7E74-44BB-8F5C-D9A6CFE93AED}.Release|Any CPU.ActiveCfg = Release|Any CPU
		{5F4A04D8-7E74-44BB-8F5C-D9A6CFE93AED}.Release|Any CPU.Build.0 = Release|Any CPU
		{2D712AA6-7697-4F4D-B5F1-AA03476F59A7}.Debug|Any CPU.ActiveCfg = Debug|Any CPU
		{2D712AA6-7697-4F4D-B5F1-AA03476F59A7}.Debug|Any CPU.Build.0 = Debug|Any CPU
		{2D712AA6-7697-4F4D-B5F1-AA03476F59A7}.Release|Any CPU.ActiveCfg = Release|Any CPU
		{2D712AA6-7697-4F4D-B5F1-AA03476F59A7}.Release|Any CPU.Build.0 = Release|Any CPU
		{67F9D3A8-F71E-4428-913F-C37AE82CDB24}.Debug|Any CPU.ActiveCfg = Debug|Any CPU
		{67F9D3A8-F71E-4428-913F-C37AE82CDB24}.Debug|Any CPU.Build.0 = Debug|Any CPU
		{67F9D3A8-F71E-4428-913F-C37AE82CDB24}.Release|Any CPU.ActiveCfg = Release|Any CPU
		{67F9D3A8-F71E-4428-913F-C37AE82CDB24}.Release|Any CPU.Build.0 = Release|Any CPU
		{1B702A60-3D89-4183-B251-4A07388DCCB5}.Debug|Any CPU.ActiveCfg = Debug|Any CPU
		{1B702A60-3D89-4183-B251-4A07388DCCB5}.Debug|Any CPU.Build.0 = Debug|Any CPU
		{1B702A60-3D89-4183-B251-4A07388DCCB5}.Release|Any CPU.ActiveCfg = Release|Any CPU
		{1B702A60-3D89-4183-B251-4A07388DCCB5}.Release|Any CPU.Build.0 = Release|Any CPU
		{7666F0AB-7493-49F2-82B0-7D51A0250FC9}.Debug|Any CPU.ActiveCfg = Debug|Any CPU
		{7666F0AB-7493-49F2-82B0-7D51A0250FC9}.Debug|Any CPU.Build.0 = Debug|Any CPU
		{7666F0AB-7493-49F2-82B0-7D51A0250FC9}.Release|Any CPU.ActiveCfg = Release|Any CPU
		{7666F0AB-7493-49F2-82B0-7D51A0250FC9}.Release|Any CPU.Build.0 = Release|Any CPU
		{C5DD0133-9A66-4489-91C3-745D6ED5FFE5}.Debug|Any CPU.ActiveCfg = Debug|Any CPU
		{C5DD0133-9A66-4489-91C3-745D6ED5FFE5}.Debug|Any CPU.Build.0 = Debug|Any CPU
		{C5DD0133-9A66-4489-91C3-745D6ED5FFE5}.Release|Any CPU.ActiveCfg = Release|Any CPU
		{C5DD0133-9A66-4489-91C3-745D6ED5FFE5}.Release|Any CPU.Build.0 = Release|Any CPU
		{EF012647-F313-4DBF-BA34-F8F6190E4906}.Debug|Any CPU.ActiveCfg = Debug|Any CPU
		{EF012647-F313-4DBF-BA34-F8F6190E4906}.Debug|Any CPU.Build.0 = Debug|Any CPU
		{EF012647-F313-4DBF-BA34-F8F6190E4906}.Release|Any CPU.ActiveCfg = Release|Any CPU
		{EF012647-F313-4DBF-BA34-F8F6190E4906}.Release|Any CPU.Build.0 = Release|Any CPU
		{9EE3F977-6715-4509-8FE8-B862158AA293}.Debug|Any CPU.ActiveCfg = Debug|Any CPU
		{9EE3F977-6715-4509-8FE8-B862158AA293}.Debug|Any CPU.Build.0 = Debug|Any CPU
		{9EE3F977-6715-4509-8FE8-B862158AA293}.Release|Any CPU.ActiveCfg = Release|Any CPU
		{9EE3F977-6715-4509-8FE8-B862158AA293}.Release|Any CPU.Build.0 = Release|Any CPU
		{73188683-2FCC-4AEE-8A30-E30E1532D6CF}.Debug|Any CPU.ActiveCfg = Debug|Any CPU
		{73188683-2FCC-4AEE-8A30-E30E1532D6CF}.Debug|Any CPU.Build.0 = Debug|Any CPU
		{73188683-2FCC-4AEE-8A30-E30E1532D6CF}.Release|Any CPU.ActiveCfg = Release|Any CPU
		{73188683-2FCC-4AEE-8A30-E30E1532D6CF}.Release|Any CPU.Build.0 = Release|Any CPU
		{6397C9BB-4FCF-4484-923B-A36093A4253D}.Debug|Any CPU.ActiveCfg = Debug|Any CPU
		{6397C9BB-4FCF-4484-923B-A36093A4253D}.Debug|Any CPU.Build.0 = Debug|Any CPU
		{6397C9BB-4FCF-4484-923B-A36093A4253D}.Release|Any CPU.ActiveCfg = Release|Any CPU
		{6397C9BB-4FCF-4484-923B-A36093A4253D}.Release|Any CPU.Build.0 = Release|Any CPU
	EndGlobalSection
	GlobalSection(SolutionProperties) = preSolution
		HideSolutionNode = FALSE
	EndGlobalSection
	GlobalSection(NestedProjects) = preSolution
		{67F9D3A8-F71E-4428-913F-C37AE82CDB24} = {77759364-0202-40B6-A285-6FD5490858D4}
		{1B702A60-3D89-4183-B251-4A07388DCCB5} = {77759364-0202-40B6-A285-6FD5490858D4}
		{7666F0AB-7493-49F2-82B0-7D51A0250FC9} = {77759364-0202-40B6-A285-6FD5490858D4}
		{C5DD0133-9A66-4489-91C3-745D6ED5FFE5} = {77759364-0202-40B6-A285-6FD5490858D4}
		{EF012647-F313-4DBF-BA34-F8F6190E4906} = {77759364-0202-40B6-A285-6FD5490858D4}
		{9EE3F977-6715-4509-8FE8-B862158AA293} = {77759364-0202-40B6-A285-6FD5490858D4}
		{73188683-2FCC-4AEE-8A30-E30E1532D6CF} = {77759364-0202-40B6-A285-6FD5490858D4}
		{DF8D8D4D-1261-4846-9CB0-7C95DDB16069} = {C1AFC24F-8A5D-4AAF-938E-C61212111835}
		{6397C9BB-4FCF-4484-923B-A36093A4253D} = {C1AFC24F-8A5D-4AAF-938E-C61212111835}
		{7A854FC7-810B-4FD1-AC34-453F58544B27} = {77759364-0202-40B6-A285-6FD5490858D4}
	EndGlobalSection
EndGlobal
